// !$*UTF8*$!
{
	archiveVersion = 1;
	classes = {
	};
	objectVersion = 46;
	objects = {

/* Begin PBXBuildFile section */
		78049F311F307C5C009CE88A /* IjinbuResponseModel.m in Sources */ = {isa = PBXBuildFile; fileRef = 78049F2B1F307C5C009CE88A /* IjinbuResponseModel.m */; };
		78049F321F307C5C009CE88A /* IjinbuSession.m in Sources */ = {isa = PBXBuildFile; fileRef = 78049F2E1F307C5C009CE88A /* IjinbuSession.m */; };
		78049F331F307C5C009CE88A /* IjinbuUser.m in Sources */ = {isa = PBXBuildFile; fileRef = 78049F301F307C5C009CE88A /* IjinbuUser.m */; };
		78049F391F307CAF009CE88A /* CJResponseModel.m in Sources */ = {isa = PBXBuildFile; fileRef = 78049F381F307CAF009CE88A /* CJResponseModel.m */; };
		780B38561E93BD00005E8D63 /* MQLResumeManager.m in Sources */ = {isa = PBXBuildFile; fileRef = 780B384D1E93BD00005E8D63 /* MQLResumeManager.m */; };
		780B38571E93BD00005E8D63 /* HSDownloadManager.m in Sources */ = {isa = PBXBuildFile; fileRef = 780B38501E93BD00005E8D63 /* HSDownloadManager.m */; };
		780B38581E93BD00005E8D63 /* HSSessionModel.m in Sources */ = {isa = PBXBuildFile; fileRef = 780B38521E93BD00005E8D63 /* HSSessionModel.m */; };
		780B38591E93BD00005E8D63 /* NSString+Hash.m in Sources */ = {isa = PBXBuildFile; fileRef = 780B38551E93BD00005E8D63 /* NSString+Hash.m */; };
		78193C0F1E95FCE300638145 /* CheckVersionNetworkClient.m in Sources */ = {isa = PBXBuildFile; fileRef = 78193C0C1E95FCE300638145 /* CheckVersionNetworkClient.m */; };
		78193C101E95FCE300638145 /* CheckVersionNetworkClientHTTPSessionManager.m in Sources */ = {isa = PBXBuildFile; fileRef = 78193C0E1E95FCE300638145 /* CheckVersionNetworkClientHTTPSessionManager.m */; };
		78193C411E96181F00638145 /* CJNetworkMonitor.m in Sources */ = {isa = PBXBuildFile; fileRef = 78193C341E96181F00638145 /* CJNetworkMonitor.m */; };
		78193C761E961EB800638145 /* DingdangHTTPSessionManager.m in Sources */ = {isa = PBXBuildFile; fileRef = 78193C511E961EB800638145 /* DingdangHTTPSessionManager.m */; };
		78193C771E961EB800638145 /* DingdangNetworkClient.m in Sources */ = {isa = PBXBuildFile; fileRef = 78193C531E961EB800638145 /* DingdangNetworkClient.m */; };
		78193C781E961EB800638145 /* HealthyHTTPSessionManager.m in Sources */ = {isa = PBXBuildFile; fileRef = 78193C561E961EB800638145 /* HealthyHTTPSessionManager.m */; };
		78193C791E961EB800638145 /* HealthyNetworkClient.m in Sources */ = {isa = PBXBuildFile; fileRef = 78193C581E961EB800638145 /* HealthyNetworkClient.m */; };
		78193C7A1E961EB800638145 /* IjinbuHTTPSessionManager.m in Sources */ = {isa = PBXBuildFile; fileRef = 78193C5B1E961EB800638145 /* IjinbuHTTPSessionManager.m */; };
		78193C7B1E961EB800638145 /* IjinbuNetworkClient+Login.m in Sources */ = {isa = PBXBuildFile; fileRef = 78193C5D1E961EB800638145 /* IjinbuNetworkClient+Login.m */; };
		78193C7C1E961EB800638145 /* IjinbuNetworkClient+UploadFile.m in Sources */ = {isa = PBXBuildFile; fileRef = 78193C5F1E961EB800638145 /* IjinbuNetworkClient+UploadFile.m */; };
		78193C7D1E961EB800638145 /* IjinbuNetworkClient.m in Sources */ = {isa = PBXBuildFile; fileRef = 78193C611E961EB800638145 /* IjinbuNetworkClient.m */; };
		78193C801E961EB800638145 /* CJImageUploadItem.m in Sources */ = {isa = PBXBuildFile; fileRef = 78193C681E961EB800638145 /* CJImageUploadItem.m */; };
		78193C811E961EB800638145 /* CJUploadItemResult.m in Sources */ = {isa = PBXBuildFile; fileRef = 78193C6A1E961EB800638145 /* CJUploadItemResult.m */; };
		78193C821E961EB800638145 /* CJUploadVideoItem.m in Sources */ = {isa = PBXBuildFile; fileRef = 78193C6C1E961EB800638145 /* CJUploadVideoItem.m */; };
		78193C831E961EB800638145 /* IjinbuUploadItemRequest.m in Sources */ = {isa = PBXBuildFile; fileRef = 78193C6E1E961EB800638145 /* IjinbuUploadItemRequest.m */; };
		78193C851E961EB800638145 /* TestHTTPSessionManager.m in Sources */ = {isa = PBXBuildFile; fileRef = 78193C731E961EB800638145 /* TestHTTPSessionManager.m */; };
		78193C861E961EB800638145 /* TestNetworkClient.m in Sources */ = {isa = PBXBuildFile; fileRef = 78193C751E961EB800638145 /* TestNetworkClient.m */; };
		783286251F44C98300A67E4D /* CJCacheManager.m in Sources */ = {isa = PBXBuildFile; fileRef = 7832861A1F44C98300A67E4D /* CJCacheManager.m */; };
		783286261F44C98300A67E4D /* CJCacheDataModel.m in Sources */ = {isa = PBXBuildFile; fileRef = 7832861D1F44C98300A67E4D /* CJCacheDataModel.m */; };
		783286271F44C98300A67E4D /* CJDataDiskManager.m in Sources */ = {isa = PBXBuildFile; fileRef = 783286201F44C98300A67E4D /* CJDataDiskManager.m */; };
		783286281F44C98300A67E4D /* CJDataMemoryCacheManager.m in Sources */ = {isa = PBXBuildFile; fileRef = 783286221F44C98300A67E4D /* CJDataMemoryCacheManager.m */; };
		783286291F44C98300A67E4D /* CJDataMemoryDictionaryManager.m in Sources */ = {isa = PBXBuildFile; fileRef = 783286241F44C98300A67E4D /* CJDataMemoryDictionaryManager.m */; };
		7846162E1F532A7C0053AC03 /* AFHTTPSessionManager+CJUploadFile.m in Sources */ = {isa = PBXBuildFile; fileRef = 7846161E1F532A7C0053AC03 /* AFHTTPSessionManager+CJUploadFile.m */; };
		7846162F1F532A7C0053AC03 /* AFNetworkingUploadUtil.m in Sources */ = {isa = PBXBuildFile; fileRef = 784616201F532A7C0053AC03 /* AFNetworkingUploadUtil.m */; };
		784616301F532A7C0053AC03 /* CJBaseUploadItem.m in Sources */ = {isa = PBXBuildFile; fileRef = 784616231F532A7C0053AC03 /* CJBaseUploadItem.m */; };
		784616311F532A7C0053AC03 /* CJUploadInfo.m in Sources */ = {isa = PBXBuildFile; fileRef = 784616251F532A7C0053AC03 /* CJUploadInfo.m */; };
		784616321F532A7C0053AC03 /* CJUploadItemModel.m in Sources */ = {isa = PBXBuildFile; fileRef = 784616271F532A7C0053AC03 /* CJUploadItemModel.m */; };
		784616331F532A7C0053AC03 /* CJUploadProgressView.m in Sources */ = {isa = PBXBuildFile; fileRef = 7846162B1F532A7C0053AC03 /* CJUploadProgressView.m */; };
		784616341F532A7C0053AC03 /* UIView+AFNetworkingUpload.m in Sources */ = {isa = PBXBuildFile; fileRef = 7846162D1F532A7C0053AC03 /* UIView+AFNetworkingUpload.m */; };
		784616431F5338B90053AC03 /* AFHTTPSessionManager+CJCacheRequest.m in Sources */ = {isa = PBXBuildFile; fileRef = 784616371F5338B90053AC03 /* AFHTTPSessionManager+CJCacheRequest.m */; };
		784616441F5338B90053AC03 /* CJJSONResponseSerializer.m in Sources */ = {isa = PBXBuildFile; fileRef = 7846163B1F5338B90053AC03 /* CJJSONResponseSerializer.m */; };
		784616451F5338B90053AC03 /* NSString+URLEncoding.m in Sources */ = {isa = PBXBuildFile; fileRef = 7846163D1F5338B90053AC03 /* NSString+URLEncoding.m */; };
		784616461F5338B90053AC03 /* NSURLSessionTask+CJErrorMessage.m in Sources */ = {isa = PBXBuildFile; fileRef = 784616401F5338B90053AC03 /* NSURLSessionTask+CJErrorMessage.m */; };
		784616471F5338B90053AC03 /* CJRequestCacheDataUtil.m in Sources */ = {isa = PBXBuildFile; fileRef = 784616421F5338B90053AC03 /* CJRequestCacheDataUtil.m */; };
		7846164B1F533D070053AC03 /* CJObjectConvertUtil.m in Sources */ = {isa = PBXBuildFile; fileRef = 7846164A1F533D070053AC03 /* CJObjectConvertUtil.m */; };
		7846164F1F533F870053AC03 /* AFHTTPSessionManager+CJCheckVersion.m in Sources */ = {isa = PBXBuildFile; fileRef = 7846164E1F533F870053AC03 /* AFHTTPSessionManager+CJCheckVersion.m */; };
		784C15451E8E2CC50019D652 /* DownloadListViewController.m in Sources */ = {isa = PBXBuildFile; fileRef = 784C15401E8E2CC50019D652 /* DownloadListViewController.m */; };
		784C15461E8E2CC50019D652 /* DownloadListViewController.xib in Resources */ = {isa = PBXBuildFile; fileRef = 784C15411E8E2CC50019D652 /* DownloadListViewController.xib */; };
		784C15471E8E2CC50019D652 /* DownloadTableViewCell.m in Sources */ = {isa = PBXBuildFile; fileRef = 784C15431E8E2CC50019D652 /* DownloadTableViewCell.m */; };
		784C15481E8E2CC50019D652 /* DownloadTableViewCell.xib in Resources */ = {isa = PBXBuildFile; fileRef = 784C15441E8E2CC50019D652 /* DownloadTableViewCell.xib */; };
		784C15541E8E2D040019D652 /* AFDownloadViewController.m in Sources */ = {isa = PBXBuildFile; fileRef = 784C154B1E8E2D040019D652 /* AFDownloadViewController.m */; };
		784C15551E8E2D040019D652 /* BaseDownloadViewController.m in Sources */ = {isa = PBXBuildFile; fileRef = 784C154D1E8E2D040019D652 /* BaseDownloadViewController.m */; };
		784C15561E8E2D040019D652 /* BaseDownloadViewController.xib in Resources */ = {isa = PBXBuildFile; fileRef = 784C154E1E8E2D040019D652 /* BaseDownloadViewController.xib */; };
		784C15571E8E2D040019D652 /* SessionDataTaskDownloadViewController.m in Sources */ = {isa = PBXBuildFile; fileRef = 784C15501E8E2D040019D652 /* SessionDataTaskDownloadViewController.m */; };
		784C15581E8E2D040019D652 /* SessionDownloadTaskDownloadViewController.m in Sources */ = {isa = PBXBuildFile; fileRef = 784C15521E8E2D040019D652 /* SessionDownloadTaskDownloadViewController.m */; };
		784C15591E8E2D040019D652 /* SessionDownloadTaskDownloadViewController.xib in Resources */ = {isa = PBXBuildFile; fileRef = 784C15531E8E2D040019D652 /* SessionDownloadTaskDownloadViewController.xib */; };
		784C155D1E8E2DB60019D652 /* DownloadHomeViewController.m in Sources */ = {isa = PBXBuildFile; fileRef = 784C155B1E8E2DB60019D652 /* DownloadHomeViewController.m */; };
		784C155E1E8E2DB60019D652 /* DownloadHomeViewController.xib in Resources */ = {isa = PBXBuildFile; fileRef = 784C155C1E8E2DB60019D652 /* DownloadHomeViewController.xib */; };
		78590B8A1E091129000F80EF /* AccountInfo.m in Sources */ = {isa = PBXBuildFile; fileRef = 78590B891E091129000F80EF /* AccountInfo.m */; };
		786E064F1F4DBFDC0049C736 /* CJRequestUtil.m in Sources */ = {isa = PBXBuildFile; fileRef = 786E064E1F4DBFDC0049C736 /* CJRequestUtil.m */; };
		78AB6B1D1C01CDD2004404A9 /* Login.storyboard in Resources */ = {isa = PBXBuildFile; fileRef = 78AB6B1C1C01CDD2004404A9 /* Login.storyboard */; };
		78D0A5B21E94FCAD00337381 /* UploadViewController.m in Sources */ = {isa = PBXBuildFile; fileRef = 78D0A5B01E94FCAD00337381 /* UploadViewController.m */; };
		78D0A5B31E94FCAD00337381 /* UploadViewController.xib in Resources */ = {isa = PBXBuildFile; fileRef = 78D0A5B11E94FCAD00337381 /* UploadViewController.xib */; };
		78D0A5B91E95064D00337381 /* op1.jpg in Resources */ = {isa = PBXBuildFile; fileRef = 78D0A5B81E95064D00337381 /* op1.jpg */; };
		801531B11B78675400B82127 /* AFNDemoViewController.m in Sources */ = {isa = PBXBuildFile; fileRef = 801531A81B78675400B82127 /* AFNDemoViewController.m */; };
		801531B21B78675400B82127 /* AFNDemoViewController.xib in Resources */ = {isa = PBXBuildFile; fileRef = 801531A91B78675400B82127 /* AFNDemoViewController.xib */; };
		801531B31B78675400B82127 /* Login+Event.m in Sources */ = {isa = PBXBuildFile; fileRef = 801531AC1B78675400B82127 /* Login+Event.m */; };
		801531B41B78675400B82127 /* Login.m in Sources */ = {isa = PBXBuildFile; fileRef = 801531AE1B78675400B82127 /* Login.m */; };
		801531B51B78675400B82127 /* LoginHelper.m in Sources */ = {isa = PBXBuildFile; fileRef = 801531B01B78675400B82127 /* LoginHelper.m */; };
		804F8FC31B3BDF4E00AF11AA /* main.m in Sources */ = {isa = PBXBuildFile; fileRef = 804F8FC21B3BDF4E00AF11AA /* main.m */; };
		804F8FC61B3BDF4E00AF11AA /* AppDelegate.m in Sources */ = {isa = PBXBuildFile; fileRef = 804F8FC51B3BDF4E00AF11AA /* AppDelegate.m */; };
		804F8FC91B3BDF4E00AF11AA /* ViewController.m in Sources */ = {isa = PBXBuildFile; fileRef = 804F8FC81B3BDF4E00AF11AA /* ViewController.m */; };
		804F8FCC1B3BDF4E00AF11AA /* Main.storyboard in Resources */ = {isa = PBXBuildFile; fileRef = 804F8FCA1B3BDF4E00AF11AA /* Main.storyboard */; };
		804F8FCE1B3BDF4E00AF11AA /* Images.xcassets in Resources */ = {isa = PBXBuildFile; fileRef = 804F8FCD1B3BDF4E00AF11AA /* Images.xcassets */; };
		804F8FD11B3BDF4E00AF11AA /* LaunchScreen.xib in Resources */ = {isa = PBXBuildFile; fileRef = 804F8FCF1B3BDF4E00AF11AA /* LaunchScreen.xib */; };
		804F8FDD1B3BDF4E00AF11AA /* CommonAFNUtilDemoTests.m in Sources */ = {isa = PBXBuildFile; fileRef = 804F8FDC1B3BDF4E00AF11AA /* CommonAFNUtilDemoTests.m */; };
		807109E61B7E17E900F343F3 /* SocketDemoViewController.m in Sources */ = {isa = PBXBuildFile; fileRef = 807109E41B7E17E900F343F3 /* SocketDemoViewController.m */; };
		807109E71B7E17E900F343F3 /* SocketDemoViewController.xib in Resources */ = {isa = PBXBuildFile; fileRef = 807109E51B7E17E900F343F3 /* SocketDemoViewController.xib */; };
		808CBA351B720C8E00EDFFB9 /* LoginShareInfo.m in Sources */ = {isa = PBXBuildFile; fileRef = 808CBA331B720C8E00EDFFB9 /* LoginShareInfo.m */; };
		9325B3927FD88FBF830525A0 /* libPods-CommonAFNUtilDemo.a in Frameworks */ = {isa = PBXBuildFile; fileRef = 06DDE5678FB698FF9D1ACC99 /* libPods-CommonAFNUtilDemo.a */; };
		9EAE19EB98284D342405A9D9 /* libPods-CommonAFNUtilDemoTests.a in Frameworks */ = {isa = PBXBuildFile; fileRef = E4A8FCC6E00473C074D62DB2 /* libPods-CommonAFNUtilDemoTests.a */; };
/* End PBXBuildFile section */

/* Begin PBXContainerItemProxy section */
		804F8FD71B3BDF4E00AF11AA /* PBXContainerItemProxy */ = {
			isa = PBXContainerItemProxy;
			containerPortal = 804F8FB51B3BDF4D00AF11AA /* Project object */;
			proxyType = 1;
			remoteGlobalIDString = 804F8FBC1B3BDF4E00AF11AA;
			remoteInfo = CommonAFNUtilDemo;
		};
/* End PBXContainerItemProxy section */

/* Begin PBXFileReference section */
		06DDE5678FB698FF9D1ACC99 /* libPods-CommonAFNUtilDemo.a */ = {isa = PBXFileReference; explicitFileType = archive.ar; includeInIndex = 0; path = "libPods-CommonAFNUtilDemo.a"; sourceTree = BUILT_PRODUCTS_DIR; };
		4204150C2F919C31E2F10C0F /* Pods-CommonAFNUtilDemo.release.xcconfig */ = {isa = PBXFileReference; includeInIndex = 1; lastKnownFileType = text.xcconfig; name = "Pods-CommonAFNUtilDemo.release.xcconfig"; path = "Pods/Target Support Files/Pods-CommonAFNUtilDemo/Pods-CommonAFNUtilDemo.release.xcconfig"; sourceTree = "<group>"; };
		4DF147B794DABA1B3B749FCD /* Pods-CommonAFNUtilDemo.debug.xcconfig */ = {isa = PBXFileReference; includeInIndex = 1; lastKnownFileType = text.xcconfig; name = "Pods-CommonAFNUtilDemo.debug.xcconfig"; path = "Pods/Target Support Files/Pods-CommonAFNUtilDemo/Pods-CommonAFNUtilDemo.debug.xcconfig"; sourceTree = "<group>"; };
		78049F2A1F307C5C009CE88A /* IjinbuResponseModel.h */ = {isa = PBXFileReference; fileEncoding = 4; lastKnownFileType = sourcecode.c.h; path = IjinbuResponseModel.h; sourceTree = "<group>"; };
		78049F2B1F307C5C009CE88A /* IjinbuResponseModel.m */ = {isa = PBXFileReference; fileEncoding = 4; lastKnownFileType = sourcecode.c.objc; path = IjinbuResponseModel.m; sourceTree = "<group>"; };
		78049F2D1F307C5C009CE88A /* IjinbuSession.h */ = {isa = PBXFileReference; fileEncoding = 4; lastKnownFileType = sourcecode.c.h; path = IjinbuSession.h; sourceTree = "<group>"; };
		78049F2E1F307C5C009CE88A /* IjinbuSession.m */ = {isa = PBXFileReference; fileEncoding = 4; lastKnownFileType = sourcecode.c.objc; path = IjinbuSession.m; sourceTree = "<group>"; };
		78049F2F1F307C5C009CE88A /* IjinbuUser.h */ = {isa = PBXFileReference; fileEncoding = 4; lastKnownFileType = sourcecode.c.h; path = IjinbuUser.h; sourceTree = "<group>"; };
		78049F301F307C5C009CE88A /* IjinbuUser.m */ = {isa = PBXFileReference; fileEncoding = 4; lastKnownFileType = sourcecode.c.objc; path = IjinbuUser.m; sourceTree = "<group>"; };
		78049F371F307CAF009CE88A /* CJResponseModel.h */ = {isa = PBXFileReference; fileEncoding = 4; lastKnownFileType = sourcecode.c.h; path = CJResponseModel.h; sourceTree = "<group>"; };
		78049F381F307CAF009CE88A /* CJResponseModel.m */ = {isa = PBXFileReference; fileEncoding = 4; lastKnownFileType = sourcecode.c.objc; path = CJResponseModel.m; sourceTree = "<group>"; };
		780B384C1E93BD00005E8D63 /* MQLResumeManager.h */ = {isa = PBXFileReference; fileEncoding = 4; lastKnownFileType = sourcecode.c.h; path = MQLResumeManager.h; sourceTree = "<group>"; };
		780B384D1E93BD00005E8D63 /* MQLResumeManager.m */ = {isa = PBXFileReference; fileEncoding = 4; lastKnownFileType = sourcecode.c.objc; path = MQLResumeManager.m; sourceTree = "<group>"; };
		780B384F1E93BD00005E8D63 /* HSDownloadManager.h */ = {isa = PBXFileReference; fileEncoding = 4; lastKnownFileType = sourcecode.c.h; path = HSDownloadManager.h; sourceTree = "<group>"; };
		780B38501E93BD00005E8D63 /* HSDownloadManager.m */ = {isa = PBXFileReference; fileEncoding = 4; lastKnownFileType = sourcecode.c.objc; path = HSDownloadManager.m; sourceTree = "<group>"; };
		780B38511E93BD00005E8D63 /* HSSessionModel.h */ = {isa = PBXFileReference; fileEncoding = 4; lastKnownFileType = sourcecode.c.h; path = HSSessionModel.h; sourceTree = "<group>"; };
		780B38521E93BD00005E8D63 /* HSSessionModel.m */ = {isa = PBXFileReference; fileEncoding = 4; lastKnownFileType = sourcecode.c.objc; path = HSSessionModel.m; sourceTree = "<group>"; };
		780B38541E93BD00005E8D63 /* NSString+Hash.h */ = {isa = PBXFileReference; fileEncoding = 4; lastKnownFileType = sourcecode.c.h; path = "NSString+Hash.h"; sourceTree = "<group>"; };
		780B38551E93BD00005E8D63 /* NSString+Hash.m */ = {isa = PBXFileReference; fileEncoding = 4; lastKnownFileType = sourcecode.c.objc; path = "NSString+Hash.m"; sourceTree = "<group>"; };
		78193C0B1E95FCE300638145 /* CheckVersionNetworkClient.h */ = {isa = PBXFileReference; fileEncoding = 4; lastKnownFileType = sourcecode.c.h; path = CheckVersionNetworkClient.h; sourceTree = "<group>"; };
		78193C0C1E95FCE300638145 /* CheckVersionNetworkClient.m */ = {isa = PBXFileReference; fileEncoding = 4; lastKnownFileType = sourcecode.c.objc; path = CheckVersionNetworkClient.m; sourceTree = "<group>"; };
		78193C0D1E95FCE300638145 /* CheckVersionNetworkClientHTTPSessionManager.h */ = {isa = PBXFileReference; fileEncoding = 4; lastKnownFileType = sourcecode.c.h; path = CheckVersionNetworkClientHTTPSessionManager.h; sourceTree = "<group>"; };
		78193C0E1E95FCE300638145 /* CheckVersionNetworkClientHTTPSessionManager.m */ = {isa = PBXFileReference; fileEncoding = 4; lastKnownFileType = sourcecode.c.objc; path = CheckVersionNetworkClientHTTPSessionManager.m; sourceTree = "<group>"; };
		78193C281E96181F00638145 /* CJNetwork.h */ = {isa = PBXFileReference; fileEncoding = 4; lastKnownFileType = sourcecode.c.h; path = CJNetwork.h; sourceTree = "<group>"; };
		78193C331E96181F00638145 /* CJNetworkMonitor.h */ = {isa = PBXFileReference; fileEncoding = 4; lastKnownFileType = sourcecode.c.h; path = CJNetworkMonitor.h; sourceTree = "<group>"; };
		78193C341E96181F00638145 /* CJNetworkMonitor.m */ = {isa = PBXFileReference; fileEncoding = 4; lastKnownFileType = sourcecode.c.objc; path = CJNetworkMonitor.m; sourceTree = "<group>"; };
		78193C501E961EB800638145 /* DingdangHTTPSessionManager.h */ = {isa = PBXFileReference; fileEncoding = 4; lastKnownFileType = sourcecode.c.h; path = DingdangHTTPSessionManager.h; sourceTree = "<group>"; };
		78193C511E961EB800638145 /* DingdangHTTPSessionManager.m */ = {isa = PBXFileReference; fileEncoding = 4; lastKnownFileType = sourcecode.c.objc; path = DingdangHTTPSessionManager.m; sourceTree = "<group>"; };
		78193C521E961EB800638145 /* DingdangNetworkClient.h */ = {isa = PBXFileReference; fileEncoding = 4; lastKnownFileType = sourcecode.c.h; path = DingdangNetworkClient.h; sourceTree = "<group>"; };
		78193C531E961EB800638145 /* DingdangNetworkClient.m */ = {isa = PBXFileReference; fileEncoding = 4; lastKnownFileType = sourcecode.c.objc; path = DingdangNetworkClient.m; sourceTree = "<group>"; };
		78193C551E961EB800638145 /* HealthyHTTPSessionManager.h */ = {isa = PBXFileReference; fileEncoding = 4; lastKnownFileType = sourcecode.c.h; path = HealthyHTTPSessionManager.h; sourceTree = "<group>"; };
		78193C561E961EB800638145 /* HealthyHTTPSessionManager.m */ = {isa = PBXFileReference; fileEncoding = 4; lastKnownFileType = sourcecode.c.objc; path = HealthyHTTPSessionManager.m; sourceTree = "<group>"; };
		78193C571E961EB800638145 /* HealthyNetworkClient.h */ = {isa = PBXFileReference; fileEncoding = 4; lastKnownFileType = sourcecode.c.h; path = HealthyNetworkClient.h; sourceTree = "<group>"; };
		78193C581E961EB800638145 /* HealthyNetworkClient.m */ = {isa = PBXFileReference; fileEncoding = 4; lastKnownFileType = sourcecode.c.objc; path = HealthyNetworkClient.m; sourceTree = "<group>"; };
		78193C5A1E961EB800638145 /* IjinbuHTTPSessionManager.h */ = {isa = PBXFileReference; fileEncoding = 4; lastKnownFileType = sourcecode.c.h; path = IjinbuHTTPSessionManager.h; sourceTree = "<group>"; };
		78193C5B1E961EB800638145 /* IjinbuHTTPSessionManager.m */ = {isa = PBXFileReference; fileEncoding = 4; lastKnownFileType = sourcecode.c.objc; path = IjinbuHTTPSessionManager.m; sourceTree = "<group>"; };
		78193C5C1E961EB800638145 /* IjinbuNetworkClient+Login.h */ = {isa = PBXFileReference; fileEncoding = 4; lastKnownFileType = sourcecode.c.h; path = "IjinbuNetworkClient+Login.h"; sourceTree = "<group>"; };
		78193C5D1E961EB800638145 /* IjinbuNetworkClient+Login.m */ = {isa = PBXFileReference; fileEncoding = 4; lastKnownFileType = sourcecode.c.objc; path = "IjinbuNetworkClient+Login.m"; sourceTree = "<group>"; };
		78193C5E1E961EB800638145 /* IjinbuNetworkClient+UploadFile.h */ = {isa = PBXFileReference; fileEncoding = 4; lastKnownFileType = sourcecode.c.h; path = "IjinbuNetworkClient+UploadFile.h"; sourceTree = "<group>"; };
		78193C5F1E961EB800638145 /* IjinbuNetworkClient+UploadFile.m */ = {isa = PBXFileReference; fileEncoding = 4; lastKnownFileType = sourcecode.c.objc; path = "IjinbuNetworkClient+UploadFile.m"; sourceTree = "<group>"; };
		78193C601E961EB800638145 /* IjinbuNetworkClient.h */ = {isa = PBXFileReference; fileEncoding = 4; lastKnownFileType = sourcecode.c.h; path = IjinbuNetworkClient.h; sourceTree = "<group>"; };
		78193C611E961EB800638145 /* IjinbuNetworkClient.m */ = {isa = PBXFileReference; fileEncoding = 4; lastKnownFileType = sourcecode.c.objc; path = IjinbuNetworkClient.m; sourceTree = "<group>"; };
		78193C671E961EB800638145 /* CJImageUploadItem.h */ = {isa = PBXFileReference; fileEncoding = 4; lastKnownFileType = sourcecode.c.h; path = CJImageUploadItem.h; sourceTree = "<group>"; };
		78193C681E961EB800638145 /* CJImageUploadItem.m */ = {isa = PBXFileReference; fileEncoding = 4; lastKnownFileType = sourcecode.c.objc; path = CJImageUploadItem.m; sourceTree = "<group>"; };
		78193C691E961EB800638145 /* CJUploadItemResult.h */ = {isa = PBXFileReference; fileEncoding = 4; lastKnownFileType = sourcecode.c.h; path = CJUploadItemResult.h; sourceTree = "<group>"; };
		78193C6A1E961EB800638145 /* CJUploadItemResult.m */ = {isa = PBXFileReference; fileEncoding = 4; lastKnownFileType = sourcecode.c.objc; path = CJUploadItemResult.m; sourceTree = "<group>"; };
		78193C6B1E961EB800638145 /* CJUploadVideoItem.h */ = {isa = PBXFileReference; fileEncoding = 4; lastKnownFileType = sourcecode.c.h; path = CJUploadVideoItem.h; sourceTree = "<group>"; };
		78193C6C1E961EB800638145 /* CJUploadVideoItem.m */ = {isa = PBXFileReference; fileEncoding = 4; lastKnownFileType = sourcecode.c.objc; path = CJUploadVideoItem.m; sourceTree = "<group>"; };
		78193C6D1E961EB800638145 /* IjinbuUploadItemRequest.h */ = {isa = PBXFileReference; fileEncoding = 4; lastKnownFileType = sourcecode.c.h; path = IjinbuUploadItemRequest.h; sourceTree = "<group>"; };
		78193C6E1E961EB800638145 /* IjinbuUploadItemRequest.m */ = {isa = PBXFileReference; fileEncoding = 4; lastKnownFileType = sourcecode.c.objc; path = IjinbuUploadItemRequest.m; sourceTree = "<group>"; };
		78193C721E961EB800638145 /* TestHTTPSessionManager.h */ = {isa = PBXFileReference; fileEncoding = 4; lastKnownFileType = sourcecode.c.h; path = TestHTTPSessionManager.h; sourceTree = "<group>"; };
		78193C731E961EB800638145 /* TestHTTPSessionManager.m */ = {isa = PBXFileReference; fileEncoding = 4; lastKnownFileType = sourcecode.c.objc; path = TestHTTPSessionManager.m; sourceTree = "<group>"; };
		78193C741E961EB800638145 /* TestNetworkClient.h */ = {isa = PBXFileReference; fileEncoding = 4; lastKnownFileType = sourcecode.c.h; path = TestNetworkClient.h; sourceTree = "<group>"; };
		78193C751E961EB800638145 /* TestNetworkClient.m */ = {isa = PBXFileReference; fileEncoding = 4; lastKnownFileType = sourcecode.c.objc; path = TestNetworkClient.m; sourceTree = "<group>"; };
		783286191F44C98300A67E4D /* CJCacheManager.h */ = {isa = PBXFileReference; fileEncoding = 4; lastKnownFileType = sourcecode.c.h; path = CJCacheManager.h; sourceTree = "<group>"; };
		7832861A1F44C98300A67E4D /* CJCacheManager.m */ = {isa = PBXFileReference; fileEncoding = 4; lastKnownFileType = sourcecode.c.objc; path = CJCacheManager.m; sourceTree = "<group>"; };
		7832861C1F44C98300A67E4D /* CJCacheDataModel.h */ = {isa = PBXFileReference; fileEncoding = 4; lastKnownFileType = sourcecode.c.h; path = CJCacheDataModel.h; sourceTree = "<group>"; };
		7832861D1F44C98300A67E4D /* CJCacheDataModel.m */ = {isa = PBXFileReference; fileEncoding = 4; lastKnownFileType = sourcecode.c.objc; path = CJCacheDataModel.m; sourceTree = "<group>"; };
		7832861F1F44C98300A67E4D /* CJDataDiskManager.h */ = {isa = PBXFileReference; fileEncoding = 4; lastKnownFileType = sourcecode.c.h; path = CJDataDiskManager.h; sourceTree = "<group>"; };
		783286201F44C98300A67E4D /* CJDataDiskManager.m */ = {isa = PBXFileReference; fileEncoding = 4; lastKnownFileType = sourcecode.c.objc; path = CJDataDiskManager.m; sourceTree = "<group>"; };
		783286211F44C98300A67E4D /* CJDataMemoryCacheManager.h */ = {isa = PBXFileReference; fileEncoding = 4; lastKnownFileType = sourcecode.c.h; path = CJDataMemoryCacheManager.h; sourceTree = "<group>"; };
		783286221F44C98300A67E4D /* CJDataMemoryCacheManager.m */ = {isa = PBXFileReference; fileEncoding = 4; lastKnownFileType = sourcecode.c.objc; path = CJDataMemoryCacheManager.m; sourceTree = "<group>"; };
		783286231F44C98300A67E4D /* CJDataMemoryDictionaryManager.h */ = {isa = PBXFileReference; fileEncoding = 4; lastKnownFileType = sourcecode.c.h; path = CJDataMemoryDictionaryManager.h; sourceTree = "<group>"; };
		783286241F44C98300A67E4D /* CJDataMemoryDictionaryManager.m */ = {isa = PBXFileReference; fileEncoding = 4; lastKnownFileType = sourcecode.c.objc; path = CJDataMemoryDictionaryManager.m; sourceTree = "<group>"; };
		7846161D1F532A7C0053AC03 /* AFHTTPSessionManager+CJUploadFile.h */ = {isa = PBXFileReference; fileEncoding = 4; lastKnownFileType = sourcecode.c.h; path = "AFHTTPSessionManager+CJUploadFile.h"; sourceTree = "<group>"; };
		7846161E1F532A7C0053AC03 /* AFHTTPSessionManager+CJUploadFile.m */ = {isa = PBXFileReference; fileEncoding = 4; lastKnownFileType = sourcecode.c.objc; path = "AFHTTPSessionManager+CJUploadFile.m"; sourceTree = "<group>"; };
		7846161F1F532A7C0053AC03 /* AFNetworkingUploadUtil.h */ = {isa = PBXFileReference; fileEncoding = 4; lastKnownFileType = sourcecode.c.h; path = AFNetworkingUploadUtil.h; sourceTree = "<group>"; };
		784616201F532A7C0053AC03 /* AFNetworkingUploadUtil.m */ = {isa = PBXFileReference; fileEncoding = 4; lastKnownFileType = sourcecode.c.objc; path = AFNetworkingUploadUtil.m; sourceTree = "<group>"; };
		784616221F532A7C0053AC03 /* CJBaseUploadItem.h */ = {isa = PBXFileReference; fileEncoding = 4; lastKnownFileType = sourcecode.c.h; path = CJBaseUploadItem.h; sourceTree = "<group>"; };
		784616231F532A7C0053AC03 /* CJBaseUploadItem.m */ = {isa = PBXFileReference; fileEncoding = 4; lastKnownFileType = sourcecode.c.objc; path = CJBaseUploadItem.m; sourceTree = "<group>"; };
		784616241F532A7C0053AC03 /* CJUploadInfo.h */ = {isa = PBXFileReference; fileEncoding = 4; lastKnownFileType = sourcecode.c.h; path = CJUploadInfo.h; sourceTree = "<group>"; };
		784616251F532A7C0053AC03 /* CJUploadInfo.m */ = {isa = PBXFileReference; fileEncoding = 4; lastKnownFileType = sourcecode.c.objc; path = CJUploadInfo.m; sourceTree = "<group>"; };
		784616261F532A7C0053AC03 /* CJUploadItemModel.h */ = {isa = PBXFileReference; fileEncoding = 4; lastKnownFileType = sourcecode.c.h; path = CJUploadItemModel.h; sourceTree = "<group>"; };
		784616271F532A7C0053AC03 /* CJUploadItemModel.m */ = {isa = PBXFileReference; fileEncoding = 4; lastKnownFileType = sourcecode.c.objc; path = CJUploadItemModel.m; sourceTree = "<group>"; };
		784616281F532A7C0053AC03 /* CJUploadState.h */ = {isa = PBXFileReference; fileEncoding = 4; lastKnownFileType = sourcecode.c.h; path = CJUploadState.h; sourceTree = "<group>"; };
		7846162A1F532A7C0053AC03 /* CJUploadProgressView.h */ = {isa = PBXFileReference; fileEncoding = 4; lastKnownFileType = sourcecode.c.h; path = CJUploadProgressView.h; sourceTree = "<group>"; };
		7846162B1F532A7C0053AC03 /* CJUploadProgressView.m */ = {isa = PBXFileReference; fileEncoding = 4; lastKnownFileType = sourcecode.c.objc; path = CJUploadProgressView.m; sourceTree = "<group>"; };
		7846162C1F532A7C0053AC03 /* UIView+AFNetworkingUpload.h */ = {isa = PBXFileReference; fileEncoding = 4; lastKnownFileType = sourcecode.c.h; path = "UIView+AFNetworkingUpload.h"; sourceTree = "<group>"; };
		7846162D1F532A7C0053AC03 /* UIView+AFNetworkingUpload.m */ = {isa = PBXFileReference; fileEncoding = 4; lastKnownFileType = sourcecode.c.objc; path = "UIView+AFNetworkingUpload.m"; sourceTree = "<group>"; };
		784616361F5338B90053AC03 /* AFHTTPSessionManager+CJCacheRequest.h */ = {isa = PBXFileReference; fileEncoding = 4; lastKnownFileType = sourcecode.c.h; path = "AFHTTPSessionManager+CJCacheRequest.h"; sourceTree = "<group>"; };
		784616371F5338B90053AC03 /* AFHTTPSessionManager+CJCacheRequest.m */ = {isa = PBXFileReference; fileEncoding = 4; lastKnownFileType = sourcecode.c.objc; path = "AFHTTPSessionManager+CJCacheRequest.m"; sourceTree = "<group>"; };
		7846163A1F5338B90053AC03 /* CJJSONResponseSerializer.h */ = {isa = PBXFileReference; fileEncoding = 4; lastKnownFileType = sourcecode.c.h; path = CJJSONResponseSerializer.h; sourceTree = "<group>"; };
		7846163B1F5338B90053AC03 /* CJJSONResponseSerializer.m */ = {isa = PBXFileReference; fileEncoding = 4; lastKnownFileType = sourcecode.c.objc; path = CJJSONResponseSerializer.m; sourceTree = "<group>"; };
		7846163C1F5338B90053AC03 /* NSString+URLEncoding.h */ = {isa = PBXFileReference; fileEncoding = 4; lastKnownFileType = sourcecode.c.h; path = "NSString+URLEncoding.h"; sourceTree = "<group>"; };
		7846163D1F5338B90053AC03 /* NSString+URLEncoding.m */ = {isa = PBXFileReference; fileEncoding = 4; lastKnownFileType = sourcecode.c.objc; path = "NSString+URLEncoding.m"; sourceTree = "<group>"; };
		7846163E1F5338B90053AC03 /* CJNetworkDefine.h */ = {isa = PBXFileReference; fileEncoding = 4; lastKnownFileType = sourcecode.c.h; path = CJNetworkDefine.h; sourceTree = "<group>"; };
		7846163F1F5338B90053AC03 /* NSURLSessionTask+CJErrorMessage.h */ = {isa = PBXFileReference; fileEncoding = 4; lastKnownFileType = sourcecode.c.h; path = "NSURLSessionTask+CJErrorMessage.h"; sourceTree = "<group>"; };
		784616401F5338B90053AC03 /* NSURLSessionTask+CJErrorMessage.m */ = {isa = PBXFileReference; fileEncoding = 4; lastKnownFileType = sourcecode.c.objc; path = "NSURLSessionTask+CJErrorMessage.m"; sourceTree = "<group>"; };
		784616411F5338B90053AC03 /* CJRequestCacheDataUtil.h */ = {isa = PBXFileReference; fileEncoding = 4; lastKnownFileType = sourcecode.c.h; path = CJRequestCacheDataUtil.h; sourceTree = "<group>"; };
		784616421F5338B90053AC03 /* CJRequestCacheDataUtil.m */ = {isa = PBXFileReference; fileEncoding = 4; lastKnownFileType = sourcecode.c.objc; path = CJRequestCacheDataUtil.m; sourceTree = "<group>"; };
		784616491F533D070053AC03 /* CJObjectConvertUtil.h */ = {isa = PBXFileReference; fileEncoding = 4; lastKnownFileType = sourcecode.c.h; path = CJObjectConvertUtil.h; sourceTree = "<group>"; };
		7846164A1F533D070053AC03 /* CJObjectConvertUtil.m */ = {isa = PBXFileReference; fileEncoding = 4; lastKnownFileType = sourcecode.c.objc; path = CJObjectConvertUtil.m; sourceTree = "<group>"; };
		7846164D1F533F870053AC03 /* AFHTTPSessionManager+CJCheckVersion.h */ = {isa = PBXFileReference; fileEncoding = 4; lastKnownFileType = sourcecode.c.h; path = "AFHTTPSessionManager+CJCheckVersion.h"; sourceTree = "<group>"; };
		7846164E1F533F870053AC03 /* AFHTTPSessionManager+CJCheckVersion.m */ = {isa = PBXFileReference; fileEncoding = 4; lastKnownFileType = sourcecode.c.objc; path = "AFHTTPSessionManager+CJCheckVersion.m"; sourceTree = "<group>"; };
		784C153F1E8E2CC50019D652 /* DownloadListViewController.h */ = {isa = PBXFileReference; fileEncoding = 4; lastKnownFileType = sourcecode.c.h; path = DownloadListViewController.h; sourceTree = "<group>"; };
		784C15401E8E2CC50019D652 /* DownloadListViewController.m */ = {isa = PBXFileReference; fileEncoding = 4; lastKnownFileType = sourcecode.c.objc; path = DownloadListViewController.m; sourceTree = "<group>"; };
		784C15411E8E2CC50019D652 /* DownloadListViewController.xib */ = {isa = PBXFileReference; fileEncoding = 4; lastKnownFileType = file.xib; path = DownloadListViewController.xib; sourceTree = "<group>"; };
		784C15421E8E2CC50019D652 /* DownloadTableViewCell.h */ = {isa = PBXFileReference; fileEncoding = 4; lastKnownFileType = sourcecode.c.h; path = DownloadTableViewCell.h; sourceTree = "<group>"; };
		784C15431E8E2CC50019D652 /* DownloadTableViewCell.m */ = {isa = PBXFileReference; fileEncoding = 4; lastKnownFileType = sourcecode.c.objc; path = DownloadTableViewCell.m; sourceTree = "<group>"; };
		784C15441E8E2CC50019D652 /* DownloadTableViewCell.xib */ = {isa = PBXFileReference; fileEncoding = 4; lastKnownFileType = file.xib; path = DownloadTableViewCell.xib; sourceTree = "<group>"; };
		784C154A1E8E2D040019D652 /* AFDownloadViewController.h */ = {isa = PBXFileReference; fileEncoding = 4; lastKnownFileType = sourcecode.c.h; path = AFDownloadViewController.h; sourceTree = "<group>"; };
		784C154B1E8E2D040019D652 /* AFDownloadViewController.m */ = {isa = PBXFileReference; fileEncoding = 4; lastKnownFileType = sourcecode.c.objc; path = AFDownloadViewController.m; sourceTree = "<group>"; };
		784C154C1E8E2D040019D652 /* BaseDownloadViewController.h */ = {isa = PBXFileReference; fileEncoding = 4; lastKnownFileType = sourcecode.c.h; path = BaseDownloadViewController.h; sourceTree = "<group>"; };
		784C154D1E8E2D040019D652 /* BaseDownloadViewController.m */ = {isa = PBXFileReference; fileEncoding = 4; lastKnownFileType = sourcecode.c.objc; path = BaseDownloadViewController.m; sourceTree = "<group>"; };
		784C154E1E8E2D040019D652 /* BaseDownloadViewController.xib */ = {isa = PBXFileReference; fileEncoding = 4; lastKnownFileType = file.xib; path = BaseDownloadViewController.xib; sourceTree = "<group>"; };
		784C154F1E8E2D040019D652 /* SessionDataTaskDownloadViewController.h */ = {isa = PBXFileReference; fileEncoding = 4; lastKnownFileType = sourcecode.c.h; path = SessionDataTaskDownloadViewController.h; sourceTree = "<group>"; };
		784C15501E8E2D040019D652 /* SessionDataTaskDownloadViewController.m */ = {isa = PBXFileReference; fileEncoding = 4; lastKnownFileType = sourcecode.c.objc; path = SessionDataTaskDownloadViewController.m; sourceTree = "<group>"; };
		784C15511E8E2D040019D652 /* SessionDownloadTaskDownloadViewController.h */ = {isa = PBXFileReference; fileEncoding = 4; lastKnownFileType = sourcecode.c.h; path = SessionDownloadTaskDownloadViewController.h; sourceTree = "<group>"; };
		784C15521E8E2D040019D652 /* SessionDownloadTaskDownloadViewController.m */ = {isa = PBXFileReference; fileEncoding = 4; lastKnownFileType = sourcecode.c.objc; path = SessionDownloadTaskDownloadViewController.m; sourceTree = "<group>"; };
		784C15531E8E2D040019D652 /* SessionDownloadTaskDownloadViewController.xib */ = {isa = PBXFileReference; fileEncoding = 4; lastKnownFileType = file.xib; path = SessionDownloadTaskDownloadViewController.xib; sourceTree = "<group>"; };
		784C155A1E8E2DB60019D652 /* DownloadHomeViewController.h */ = {isa = PBXFileReference; fileEncoding = 4; lastKnownFileType = sourcecode.c.h; path = DownloadHomeViewController.h; sourceTree = "<group>"; };
		784C155B1E8E2DB60019D652 /* DownloadHomeViewController.m */ = {isa = PBXFileReference; fileEncoding = 4; lastKnownFileType = sourcecode.c.objc; path = DownloadHomeViewController.m; sourceTree = "<group>"; };
		784C155C1E8E2DB60019D652 /* DownloadHomeViewController.xib */ = {isa = PBXFileReference; fileEncoding = 4; lastKnownFileType = file.xib; path = DownloadHomeViewController.xib; sourceTree = "<group>"; };
		78590B881E091129000F80EF /* AccountInfo.h */ = {isa = PBXFileReference; fileEncoding = 4; lastKnownFileType = sourcecode.c.h; path = AccountInfo.h; sourceTree = "<group>"; };
		78590B891E091129000F80EF /* AccountInfo.m */ = {isa = PBXFileReference; fileEncoding = 4; lastKnownFileType = sourcecode.c.objc; path = AccountInfo.m; sourceTree = "<group>"; };
		786E064D1F4DBFDC0049C736 /* CJRequestUtil.h */ = {isa = PBXFileReference; fileEncoding = 4; lastKnownFileType = sourcecode.c.h; path = CJRequestUtil.h; sourceTree = "<group>"; };
		786E064E1F4DBFDC0049C736 /* CJRequestUtil.m */ = {isa = PBXFileReference; fileEncoding = 4; lastKnownFileType = sourcecode.c.objc; path = CJRequestUtil.m; sourceTree = "<group>"; };
		78AB6B1C1C01CDD2004404A9 /* Login.storyboard */ = {isa = PBXFileReference; fileEncoding = 4; lastKnownFileType = file.storyboard; path = Login.storyboard; sourceTree = "<group>"; };
		78D0A5AF1E94FCAD00337381 /* UploadViewController.h */ = {isa = PBXFileReference; fileEncoding = 4; lastKnownFileType = sourcecode.c.h; path = UploadViewController.h; sourceTree = "<group>"; };
		78D0A5B01E94FCAD00337381 /* UploadViewController.m */ = {isa = PBXFileReference; fileEncoding = 4; lastKnownFileType = sourcecode.c.objc; path = UploadViewController.m; sourceTree = "<group>"; };
		78D0A5B11E94FCAD00337381 /* UploadViewController.xib */ = {isa = PBXFileReference; fileEncoding = 4; lastKnownFileType = file.xib; path = UploadViewController.xib; sourceTree = "<group>"; };
		78D0A5B81E95064D00337381 /* op1.jpg */ = {isa = PBXFileReference; lastKnownFileType = image.jpeg; path = op1.jpg; sourceTree = "<group>"; };
		801531A71B78675400B82127 /* AFNDemoViewController.h */ = {isa = PBXFileReference; fileEncoding = 4; lastKnownFileType = sourcecode.c.h; path = AFNDemoViewController.h; sourceTree = "<group>"; };
		801531A81B78675400B82127 /* AFNDemoViewController.m */ = {isa = PBXFileReference; fileEncoding = 4; lastKnownFileType = sourcecode.c.objc; path = AFNDemoViewController.m; sourceTree = "<group>"; };
		801531A91B78675400B82127 /* AFNDemoViewController.xib */ = {isa = PBXFileReference; fileEncoding = 4; lastKnownFileType = file.xib; path = AFNDemoViewController.xib; sourceTree = "<group>"; };
		801531AB1B78675400B82127 /* Login+Event.h */ = {isa = PBXFileReference; fileEncoding = 4; lastKnownFileType = sourcecode.c.h; path = "Login+Event.h"; sourceTree = "<group>"; };
		801531AC1B78675400B82127 /* Login+Event.m */ = {isa = PBXFileReference; fileEncoding = 4; lastKnownFileType = sourcecode.c.objc; path = "Login+Event.m"; sourceTree = "<group>"; };
		801531AD1B78675400B82127 /* Login.h */ = {isa = PBXFileReference; fileEncoding = 4; lastKnownFileType = sourcecode.c.h; path = Login.h; sourceTree = "<group>"; };
		801531AE1B78675400B82127 /* Login.m */ = {isa = PBXFileReference; fileEncoding = 4; lastKnownFileType = sourcecode.c.objc; path = Login.m; sourceTree = "<group>"; };
		801531AF1B78675400B82127 /* LoginHelper.h */ = {isa = PBXFileReference; fileEncoding = 4; lastKnownFileType = sourcecode.c.h; path = LoginHelper.h; sourceTree = "<group>"; };
		801531B01B78675400B82127 /* LoginHelper.m */ = {isa = PBXFileReference; fileEncoding = 4; lastKnownFileType = sourcecode.c.objc; path = LoginHelper.m; sourceTree = "<group>"; };
		804F8FBD1B3BDF4E00AF11AA /* CommonAFNUtilDemo.app */ = {isa = PBXFileReference; explicitFileType = wrapper.application; includeInIndex = 0; path = CommonAFNUtilDemo.app; sourceTree = BUILT_PRODUCTS_DIR; };
		804F8FC11B3BDF4E00AF11AA /* Info.plist */ = {isa = PBXFileReference; lastKnownFileType = text.plist.xml; path = Info.plist; sourceTree = "<group>"; };
		804F8FC21B3BDF4E00AF11AA /* main.m */ = {isa = PBXFileReference; lastKnownFileType = sourcecode.c.objc; path = main.m; sourceTree = "<group>"; };
		804F8FC41B3BDF4E00AF11AA /* AppDelegate.h */ = {isa = PBXFileReference; lastKnownFileType = sourcecode.c.h; path = AppDelegate.h; sourceTree = "<group>"; };
		804F8FC51B3BDF4E00AF11AA /* AppDelegate.m */ = {isa = PBXFileReference; lastKnownFileType = sourcecode.c.objc; path = AppDelegate.m; sourceTree = "<group>"; };
		804F8FC71B3BDF4E00AF11AA /* ViewController.h */ = {isa = PBXFileReference; lastKnownFileType = sourcecode.c.h; path = ViewController.h; sourceTree = "<group>"; };
		804F8FC81B3BDF4E00AF11AA /* ViewController.m */ = {isa = PBXFileReference; lastKnownFileType = sourcecode.c.objc; path = ViewController.m; sourceTree = "<group>"; };
		804F8FCB1B3BDF4E00AF11AA /* Base */ = {isa = PBXFileReference; lastKnownFileType = file.storyboard; name = Base; path = Base.lproj/Main.storyboard; sourceTree = "<group>"; };
		804F8FCD1B3BDF4E00AF11AA /* Images.xcassets */ = {isa = PBXFileReference; lastKnownFileType = folder.assetcatalog; path = Images.xcassets; sourceTree = "<group>"; };
		804F8FD01B3BDF4E00AF11AA /* Base */ = {isa = PBXFileReference; lastKnownFileType = file.xib; name = Base; path = Base.lproj/LaunchScreen.xib; sourceTree = "<group>"; };
		804F8FD61B3BDF4E00AF11AA /* CommonAFNUtilDemoTests.xctest */ = {isa = PBXFileReference; explicitFileType = wrapper.cfbundle; includeInIndex = 0; path = CommonAFNUtilDemoTests.xctest; sourceTree = BUILT_PRODUCTS_DIR; };
		804F8FDB1B3BDF4E00AF11AA /* Info.plist */ = {isa = PBXFileReference; lastKnownFileType = text.plist.xml; path = Info.plist; sourceTree = "<group>"; };
		804F8FDC1B3BDF4E00AF11AA /* CommonAFNUtilDemoTests.m */ = {isa = PBXFileReference; lastKnownFileType = sourcecode.c.objc; path = CommonAFNUtilDemoTests.m; sourceTree = "<group>"; };
		804F8FF71B3BE84200AF11AA /* CommonAFNUtilDemo.pch */ = {isa = PBXFileReference; lastKnownFileType = sourcecode.c.h; path = CommonAFNUtilDemo.pch; sourceTree = "<group>"; };
		807109E31B7E17E900F343F3 /* SocketDemoViewController.h */ = {isa = PBXFileReference; fileEncoding = 4; lastKnownFileType = sourcecode.c.h; path = SocketDemoViewController.h; sourceTree = "<group>"; };
		807109E41B7E17E900F343F3 /* SocketDemoViewController.m */ = {isa = PBXFileReference; fileEncoding = 4; lastKnownFileType = sourcecode.c.objc; path = SocketDemoViewController.m; sourceTree = "<group>"; };
		807109E51B7E17E900F343F3 /* SocketDemoViewController.xib */ = {isa = PBXFileReference; fileEncoding = 4; lastKnownFileType = file.xib; path = SocketDemoViewController.xib; sourceTree = "<group>"; };
		808CBA2A1B71EF8D00EDFFB9 /* SystemConfiguration.framework */ = {isa = PBXFileReference; lastKnownFileType = wrapper.framework; name = SystemConfiguration.framework; path = System/Library/Frameworks/SystemConfiguration.framework; sourceTree = SDKROOT; };
		808CBA321B720C8E00EDFFB9 /* LoginShareInfo.h */ = {isa = PBXFileReference; fileEncoding = 4; lastKnownFileType = sourcecode.c.h; path = LoginShareInfo.h; sourceTree = "<group>"; };
		808CBA331B720C8E00EDFFB9 /* LoginShareInfo.m */ = {isa = PBXFileReference; fileEncoding = 4; lastKnownFileType = sourcecode.c.objc; path = LoginShareInfo.m; sourceTree = "<group>"; };
		8466B89648C8AB42EFAD5B0E /* Pods-CommonAFNUtilDemoTests.release.xcconfig */ = {isa = PBXFileReference; includeInIndex = 1; lastKnownFileType = text.xcconfig; name = "Pods-CommonAFNUtilDemoTests.release.xcconfig"; path = "Pods/Target Support Files/Pods-CommonAFNUtilDemoTests/Pods-CommonAFNUtilDemoTests.release.xcconfig"; sourceTree = "<group>"; };
		A73866BDADA130D8CFFD9AEF /* Pods-CommonAFNUtilDemoTests.debug.xcconfig */ = {isa = PBXFileReference; includeInIndex = 1; lastKnownFileType = text.xcconfig; name = "Pods-CommonAFNUtilDemoTests.debug.xcconfig"; path = "Pods/Target Support Files/Pods-CommonAFNUtilDemoTests/Pods-CommonAFNUtilDemoTests.debug.xcconfig"; sourceTree = "<group>"; };
		E4A8FCC6E00473C074D62DB2 /* libPods-CommonAFNUtilDemoTests.a */ = {isa = PBXFileReference; explicitFileType = archive.ar; includeInIndex = 0; path = "libPods-CommonAFNUtilDemoTests.a"; sourceTree = BUILT_PRODUCTS_DIR; };
/* End PBXFileReference section */

/* Begin PBXFrameworksBuildPhase section */
		804F8FBA1B3BDF4E00AF11AA /* Frameworks */ = {
			isa = PBXFrameworksBuildPhase;
			buildActionMask = 2147483647;
			files = (
				9325B3927FD88FBF830525A0 /* libPods-CommonAFNUtilDemo.a in Frameworks */,
			);
			runOnlyForDeploymentPostprocessing = 0;
		};
		804F8FD31B3BDF4E00AF11AA /* Frameworks */ = {
			isa = PBXFrameworksBuildPhase;
			buildActionMask = 2147483647;
			files = (
				9EAE19EB98284D342405A9D9 /* libPods-CommonAFNUtilDemoTests.a in Frameworks */,
			);
			runOnlyForDeploymentPostprocessing = 0;
		};
/* End PBXFrameworksBuildPhase section */

/* Begin PBXGroup section */
		53FC3FB9397F9718C19B0F95 /* Pods */ = {
			isa = PBXGroup;
			children = (
				4DF147B794DABA1B3B749FCD /* Pods-CommonAFNUtilDemo.debug.xcconfig */,
				4204150C2F919C31E2F10C0F /* Pods-CommonAFNUtilDemo.release.xcconfig */,
				A73866BDADA130D8CFFD9AEF /* Pods-CommonAFNUtilDemoTests.debug.xcconfig */,
				8466B89648C8AB42EFAD5B0E /* Pods-CommonAFNUtilDemoTests.release.xcconfig */,
			);
			name = Pods;
			sourceTree = "<group>";
		};
		684DB7D1E9908C6E4488C1F7 /* Frameworks */ = {
			isa = PBXGroup;
			children = (
				808CBA2A1B71EF8D00EDFFB9 /* SystemConfiguration.framework */,
				06DDE5678FB698FF9D1ACC99 /* libPods-CommonAFNUtilDemo.a */,
				E4A8FCC6E00473C074D62DB2 /* libPods-CommonAFNUtilDemoTests.a */,
			);
			name = Frameworks;
			sourceTree = "<group>";
		};
		78049F291F307C5C009CE88A /* IjinbuResponseModel */ = {
			isa = PBXGroup;
			children = (
				78049F2A1F307C5C009CE88A /* IjinbuResponseModel.h */,
				78049F2B1F307C5C009CE88A /* IjinbuResponseModel.m */,
			);
			path = IjinbuResponseModel;
			sourceTree = "<group>";
		};
		78049F2C1F307C5C009CE88A /* Manager */ = {
			isa = PBXGroup;
			children = (
				78049F2D1F307C5C009CE88A /* IjinbuSession.h */,
				78049F2E1F307C5C009CE88A /* IjinbuSession.m */,
				78049F2F1F307C5C009CE88A /* IjinbuUser.h */,
				78049F301F307C5C009CE88A /* IjinbuUser.m */,
			);
			path = Manager;
			sourceTree = "<group>";
		};
		78049F361F307CAF009CE88A /* BaseResponseModels */ = {
			isa = PBXGroup;
			children = (
				78049F371F307CAF009CE88A /* CJResponseModel.h */,
				78049F381F307CAF009CE88A /* CJResponseModel.m */,
			);
			path = BaseResponseModels;
			sourceTree = "<group>";
		};
		780B384A1E93BD00005E8D63 /* 断点续传组件 */ = {
			isa = PBXGroup;
			children = (
				780B384B1E93BD00005E8D63 /* CJResumeManager */,
				780B384E1E93BD00005E8D63 /* HSDownloadManager */,
			);
			name = "断点续传组件";
			path = "../../断点续传组件";
			sourceTree = "<group>";
		};
		780B384B1E93BD00005E8D63 /* CJResumeManager */ = {
			isa = PBXGroup;
			children = (
				780B384C1E93BD00005E8D63 /* MQLResumeManager.h */,
				780B384D1E93BD00005E8D63 /* MQLResumeManager.m */,
			);
			path = CJResumeManager;
			sourceTree = "<group>";
		};
		780B384E1E93BD00005E8D63 /* HSDownloadManager */ = {
			isa = PBXGroup;
			children = (
				780B384F1E93BD00005E8D63 /* HSDownloadManager.h */,
				780B38501E93BD00005E8D63 /* HSDownloadManager.m */,
				780B38511E93BD00005E8D63 /* HSSessionModel.h */,
				780B38521E93BD00005E8D63 /* HSSessionModel.m */,
				780B38531E93BD00005E8D63 /* MD5 */,
			);
			path = HSDownloadManager;
			sourceTree = "<group>";
		};
		780B38531E93BD00005E8D63 /* MD5 */ = {
			isa = PBXGroup;
			children = (
				780B38541E93BD00005E8D63 /* NSString+Hash.h */,
				780B38551E93BD00005E8D63 /* NSString+Hash.m */,
			);
			path = MD5;
			sourceTree = "<group>";
		};
		78193C0A1E95FCE300638145 /* CheckVersionNetworkClient */ = {
			isa = PBXGroup;
			children = (
				78193C0B1E95FCE300638145 /* CheckVersionNetworkClient.h */,
				78193C0C1E95FCE300638145 /* CheckVersionNetworkClient.m */,
				78193C0D1E95FCE300638145 /* CheckVersionNetworkClientHTTPSessionManager.h */,
				78193C0E1E95FCE300638145 /* CheckVersionNetworkClientHTTPSessionManager.m */,
			);
			path = CheckVersionNetworkClient;
			sourceTree = "<group>";
		};
		78193C151E96181F00638145 /* CJNetwork */ = {
			isa = PBXGroup;
			children = (
				78193C281E96181F00638145 /* CJNetwork.h */,
				786E064C1F4DBFDC0049C736 /* CJRequestUtil */,
				784616351F5338B90053AC03 /* AFNetworkingBaseComponent */,
				7846161B1F532A7C0053AC03 /* AFNetworkingUploadComponent */,
				7846164C1F533F870053AC03 /* AFNetworkingCheckVersionComponent */,
				78193C321E96181F00638145 /* CJNetworkMonitor */,
			);
			name = CJNetwork;
			path = ../../CJNetwork;
			sourceTree = "<group>";
		};
		78193C321E96181F00638145 /* CJNetworkMonitor */ = {
			isa = PBXGroup;
			children = (
				78193C331E96181F00638145 /* CJNetworkMonitor.h */,
				78193C341E96181F00638145 /* CJNetworkMonitor.m */,
			);
			path = CJNetworkMonitor;
			sourceTree = "<group>";
		};
		78193C4F1E961EB800638145 /* Dingdang */ = {
			isa = PBXGroup;
			children = (
				78193C501E961EB800638145 /* DingdangHTTPSessionManager.h */,
				78193C511E961EB800638145 /* DingdangHTTPSessionManager.m */,
				78193C521E961EB800638145 /* DingdangNetworkClient.h */,
				78193C531E961EB800638145 /* DingdangNetworkClient.m */,
			);
			path = Dingdang;
			sourceTree = "<group>";
		};
		78193C541E961EB800638145 /* Healthy */ = {
			isa = PBXGroup;
			children = (
				78193C551E961EB800638145 /* HealthyHTTPSessionManager.h */,
				78193C561E961EB800638145 /* HealthyHTTPSessionManager.m */,
				78193C571E961EB800638145 /* HealthyNetworkClient.h */,
				78193C581E961EB800638145 /* HealthyNetworkClient.m */,
			);
			path = Healthy;
			sourceTree = "<group>";
		};
		78193C591E961EB800638145 /* Ijinbu */ = {
			isa = PBXGroup;
			children = (
				78193C5A1E961EB800638145 /* IjinbuHTTPSessionManager.h */,
				78193C5B1E961EB800638145 /* IjinbuHTTPSessionManager.m */,
				78193C5C1E961EB800638145 /* IjinbuNetworkClient+Login.h */,
				78193C5D1E961EB800638145 /* IjinbuNetworkClient+Login.m */,
				78193C5E1E961EB800638145 /* IjinbuNetworkClient+UploadFile.h */,
				78193C5F1E961EB800638145 /* IjinbuNetworkClient+UploadFile.m */,
				78193C601E961EB800638145 /* IjinbuNetworkClient.h */,
				78193C611E961EB800638145 /* IjinbuNetworkClient.m */,
				78049F291F307C5C009CE88A /* IjinbuResponseModel */,
				78049F2C1F307C5C009CE88A /* Manager */,
				78193C641E961EB800638145 /* IjinbuUploadModels */,
			);
			path = Ijinbu;
			sourceTree = "<group>";
		};
		78193C641E961EB800638145 /* IjinbuUploadModels */ = {
			isa = PBXGroup;
			children = (
				78193C671E961EB800638145 /* CJImageUploadItem.h */,
				78193C681E961EB800638145 /* CJImageUploadItem.m */,
				78193C691E961EB800638145 /* CJUploadItemResult.h */,
				78193C6A1E961EB800638145 /* CJUploadItemResult.m */,
				78193C6B1E961EB800638145 /* CJUploadVideoItem.h */,
				78193C6C1E961EB800638145 /* CJUploadVideoItem.m */,
				78193C6D1E961EB800638145 /* IjinbuUploadItemRequest.h */,
				78193C6E1E961EB800638145 /* IjinbuUploadItemRequest.m */,
			);
			path = IjinbuUploadModels;
			sourceTree = "<group>";
		};
		78193C711E961EB800638145 /* Test */ = {
			isa = PBXGroup;
			children = (
				78193C721E961EB800638145 /* TestHTTPSessionManager.h */,
				78193C731E961EB800638145 /* TestHTTPSessionManager.m */,
				78193C741E961EB800638145 /* TestNetworkClient.h */,
				78193C751E961EB800638145 /* TestNetworkClient.m */,
			);
			path = Test;
			sourceTree = "<group>";
		};
		783286181F44C98300A67E4D /* CJCacheManager */ = {
			isa = PBXGroup;
			children = (
				783286191F44C98300A67E4D /* CJCacheManager.h */,
				7832861A1F44C98300A67E4D /* CJCacheManager.m */,
				7832861B1F44C98300A67E4D /* Model */,
				7832861E1F44C98300A67E4D /* ReadWriteDataManager */,
			);
			name = CJCacheManager;
			path = ../../CJCacheManager;
			sourceTree = "<group>";
		};
		7832861B1F44C98300A67E4D /* Model */ = {
			isa = PBXGroup;
			children = (
				7832861C1F44C98300A67E4D /* CJCacheDataModel.h */,
				7832861D1F44C98300A67E4D /* CJCacheDataModel.m */,
			);
			path = Model;
			sourceTree = "<group>";
		};
		7832861E1F44C98300A67E4D /* ReadWriteDataManager */ = {
			isa = PBXGroup;
			children = (
				7832861F1F44C98300A67E4D /* CJDataDiskManager.h */,
				783286201F44C98300A67E4D /* CJDataDiskManager.m */,
				783286211F44C98300A67E4D /* CJDataMemoryCacheManager.h */,
				783286221F44C98300A67E4D /* CJDataMemoryCacheManager.m */,
				783286231F44C98300A67E4D /* CJDataMemoryDictionaryManager.h */,
				783286241F44C98300A67E4D /* CJDataMemoryDictionaryManager.m */,
			);
			path = ReadWriteDataManager;
			sourceTree = "<group>";
		};
		7832862A1F44C9E900A67E4D /* Librarys */ = {
			isa = PBXGroup;
			children = (
			);
			path = Librarys;
			sourceTree = "<group>";
		};
		7846161B1F532A7C0053AC03 /* AFNetworkingUploadComponent */ = {
			isa = PBXGroup;
			children = (
				7846161C1F532A7C0053AC03 /* AFNetworkingUploadAPI */,
				784616291F532A7C0053AC03 /* UIView+AFNetworkingUpload */,
			);
			path = AFNetworkingUploadComponent;
			sourceTree = "<group>";
		};
		7846161C1F532A7C0053AC03 /* AFNetworkingUploadAPI */ = {
			isa = PBXGroup;
			children = (
				7846161D1F532A7C0053AC03 /* AFHTTPSessionManager+CJUploadFile.h */,
				7846161E1F532A7C0053AC03 /* AFHTTPSessionManager+CJUploadFile.m */,
				7846161F1F532A7C0053AC03 /* AFNetworkingUploadUtil.h */,
				784616201F532A7C0053AC03 /* AFNetworkingUploadUtil.m */,
				784616211F532A7C0053AC03 /* Models */,
			);
			path = AFNetworkingUploadAPI;
			sourceTree = "<group>";
		};
		784616211F532A7C0053AC03 /* Models */ = {
			isa = PBXGroup;
			children = (
				784616221F532A7C0053AC03 /* CJBaseUploadItem.h */,
				784616231F532A7C0053AC03 /* CJBaseUploadItem.m */,
				784616241F532A7C0053AC03 /* CJUploadInfo.h */,
				784616251F532A7C0053AC03 /* CJUploadInfo.m */,
				784616261F532A7C0053AC03 /* CJUploadItemModel.h */,
				784616271F532A7C0053AC03 /* CJUploadItemModel.m */,
				784616281F532A7C0053AC03 /* CJUploadState.h */,
			);
			path = Models;
			sourceTree = "<group>";
		};
		784616291F532A7C0053AC03 /* UIView+AFNetworkingUpload */ = {
			isa = PBXGroup;
			children = (
				7846162C1F532A7C0053AC03 /* UIView+AFNetworkingUpload.h */,
				7846162D1F532A7C0053AC03 /* UIView+AFNetworkingUpload.m */,
				7846162A1F532A7C0053AC03 /* CJUploadProgressView.h */,
				7846162B1F532A7C0053AC03 /* CJUploadProgressView.m */,
			);
			path = "UIView+AFNetworkingUpload";
			sourceTree = "<group>";
		};
		784616351F5338B90053AC03 /* AFNetworkingBaseComponent */ = {
			isa = PBXGroup;
			children = (
				784616361F5338B90053AC03 /* AFHTTPSessionManager+CJCacheRequest.h */,
				784616371F5338B90053AC03 /* AFHTTPSessionManager+CJCacheRequest.m */,
				784616481F533CFC0053AC03 /* CJObjectConvertUtil */,
				784616381F5338B90053AC03 /* AFNetworkBase */,
				784616411F5338B90053AC03 /* CJRequestCacheDataUtil.h */,
				784616421F5338B90053AC03 /* CJRequestCacheDataUtil.m */,
			);
			path = AFNetworkingBaseComponent;
			sourceTree = "<group>";
		};
		784616381F5338B90053AC03 /* AFNetworkBase */ = {
			isa = PBXGroup;
			children = (
				784616391F5338B90053AC03 /* CJJSONResponseSerializer */,
				7846163E1F5338B90053AC03 /* CJNetworkDefine.h */,
				7846163F1F5338B90053AC03 /* NSURLSessionTask+CJErrorMessage.h */,
				784616401F5338B90053AC03 /* NSURLSessionTask+CJErrorMessage.m */,
			);
			path = AFNetworkBase;
			sourceTree = "<group>";
		};
		784616391F5338B90053AC03 /* CJJSONResponseSerializer */ = {
			isa = PBXGroup;
			children = (
				7846163A1F5338B90053AC03 /* CJJSONResponseSerializer.h */,
				7846163B1F5338B90053AC03 /* CJJSONResponseSerializer.m */,
				7846163C1F5338B90053AC03 /* NSString+URLEncoding.h */,
				7846163D1F5338B90053AC03 /* NSString+URLEncoding.m */,
			);
			path = CJJSONResponseSerializer;
			sourceTree = "<group>";
		};
		784616481F533CFC0053AC03 /* CJObjectConvertUtil */ = {
			isa = PBXGroup;
			children = (
				784616491F533D070053AC03 /* CJObjectConvertUtil.h */,
				7846164A1F533D070053AC03 /* CJObjectConvertUtil.m */,
			);
			path = CJObjectConvertUtil;
			sourceTree = "<group>";
		};
		7846164C1F533F870053AC03 /* AFNetworkingCheckVersionComponent */ = {
			isa = PBXGroup;
			children = (
				7846164D1F533F870053AC03 /* AFHTTPSessionManager+CJCheckVersion.h */,
				7846164E1F533F870053AC03 /* AFHTTPSessionManager+CJCheckVersion.m */,
			);
			path = AFNetworkingCheckVersionComponent;
			sourceTree = "<group>";
		};
		784C15111E8CD8370019D652 /* DownloadDemo */ = {
			isa = PBXGroup;
			children = (
				784C15491E8E2D040019D652 /* DownloadViewController */,
				784C153E1E8E2CC50019D652 /* DownloadListViewController */,
				784C155A1E8E2DB60019D652 /* DownloadHomeViewController.h */,
				784C155B1E8E2DB60019D652 /* DownloadHomeViewController.m */,
				784C155C1E8E2DB60019D652 /* DownloadHomeViewController.xib */,
			);
			path = DownloadDemo;
			sourceTree = "<group>";
		};
		784C153E1E8E2CC50019D652 /* DownloadListViewController */ = {
			isa = PBXGroup;
			children = (
				784C153F1E8E2CC50019D652 /* DownloadListViewController.h */,
				784C15401E8E2CC50019D652 /* DownloadListViewController.m */,
				784C15411E8E2CC50019D652 /* DownloadListViewController.xib */,
				784C15421E8E2CC50019D652 /* DownloadTableViewCell.h */,
				784C15431E8E2CC50019D652 /* DownloadTableViewCell.m */,
				784C15441E8E2CC50019D652 /* DownloadTableViewCell.xib */,
			);
			path = DownloadListViewController;
			sourceTree = "<group>";
		};
		784C15491E8E2D040019D652 /* DownloadViewController */ = {
			isa = PBXGroup;
			children = (
				784C154A1E8E2D040019D652 /* AFDownloadViewController.h */,
				784C154B1E8E2D040019D652 /* AFDownloadViewController.m */,
				784C154C1E8E2D040019D652 /* BaseDownloadViewController.h */,
				784C154D1E8E2D040019D652 /* BaseDownloadViewController.m */,
				784C154E1E8E2D040019D652 /* BaseDownloadViewController.xib */,
				784C154F1E8E2D040019D652 /* SessionDataTaskDownloadViewController.h */,
				784C15501E8E2D040019D652 /* SessionDataTaskDownloadViewController.m */,
				784C15511E8E2D040019D652 /* SessionDownloadTaskDownloadViewController.h */,
				784C15521E8E2D040019D652 /* SessionDownloadTaskDownloadViewController.m */,
				784C15531E8E2D040019D652 /* SessionDownloadTaskDownloadViewController.xib */,
			);
			path = DownloadViewController;
			sourceTree = "<group>";
		};
		78590B5F1E08E1B0000F80EF /* Models */ = {
			isa = PBXGroup;
			children = (
				78590B881E091129000F80EF /* AccountInfo.h */,
				78590B891E091129000F80EF /* AccountInfo.m */,
			);
			path = Models;
			sourceTree = "<group>";
		};
		78590B631E08EE3A000F80EF /* Network */ = {
			isa = PBXGroup;
			children = (
				7832862A1F44C9E900A67E4D /* Librarys */,
				78049F361F307CAF009CE88A /* BaseResponseModels */,
				78193C0A1E95FCE300638145 /* CheckVersionNetworkClient */,
				78193C4F1E961EB800638145 /* Dingdang */,
				78193C541E961EB800638145 /* Healthy */,
				78193C591E961EB800638145 /* Ijinbu */,
				78193C711E961EB800638145 /* Test */,
			);
			path = Network;
			sourceTree = "<group>";
		};
		786E064C1F4DBFDC0049C736 /* CJRequestUtil */ = {
			isa = PBXGroup;
			children = (
				786E064D1F4DBFDC0049C736 /* CJRequestUtil.h */,
				786E064E1F4DBFDC0049C736 /* CJRequestUtil.m */,
			);
			path = CJRequestUtil;
			sourceTree = "<group>";
		};
		78D0A5AE1E94FC9A00337381 /* UploadDemo */ = {
			isa = PBXGroup;
			children = (
				78D0A5AF1E94FCAD00337381 /* UploadViewController.h */,
				78D0A5B01E94FCAD00337381 /* UploadViewController.m */,
				78D0A5B11E94FCAD00337381 /* UploadViewController.xib */,
				78D0A5B71E95064D00337381 /* Resources */,
			);
			path = UploadDemo;
			sourceTree = "<group>";
		};
		78D0A5B71E95064D00337381 /* Resources */ = {
			isa = PBXGroup;
			children = (
				78D0A5B81E95064D00337381 /* op1.jpg */,
			);
			path = Resources;
			sourceTree = "<group>";
		};
		801531A51B78675400B82127 /* Controller */ = {
			isa = PBXGroup;
			children = (
				78D0A5AE1E94FC9A00337381 /* UploadDemo */,
				784C15111E8CD8370019D652 /* DownloadDemo */,
				807109DD1B7E17AE00F343F3 /* AsyncSocketTest */,
				801531A61B78675400B82127 /* AFNTest */,
				801531AA1B78675400B82127 /* Login */,
			);
			path = Controller;
			sourceTree = "<group>";
		};
		801531A61B78675400B82127 /* AFNTest */ = {
			isa = PBXGroup;
			children = (
				801531A71B78675400B82127 /* AFNDemoViewController.h */,
				801531A81B78675400B82127 /* AFNDemoViewController.m */,
				801531A91B78675400B82127 /* AFNDemoViewController.xib */,
			);
			path = AFNTest;
			sourceTree = "<group>";
		};
		801531AA1B78675400B82127 /* Login */ = {
			isa = PBXGroup;
			children = (
				78AB6B1C1C01CDD2004404A9 /* Login.storyboard */,
				801531AD1B78675400B82127 /* Login.h */,
				801531AE1B78675400B82127 /* Login.m */,
				801531AB1B78675400B82127 /* Login+Event.h */,
				801531AC1B78675400B82127 /* Login+Event.m */,
				801531AF1B78675400B82127 /* LoginHelper.h */,
				801531B01B78675400B82127 /* LoginHelper.m */,
			);
			path = Login;
			sourceTree = "<group>";
		};
		804F8FB41B3BDF4D00AF11AA = {
			isa = PBXGroup;
			children = (
				804F8FBF1B3BDF4E00AF11AA /* CommonAFNUtilDemo */,
				804F8FD91B3BDF4E00AF11AA /* CommonAFNUtilDemoTests */,
				804F8FBE1B3BDF4E00AF11AA /* Products */,
				684DB7D1E9908C6E4488C1F7 /* Frameworks */,
				53FC3FB9397F9718C19B0F95 /* Pods */,
			);
			sourceTree = "<group>";
		};
		804F8FBE1B3BDF4E00AF11AA /* Products */ = {
			isa = PBXGroup;
			children = (
				804F8FBD1B3BDF4E00AF11AA /* CommonAFNUtilDemo.app */,
				804F8FD61B3BDF4E00AF11AA /* CommonAFNUtilDemoTests.xctest */,
			);
			name = Products;
			sourceTree = "<group>";
		};
		804F8FBF1B3BDF4E00AF11AA /* CommonAFNUtilDemo */ = {
			isa = PBXGroup;
			children = (
				804F8FC41B3BDF4E00AF11AA /* AppDelegate.h */,
				804F8FC51B3BDF4E00AF11AA /* AppDelegate.m */,
				783286181F44C98300A67E4D /* CJCacheManager */,
				78193C151E96181F00638145 /* CJNetwork */,
				804F8FC71B3BDF4E00AF11AA /* ViewController.h */,
				804F8FC81B3BDF4E00AF11AA /* ViewController.m */,
				780B384A1E93BD00005E8D63 /* 断点续传组件 */,
				78590B631E08EE3A000F80EF /* Network */,
				78590B5F1E08E1B0000F80EF /* Models */,
				804F8FCA1B3BDF4E00AF11AA /* Main.storyboard */,
				804F8FCD1B3BDF4E00AF11AA /* Images.xcassets */,
				804F8FCF1B3BDF4E00AF11AA /* LaunchScreen.xib */,
				801531A51B78675400B82127 /* Controller */,
				808CBA2F1B720C8E00EDFFB9 /* Service */,
				804F8FC01B3BDF4E00AF11AA /* Supporting Files */,
			);
			path = CommonAFNUtilDemo;
			sourceTree = "<group>";
		};
		804F8FC01B3BDF4E00AF11AA /* Supporting Files */ = {
			isa = PBXGroup;
			children = (
				804F8FC11B3BDF4E00AF11AA /* Info.plist */,
				804F8FC21B3BDF4E00AF11AA /* main.m */,
				804F8FF71B3BE84200AF11AA /* CommonAFNUtilDemo.pch */,
			);
			name = "Supporting Files";
			sourceTree = "<group>";
		};
		804F8FD91B3BDF4E00AF11AA /* CommonAFNUtilDemoTests */ = {
			isa = PBXGroup;
			children = (
				804F8FDC1B3BDF4E00AF11AA /* CommonAFNUtilDemoTests.m */,
				804F8FDA1B3BDF4E00AF11AA /* Supporting Files */,
			);
			path = CommonAFNUtilDemoTests;
			sourceTree = "<group>";
		};
		804F8FDA1B3BDF4E00AF11AA /* Supporting Files */ = {
			isa = PBXGroup;
			children = (
				804F8FDB1B3BDF4E00AF11AA /* Info.plist */,
			);
			name = "Supporting Files";
			sourceTree = "<group>";
		};
		807109DD1B7E17AE00F343F3 /* AsyncSocketTest */ = {
			isa = PBXGroup;
			children = (
				807109E31B7E17E900F343F3 /* SocketDemoViewController.h */,
				807109E41B7E17E900F343F3 /* SocketDemoViewController.m */,
				807109E51B7E17E900F343F3 /* SocketDemoViewController.xib */,
			);
			path = AsyncSocketTest;
			sourceTree = "<group>";
		};
		808CBA2F1B720C8E00EDFFB9 /* Service */ = {
			isa = PBXGroup;
			children = (
				808CBA321B720C8E00EDFFB9 /* LoginShareInfo.h */,
				808CBA331B720C8E00EDFFB9 /* LoginShareInfo.m */,
			);
			path = Service;
			sourceTree = "<group>";
		};
/* End PBXGroup section */

/* Begin PBXNativeTarget section */
		804F8FBC1B3BDF4E00AF11AA /* CommonAFNUtilDemo */ = {
			isa = PBXNativeTarget;
			buildConfigurationList = 804F8FE01B3BDF4E00AF11AA /* Build configuration list for PBXNativeTarget "CommonAFNUtilDemo" */;
			buildPhases = (
				3A5F004D09DE712676D93DB4 /* [CP] Check Pods Manifest.lock */,
				804F8FB91B3BDF4E00AF11AA /* Sources */,
				804F8FBA1B3BDF4E00AF11AA /* Frameworks */,
				804F8FBB1B3BDF4E00AF11AA /* Resources */,
				9AA8F6A3EEBAA0E16A50D12B /* [CP] Embed Pods Frameworks */,
				02B6FFD7DB23234DBF67BFFC /* [CP] Copy Pods Resources */,
			);
			buildRules = (
			);
			dependencies = (
			);
			name = CommonAFNUtilDemo;
			productName = CommonAFNUtilDemo;
			productReference = 804F8FBD1B3BDF4E00AF11AA /* CommonAFNUtilDemo.app */;
			productType = "com.apple.product-type.application";
		};
		804F8FD51B3BDF4E00AF11AA /* CommonAFNUtilDemoTests */ = {
			isa = PBXNativeTarget;
			buildConfigurationList = 804F8FE31B3BDF4E00AF11AA /* Build configuration list for PBXNativeTarget "CommonAFNUtilDemoTests" */;
			buildPhases = (
				1BBB60416933B04CBE41A0C0 /* [CP] Check Pods Manifest.lock */,
				804F8FD21B3BDF4E00AF11AA /* Sources */,
				804F8FD31B3BDF4E00AF11AA /* Frameworks */,
				804F8FD41B3BDF4E00AF11AA /* Resources */,
				D020104D8EFA97C69B8A5282 /* [CP] Embed Pods Frameworks */,
				749EC6C4D750CC118BD91678 /* [CP] Copy Pods Resources */,
			);
			buildRules = (
			);
			dependencies = (
				804F8FD81B3BDF4E00AF11AA /* PBXTargetDependency */,
			);
			name = CommonAFNUtilDemoTests;
			productName = CommonAFNUtilDemoTests;
			productReference = 804F8FD61B3BDF4E00AF11AA /* CommonAFNUtilDemoTests.xctest */;
			productType = "com.apple.product-type.bundle.unit-test";
		};
/* End PBXNativeTarget section */

/* Begin PBXProject section */
		804F8FB51B3BDF4D00AF11AA /* Project object */ = {
			isa = PBXProject;
			attributes = {
				LastUpgradeCheck = 0800;
				ORGANIZATIONNAME = dvlproad;
				TargetAttributes = {
					804F8FBC1B3BDF4E00AF11AA = {
						CreatedOnToolsVersion = 6.2;
					};
					804F8FD51B3BDF4E00AF11AA = {
						CreatedOnToolsVersion = 6.2;
						TestTargetID = 804F8FBC1B3BDF4E00AF11AA;
					};
				};
			};
			buildConfigurationList = 804F8FB81B3BDF4E00AF11AA /* Build configuration list for PBXProject "CommonAFNUtilDemo" */;
			compatibilityVersion = "Xcode 3.2";
			developmentRegion = English;
			hasScannedForEncodings = 0;
			knownRegions = (
				en,
				Base,
			);
			mainGroup = 804F8FB41B3BDF4D00AF11AA;
			productRefGroup = 804F8FBE1B3BDF4E00AF11AA /* Products */;
			projectDirPath = "";
			projectRoot = "";
			targets = (
				804F8FBC1B3BDF4E00AF11AA /* CommonAFNUtilDemo */,
				804F8FD51B3BDF4E00AF11AA /* CommonAFNUtilDemoTests */,
			);
		};
/* End PBXProject section */

/* Begin PBXResourcesBuildPhase section */
		804F8FBB1B3BDF4E00AF11AA /* Resources */ = {
			isa = PBXResourcesBuildPhase;
			buildActionMask = 2147483647;
			files = (
				784C15461E8E2CC50019D652 /* DownloadListViewController.xib in Resources */,
				78D0A5B31E94FCAD00337381 /* UploadViewController.xib in Resources */,
				804F8FCC1B3BDF4E00AF11AA /* Main.storyboard in Resources */,
				801531B21B78675400B82127 /* AFNDemoViewController.xib in Resources */,
				784C15561E8E2D040019D652 /* BaseDownloadViewController.xib in Resources */,
				78AB6B1D1C01CDD2004404A9 /* Login.storyboard in Resources */,
				807109E71B7E17E900F343F3 /* SocketDemoViewController.xib in Resources */,
				78D0A5B91E95064D00337381 /* op1.jpg in Resources */,
				804F8FD11B3BDF4E00AF11AA /* LaunchScreen.xib in Resources */,
				784C15591E8E2D040019D652 /* SessionDownloadTaskDownloadViewController.xib in Resources */,
				784C155E1E8E2DB60019D652 /* DownloadHomeViewController.xib in Resources */,
				804F8FCE1B3BDF4E00AF11AA /* Images.xcassets in Resources */,
				784C15481E8E2CC50019D652 /* DownloadTableViewCell.xib in Resources */,
			);
			runOnlyForDeploymentPostprocessing = 0;
		};
		804F8FD41B3BDF4E00AF11AA /* Resources */ = {
			isa = PBXResourcesBuildPhase;
			buildActionMask = 2147483647;
			files = (
			);
			runOnlyForDeploymentPostprocessing = 0;
		};
/* End PBXResourcesBuildPhase section */

/* Begin PBXShellScriptBuildPhase section */
		02B6FFD7DB23234DBF67BFFC /* [CP] Copy Pods Resources */ = {
			isa = PBXShellScriptBuildPhase;
			buildActionMask = 2147483647;
			files = (
			);
			inputPaths = (
				"${SRCROOT}/Pods/Target Support Files/Pods-CommonAFNUtilDemo/Pods-CommonAFNUtilDemo-resources.sh",
				"${PODS_ROOT}/SVProgressHUD/SVProgressHUD/SVProgressHUD.bundle",
			);
			name = "[CP] Copy Pods Resources";
			outputPaths = (
				"${TARGET_BUILD_DIR}/${UNLOCALIZED_RESOURCES_FOLDER_PATH}",
			);
			runOnlyForDeploymentPostprocessing = 0;
			shellPath = /bin/sh;
			shellScript = "\"${SRCROOT}/Pods/Target Support Files/Pods-CommonAFNUtilDemo/Pods-CommonAFNUtilDemo-resources.sh\"\n";
			showEnvVarsInLog = 0;
		};
		1BBB60416933B04CBE41A0C0 /* [CP] Check Pods Manifest.lock */ = {
			isa = PBXShellScriptBuildPhase;
			buildActionMask = 2147483647;
			files = (
			);
			inputPaths = (
				"${PODS_PODFILE_DIR_PATH}/Podfile.lock",
				"${PODS_ROOT}/Manifest.lock",
			);
			name = "[CP] Check Pods Manifest.lock";
			outputPaths = (
				"$(DERIVED_FILE_DIR)/Pods-CommonAFNUtilDemoTests-checkManifestLockResult.txt",
			);
			runOnlyForDeploymentPostprocessing = 0;
			shellPath = /bin/sh;
			shellScript = "diff \"${PODS_PODFILE_DIR_PATH}/Podfile.lock\" \"${PODS_ROOT}/Manifest.lock\" > /dev/null\nif [ $? != 0 ] ; then\n    # print error to STDERR\n    echo \"error: The sandbox is not in sync with the Podfile.lock. Run 'pod install' or update your CocoaPods installation.\" >&2\n    exit 1\nfi\n# This output is used by Xcode 'outputs' to avoid re-running this script phase.\necho \"SUCCESS\" > \"${SCRIPT_OUTPUT_FILE_0}\"\n";
			showEnvVarsInLog = 0;
		};
		3A5F004D09DE712676D93DB4 /* [CP] Check Pods Manifest.lock */ = {
			isa = PBXShellScriptBuildPhase;
			buildActionMask = 2147483647;
			files = (
			);
			inputPaths = (
				"${PODS_PODFILE_DIR_PATH}/Podfile.lock",
				"${PODS_ROOT}/Manifest.lock",
			);
			name = "[CP] Check Pods Manifest.lock";
			outputPaths = (
				"$(DERIVED_FILE_DIR)/Pods-CommonAFNUtilDemo-checkManifestLockResult.txt",
			);
			runOnlyForDeploymentPostprocessing = 0;
			shellPath = /bin/sh;
			shellScript = "diff \"${PODS_PODFILE_DIR_PATH}/Podfile.lock\" \"${PODS_ROOT}/Manifest.lock\" > /dev/null\nif [ $? != 0 ] ; then\n    # print error to STDERR\n    echo \"error: The sandbox is not in sync with the Podfile.lock. Run 'pod install' or update your CocoaPods installation.\" >&2\n    exit 1\nfi\n# This output is used by Xcode 'outputs' to avoid re-running this script phase.\necho \"SUCCESS\" > \"${SCRIPT_OUTPUT_FILE_0}\"\n";
			showEnvVarsInLog = 0;
		};
		749EC6C4D750CC118BD91678 /* [CP] Copy Pods Resources */ = {
			isa = PBXShellScriptBuildPhase;
			buildActionMask = 2147483647;
			files = (
			);
			inputPaths = (
			);
			name = "[CP] Copy Pods Resources";
			outputPaths = (
			);
			runOnlyForDeploymentPostprocessing = 0;
			shellPath = /bin/sh;
			shellScript = "\"${SRCROOT}/Pods/Target Support Files/Pods-CommonAFNUtilDemoTests/Pods-CommonAFNUtilDemoTests-resources.sh\"\n";
			showEnvVarsInLog = 0;
		};
		9AA8F6A3EEBAA0E16A50D12B /* [CP] Embed Pods Frameworks */ = {
			isa = PBXShellScriptBuildPhase;
			buildActionMask = 2147483647;
			files = (
			);
			inputPaths = (
			);
			name = "[CP] Embed Pods Frameworks";
			outputPaths = (
			);
			runOnlyForDeploymentPostprocessing = 0;
			shellPath = /bin/sh;
			shellScript = "\"${SRCROOT}/Pods/Target Support Files/Pods-CommonAFNUtilDemo/Pods-CommonAFNUtilDemo-frameworks.sh\"\n";
			showEnvVarsInLog = 0;
		};
		D020104D8EFA97C69B8A5282 /* [CP] Embed Pods Frameworks */ = {
			isa = PBXShellScriptBuildPhase;
			buildActionMask = 2147483647;
			files = (
			);
			inputPaths = (
			);
			name = "[CP] Embed Pods Frameworks";
			outputPaths = (
			);
			runOnlyForDeploymentPostprocessing = 0;
			shellPath = /bin/sh;
			shellScript = "\"${SRCROOT}/Pods/Target Support Files/Pods-CommonAFNUtilDemoTests/Pods-CommonAFNUtilDemoTests-frameworks.sh\"\n";
			showEnvVarsInLog = 0;
		};
/* End PBXShellScriptBuildPhase section */

/* Begin PBXSourcesBuildPhase section */
		804F8FB91B3BDF4E00AF11AA /* Sources */ = {
			isa = PBXSourcesBuildPhase;
			buildActionMask = 2147483647;
			files = (
				780B38561E93BD00005E8D63 /* MQLResumeManager.m in Sources */,
				78193C791E961EB800638145 /* HealthyNetworkClient.m in Sources */,
				801531B51B78675400B82127 /* LoginHelper.m in Sources */,
				784C15541E8E2D040019D652 /* AFDownloadViewController.m in Sources */,
				7846164F1F533F870053AC03 /* AFHTTPSessionManager+CJCheckVersion.m in Sources */,
				78590B8A1E091129000F80EF /* AccountInfo.m in Sources */,
				780B38571E93BD00005E8D63 /* HSDownloadManager.m in Sources */,
				78193C0F1E95FCE300638145 /* CheckVersionNetworkClient.m in Sources */,
				783286271F44C98300A67E4D /* CJDataDiskManager.m in Sources */,
				78193C7A1E961EB800638145 /* IjinbuHTTPSessionManager.m in Sources */,
				784616321F532A7C0053AC03 /* CJUploadItemModel.m in Sources */,
				786E064F1F4DBFDC0049C736 /* CJRequestUtil.m in Sources */,
				783286291F44C98300A67E4D /* CJDataMemoryDictionaryManager.m in Sources */,
				78193C771E961EB800638145 /* DingdangNetworkClient.m in Sources */,
				78D0A5B21E94FCAD00337381 /* UploadViewController.m in Sources */,
				784616311F532A7C0053AC03 /* CJUploadInfo.m in Sources */,
				784616331F532A7C0053AC03 /* CJUploadProgressView.m in Sources */,
				783286281F44C98300A67E4D /* CJDataMemoryCacheManager.m in Sources */,
				78049F391F307CAF009CE88A /* CJResponseModel.m in Sources */,
				784616341F532A7C0053AC03 /* UIView+AFNetworkingUpload.m in Sources */,
				804F8FC91B3BDF4E00AF11AA /* ViewController.m in Sources */,
				7846162E1F532A7C0053AC03 /* AFHTTPSessionManager+CJUploadFile.m in Sources */,
				7846162F1F532A7C0053AC03 /* AFNetworkingUploadUtil.m in Sources */,
				780B38581E93BD00005E8D63 /* HSSessionModel.m in Sources */,
				784C15581E8E2D040019D652 /* SessionDownloadTaskDownloadViewController.m in Sources */,
				784C15451E8E2CC50019D652 /* DownloadListViewController.m in Sources */,
				78049F311F307C5C009CE88A /* IjinbuResponseModel.m in Sources */,
				78193C851E961EB800638145 /* TestHTTPSessionManager.m in Sources */,
				7846164B1F533D070053AC03 /* CJObjectConvertUtil.m in Sources */,
				801531B31B78675400B82127 /* Login+Event.m in Sources */,
				78193C7D1E961EB800638145 /* IjinbuNetworkClient.m in Sources */,
				784616431F5338B90053AC03 /* AFHTTPSessionManager+CJCacheRequest.m in Sources */,
				78049F321F307C5C009CE88A /* IjinbuSession.m in Sources */,
				78193C411E96181F00638145 /* CJNetworkMonitor.m in Sources */,
				801531B41B78675400B82127 /* Login.m in Sources */,
				78049F331F307C5C009CE88A /* IjinbuUser.m in Sources */,
				784C15551E8E2D040019D652 /* BaseDownloadViewController.m in Sources */,
				78193C7C1E961EB800638145 /* IjinbuNetworkClient+UploadFile.m in Sources */,
				784616441F5338B90053AC03 /* CJJSONResponseSerializer.m in Sources */,
				78193C861E961EB800638145 /* TestNetworkClient.m in Sources */,
				807109E61B7E17E900F343F3 /* SocketDemoViewController.m in Sources */,
				784616461F5338B90053AC03 /* NSURLSessionTask+CJErrorMessage.m in Sources */,
				78193C811E961EB800638145 /* CJUploadItemResult.m in Sources */,
				784616301F532A7C0053AC03 /* CJBaseUploadItem.m in Sources */,
				804F8FC61B3BDF4E00AF11AA /* AppDelegate.m in Sources */,
				783286251F44C98300A67E4D /* CJCacheManager.m in Sources */,
				784C15471E8E2CC50019D652 /* DownloadTableViewCell.m in Sources */,
				784C15571E8E2D040019D652 /* SessionDataTaskDownloadViewController.m in Sources */,
				78193C761E961EB800638145 /* DingdangHTTPSessionManager.m in Sources */,
				78193C781E961EB800638145 /* HealthyHTTPSessionManager.m in Sources */,
				804F8FC31B3BDF4E00AF11AA /* main.m in Sources */,
				783286261F44C98300A67E4D /* CJCacheDataModel.m in Sources */,
				78193C831E961EB800638145 /* IjinbuUploadItemRequest.m in Sources */,
				784616451F5338B90053AC03 /* NSString+URLEncoding.m in Sources */,
				784616471F5338B90053AC03 /* CJRequestCacheDataUtil.m in Sources */,
				78193C821E961EB800638145 /* CJUploadVideoItem.m in Sources */,
				78193C801E961EB800638145 /* CJImageUploadItem.m in Sources */,
				78193C7B1E961EB800638145 /* IjinbuNetworkClient+Login.m in Sources */,
				801531B11B78675400B82127 /* AFNDemoViewController.m in Sources */,
				78193C101E95FCE300638145 /* CheckVersionNetworkClientHTTPSessionManager.m in Sources */,
				784C155D1E8E2DB60019D652 /* DownloadHomeViewController.m in Sources */,
				780B38591E93BD00005E8D63 /* NSString+Hash.m in Sources */,
				808CBA351B720C8E00EDFFB9 /* LoginShareInfo.m in Sources */,
			);
			runOnlyForDeploymentPostprocessing = 0;
		};
		804F8FD21B3BDF4E00AF11AA /* Sources */ = {
			isa = PBXSourcesBuildPhase;
			buildActionMask = 2147483647;
			files = (
				804F8FDD1B3BDF4E00AF11AA /* CommonAFNUtilDemoTests.m in Sources */,
			);
			runOnlyForDeploymentPostprocessing = 0;
		};
/* End PBXSourcesBuildPhase section */

/* Begin PBXTargetDependency section */
		804F8FD81B3BDF4E00AF11AA /* PBXTargetDependency */ = {
			isa = PBXTargetDependency;
			target = 804F8FBC1B3BDF4E00AF11AA /* CommonAFNUtilDemo */;
			targetProxy = 804F8FD71B3BDF4E00AF11AA /* PBXContainerItemProxy */;
		};
/* End PBXTargetDependency section */

/* Begin PBXVariantGroup section */
		804F8FCA1B3BDF4E00AF11AA /* Main.storyboard */ = {
			isa = PBXVariantGroup;
			children = (
				804F8FCB1B3BDF4E00AF11AA /* Base */,
			);
			name = Main.storyboard;
			sourceTree = "<group>";
		};
		804F8FCF1B3BDF4E00AF11AA /* LaunchScreen.xib */ = {
			isa = PBXVariantGroup;
			children = (
				804F8FD01B3BDF4E00AF11AA /* Base */,
			);
			name = LaunchScreen.xib;
			sourceTree = "<group>";
		};
/* End PBXVariantGroup section */

/* Begin XCBuildConfiguration section */
		804F8FDE1B3BDF4E00AF11AA /* Debug */ = {
			isa = XCBuildConfiguration;
			buildSettings = {
				ALWAYS_SEARCH_USER_PATHS = NO;
				CLANG_CXX_LANGUAGE_STANDARD = "gnu++0x";
				CLANG_CXX_LIBRARY = "libc++";
				CLANG_ENABLE_MODULES = YES;
				CLANG_ENABLE_OBJC_ARC = YES;
				CLANG_WARN_BOOL_CONVERSION = YES;
				CLANG_WARN_CONSTANT_CONVERSION = YES;
				CLANG_WARN_DIRECT_OBJC_ISA_USAGE = YES_ERROR;
				CLANG_WARN_EMPTY_BODY = YES;
				CLANG_WARN_ENUM_CONVERSION = YES;
				CLANG_WARN_INFINITE_RECURSION = YES;
				CLANG_WARN_INT_CONVERSION = YES;
				CLANG_WARN_OBJC_ROOT_CLASS = YES_ERROR;
				CLANG_WARN_SUSPICIOUS_MOVE = YES;
				CLANG_WARN_UNREACHABLE_CODE = YES;
				CLANG_WARN__DUPLICATE_METHOD_MATCH = YES;
				"CODE_SIGN_IDENTITY[sdk=iphoneos*]" = "iPhone Developer";
				COPY_PHASE_STRIP = NO;
				ENABLE_STRICT_OBJC_MSGSEND = YES;
				ENABLE_TESTABILITY = YES;
				GCC_C_LANGUAGE_STANDARD = gnu99;
				GCC_DYNAMIC_NO_PIC = NO;
				GCC_NO_COMMON_BLOCKS = YES;
				GCC_OPTIMIZATION_LEVEL = 0;
				GCC_PREPROCESSOR_DEFINITIONS = (
					"DEBUG=1",
					"$(inherited)",
				);
				GCC_SYMBOLS_PRIVATE_EXTERN = NO;
				GCC_WARN_64_TO_32_BIT_CONVERSION = YES;
				GCC_WARN_ABOUT_RETURN_TYPE = YES_ERROR;
				GCC_WARN_UNDECLARED_SELECTOR = YES;
				GCC_WARN_UNINITIALIZED_AUTOS = YES_AGGRESSIVE;
				GCC_WARN_UNUSED_FUNCTION = YES;
				GCC_WARN_UNUSED_VARIABLE = YES;
				IPHONEOS_DEPLOYMENT_TARGET = 8.2;
				MTL_ENABLE_DEBUG_INFO = YES;
				ONLY_ACTIVE_ARCH = YES;
				SDKROOT = iphoneos;
			};
			name = Debug;
		};
		804F8FDF1B3BDF4E00AF11AA /* Release */ = {
			isa = XCBuildConfiguration;
			buildSettings = {
				ALWAYS_SEARCH_USER_PATHS = NO;
				CLANG_CXX_LANGUAGE_STANDARD = "gnu++0x";
				CLANG_CXX_LIBRARY = "libc++";
				CLANG_ENABLE_MODULES = YES;
				CLANG_ENABLE_OBJC_ARC = YES;
				CLANG_WARN_BOOL_CONVERSION = YES;
				CLANG_WARN_CONSTANT_CONVERSION = YES;
				CLANG_WARN_DIRECT_OBJC_ISA_USAGE = YES_ERROR;
				CLANG_WARN_EMPTY_BODY = YES;
				CLANG_WARN_ENUM_CONVERSION = YES;
				CLANG_WARN_INFINITE_RECURSION = YES;
				CLANG_WARN_INT_CONVERSION = YES;
				CLANG_WARN_OBJC_ROOT_CLASS = YES_ERROR;
				CLANG_WARN_SUSPICIOUS_MOVE = YES;
				CLANG_WARN_UNREACHABLE_CODE = YES;
				CLANG_WARN__DUPLICATE_METHOD_MATCH = YES;
				"CODE_SIGN_IDENTITY[sdk=iphoneos*]" = "iPhone Developer";
				COPY_PHASE_STRIP = NO;
				ENABLE_NS_ASSERTIONS = NO;
				ENABLE_STRICT_OBJC_MSGSEND = YES;
				GCC_C_LANGUAGE_STANDARD = gnu99;
				GCC_NO_COMMON_BLOCKS = YES;
				GCC_WARN_64_TO_32_BIT_CONVERSION = YES;
				GCC_WARN_ABOUT_RETURN_TYPE = YES_ERROR;
				GCC_WARN_UNDECLARED_SELECTOR = YES;
				GCC_WARN_UNINITIALIZED_AUTOS = YES_AGGRESSIVE;
				GCC_WARN_UNUSED_FUNCTION = YES;
				GCC_WARN_UNUSED_VARIABLE = YES;
				IPHONEOS_DEPLOYMENT_TARGET = 8.2;
				MTL_ENABLE_DEBUG_INFO = NO;
				SDKROOT = iphoneos;
				VALIDATE_PRODUCT = YES;
			};
			name = Release;
		};
		804F8FE11B3BDF4E00AF11AA /* Debug */ = {
			isa = XCBuildConfiguration;
			baseConfigurationReference = 4DF147B794DABA1B3B749FCD /* Pods-CommonAFNUtilDemo.debug.xcconfig */;
			buildSettings = {
				ASSETCATALOG_COMPILER_APPICON_NAME = AppIcon;
				GCC_PRECOMPILE_PREFIX_HEADER = YES;
				GCC_PREFIX_HEADER = "$(SRCROOT)/CommonAFNUtilDemo/CommonAFNUtilDemo.pch";
				INFOPLIST_FILE = CommonAFNUtilDemo/Info.plist;
				LD_RUNPATH_SEARCH_PATHS = "$(inherited) @executable_path/Frameworks";
				PRODUCT_BUNDLE_IDENTIFIER = "com.health.$(PRODUCT_NAME:rfc1034identifier)";
				PRODUCT_NAME = "$(TARGET_NAME)";
			};
			name = Debug;
		};
		804F8FE21B3BDF4E00AF11AA /* Release */ = {
			isa = XCBuildConfiguration;
			baseConfigurationReference = 4204150C2F919C31E2F10C0F /* Pods-CommonAFNUtilDemo.release.xcconfig */;
			buildSettings = {
				ASSETCATALOG_COMPILER_APPICON_NAME = AppIcon;
				GCC_PRECOMPILE_PREFIX_HEADER = YES;
				GCC_PREFIX_HEADER = "$(SRCROOT)/CommonAFNUtilDemo/CommonAFNUtilDemo.pch";
				INFOPLIST_FILE = CommonAFNUtilDemo/Info.plist;
				LD_RUNPATH_SEARCH_PATHS = "$(inherited) @executable_path/Frameworks";
				PRODUCT_BUNDLE_IDENTIFIER = "com.health.$(PRODUCT_NAME:rfc1034identifier)";
				PRODUCT_NAME = "$(TARGET_NAME)";
			};
			name = Release;
		};
		804F8FE41B3BDF4E00AF11AA /* Debug */ = {
			isa = XCBuildConfiguration;
			baseConfigurationReference = A73866BDADA130D8CFFD9AEF /* Pods-CommonAFNUtilDemoTests.debug.xcconfig */;
			buildSettings = {
				BUNDLE_LOADER = "$(TEST_HOST)";
				FRAMEWORK_SEARCH_PATHS = (
					"$(SDKROOT)/Developer/Library/Frameworks",
					"$(inherited)",
				);
				GCC_PREPROCESSOR_DEFINITIONS = (
					"DEBUG=1",
					"$(inherited)",
				);
				INFOPLIST_FILE = CommonAFNUtilDemoTests/Info.plist;
				LD_RUNPATH_SEARCH_PATHS = "$(inherited) @executable_path/Frameworks @loader_path/Frameworks";
				PRODUCT_BUNDLE_IDENTIFIER = "com.ciyouzen.$(PRODUCT_NAME:rfc1034identifier)";
				PRODUCT_NAME = "$(TARGET_NAME)";
				TEST_HOST = "$(BUILT_PRODUCTS_DIR)/CommonAFNUtilDemo.app/CommonAFNUtilDemo";
			};
			name = Debug;
		};
		804F8FE51B3BDF4E00AF11AA /* Release */ = {
			isa = XCBuildConfiguration;
			baseConfigurationReference = 8466B89648C8AB42EFAD5B0E /* Pods-CommonAFNUtilDemoTests.release.xcconfig */;
			buildSettings = {
				BUNDLE_LOADER = "$(TEST_HOST)";
				FRAMEWORK_SEARCH_PATHS = (
					"$(SDKROOT)/Developer/Library/Frameworks",
					"$(inherited)",
				);
				INFOPLIST_FILE = CommonAFNUtilDemoTests/Info.plist;
				LD_RUNPATH_SEARCH_PATHS = "$(inherited) @executable_path/Frameworks @loader_path/Frameworks";
				PRODUCT_BUNDLE_IDENTIFIER = "com.ciyouzen.$(PRODUCT_NAME:rfc1034identifier)";
				PRODUCT_NAME = "$(TARGET_NAME)";
				TEST_HOST = "$(BUILT_PRODUCTS_DIR)/CommonAFNUtilDemo.app/CommonAFNUtilDemo";
			};
			name = Release;
		};
/* End XCBuildConfiguration section */

/* Begin XCConfigurationList section */
		804F8FB81B3BDF4E00AF11AA /* Build configuration list for PBXProject "CommonAFNUtilDemo" */ = {
			isa = XCConfigurationList;
			buildConfigurations = (
				804F8FDE1B3BDF4E00AF11AA /* Debug */,
				804F8FDF1B3BDF4E00AF11AA /* Release */,
			);
			defaultConfigurationIsVisible = 0;
			defaultConfigurationName = Release;
		};
		804F8FE01B3BDF4E00AF11AA /* Build configuration list for PBXNativeTarget "CommonAFNUtilDemo" */ = {
			isa = XCConfigurationList;
			buildConfigurations = (
				804F8FE11B3BDF4E00AF11AA /* Debug */,
				804F8FE21B3BDF4E00AF11AA /* Release */,
			);
			defaultConfigurationIsVisible = 0;
			defaultConfigurationName = Release;
		};
		804F8FE31B3BDF4E00AF11AA /* Build configuration list for PBXNativeTarget "CommonAFNUtilDemoTests" */ = {
			isa = XCConfigurationList;
			buildConfigurations = (
				804F8FE41B3BDF4E00AF11AA /* Debug */,
				804F8FE51B3BDF4E00AF11AA /* Release */,
			);
			defaultConfigurationIsVisible = 0;
			defaultConfigurationName = Release;
		};
/* End XCConfigurationList section */
	};
	rootObject = 804F8FB51B3BDF4D00AF11AA /* Project object */;
}
