// !$*UTF8*$!
{
	archiveVersion = 1;
	classes = {
	};
	objectVersion = 46;
	objects = {

/* Begin PBXBuildFile section */
		78AB6B1D1C01CDD2004404A9 /* Login.storyboard in Resources */ = {isa = PBXBuildFile; fileRef = 78AB6B1C1C01CDD2004404A9 /* Login.storyboard */; settings = {ASSET_TAGS = (); }; };
		78AB6B351C0214A2004404A9 /* AFHTTPRequestOperation+Get.m in Sources */ = {isa = PBXBuildFile; fileRef = 78AB6B2C1C0214A2004404A9 /* AFHTTPRequestOperation+Get.m */; settings = {ASSET_TAGS = (); }; };
		78AB6B361C0214A2004404A9 /* AFNUtil.m in Sources */ = {isa = PBXBuildFile; fileRef = 78AB6B2E1C0214A2004404A9 /* AFNUtil.m */; settings = {ASSET_TAGS = (); }; };
		78AB6B371C0214A2004404A9 /* AFNUtilCache.m in Sources */ = {isa = PBXBuildFile; fileRef = 78AB6B301C0214A2004404A9 /* AFNUtilCache.m */; settings = {ASSET_TAGS = (); }; };
		78AB6B381C0214A2004404A9 /* AFNUtilCheck.m in Sources */ = {isa = PBXBuildFile; fileRef = 78AB6B321C0214A2004404A9 /* AFNUtilCheck.m */; settings = {ASSET_TAGS = (); }; };
		78AB6B391C0214A2004404A9 /* URLRequestUtil.m in Sources */ = {isa = PBXBuildFile; fileRef = 78AB6B341C0214A2004404A9 /* URLRequestUtil.m */; settings = {ASSET_TAGS = (); }; };
		801531841B78505B00B82127 /* CommonAFNInstance.m in Sources */ = {isa = PBXBuildFile; fileRef = 801531831B78505B00B82127 /* CommonAFNInstance.m */; };
		8015319E1B7864EE00B82127 /* CommonWebUtil.m in Sources */ = {isa = PBXBuildFile; fileRef = 801531971B7864ED00B82127 /* CommonWebUtil.m */; };
		801531A01B7864EE00B82127 /* NetworkUtil.m in Sources */ = {isa = PBXBuildFile; fileRef = 8015319C1B7864EE00B82127 /* NetworkUtil.m */; };
		801531B11B78675400B82127 /* AFNDemoViewController.m in Sources */ = {isa = PBXBuildFile; fileRef = 801531A81B78675400B82127 /* AFNDemoViewController.m */; };
		801531B21B78675400B82127 /* AFNDemoViewController.xib in Resources */ = {isa = PBXBuildFile; fileRef = 801531A91B78675400B82127 /* AFNDemoViewController.xib */; };
		801531B31B78675400B82127 /* Login+Event.m in Sources */ = {isa = PBXBuildFile; fileRef = 801531AC1B78675400B82127 /* Login+Event.m */; };
		801531B41B78675400B82127 /* Login.m in Sources */ = {isa = PBXBuildFile; fileRef = 801531AE1B78675400B82127 /* Login.m */; };
		801531B51B78675400B82127 /* LoginHelper.m in Sources */ = {isa = PBXBuildFile; fileRef = 801531B01B78675400B82127 /* LoginHelper.m */; };
		804F8FC31B3BDF4E00AF11AA /* main.m in Sources */ = {isa = PBXBuildFile; fileRef = 804F8FC21B3BDF4E00AF11AA /* main.m */; };
		804F8FC61B3BDF4E00AF11AA /* AppDelegate.m in Sources */ = {isa = PBXBuildFile; fileRef = 804F8FC51B3BDF4E00AF11AA /* AppDelegate.m */; };
		804F8FC91B3BDF4E00AF11AA /* ViewController.m in Sources */ = {isa = PBXBuildFile; fileRef = 804F8FC81B3BDF4E00AF11AA /* ViewController.m */; };
		804F8FCC1B3BDF4E00AF11AA /* Main.storyboard in Resources */ = {isa = PBXBuildFile; fileRef = 804F8FCA1B3BDF4E00AF11AA /* Main.storyboard */; };
		804F8FCE1B3BDF4E00AF11AA /* Images.xcassets in Resources */ = {isa = PBXBuildFile; fileRef = 804F8FCD1B3BDF4E00AF11AA /* Images.xcassets */; };
		804F8FD11B3BDF4E00AF11AA /* LaunchScreen.xib in Resources */ = {isa = PBXBuildFile; fileRef = 804F8FCF1B3BDF4E00AF11AA /* LaunchScreen.xib */; };
		804F8FDD1B3BDF4E00AF11AA /* CommonAFNUtilDemoTests.m in Sources */ = {isa = PBXBuildFile; fileRef = 804F8FDC1B3BDF4E00AF11AA /* CommonAFNUtilDemoTests.m */; };
		807109E61B7E17E900F343F3 /* SocketDemoViewController.m in Sources */ = {isa = PBXBuildFile; fileRef = 807109E41B7E17E900F343F3 /* SocketDemoViewController.m */; };
		807109E71B7E17E900F343F3 /* SocketDemoViewController.xib in Resources */ = {isa = PBXBuildFile; fileRef = 807109E51B7E17E900F343F3 /* SocketDemoViewController.xib */; };
		808CBA341B720C8E00EDFFB9 /* CurrentAFNAPI.m in Sources */ = {isa = PBXBuildFile; fileRef = 808CBA311B720C8E00EDFFB9 /* CurrentAFNAPI.m */; };
		808CBA351B720C8E00EDFFB9 /* LoginShareInfo.m in Sources */ = {isa = PBXBuildFile; fileRef = 808CBA331B720C8E00EDFFB9 /* LoginShareInfo.m */; };
		808CBA7D1B733A1800EDFFB9 /* CommonDataCacheManager.m in Sources */ = {isa = PBXBuildFile; fileRef = 808CBA751B733A1800EDFFB9 /* CommonDataCacheManager.m */; };
		808CBA7E1B733A1800EDFFB9 /* NSData+Convert.m in Sources */ = {isa = PBXBuildFile; fileRef = 808CBA781B733A1800EDFFB9 /* NSData+Convert.m */; };
		808CBA7F1B733A1800EDFFB9 /* NSDictionary+Convert.m in Sources */ = {isa = PBXBuildFile; fileRef = 808CBA7A1B733A1800EDFFB9 /* NSDictionary+Convert.m */; };
		808CBA801B733A1800EDFFB9 /* NSString+MD5.m in Sources */ = {isa = PBXBuildFile; fileRef = 808CBA7C1B733A1800EDFFB9 /* NSString+MD5.m */; };
		80E1942A1B7C92F2007907BF /* CurrentAFNManager.m in Sources */ = {isa = PBXBuildFile; fileRef = 80E194291B7C92F2007907BF /* CurrentAFNManager.m */; };
		80EB6EE71B6C986F008835A8 /* AccountInfo.m in Sources */ = {isa = PBXBuildFile; fileRef = 80EB6EE61B6C986F008835A8 /* AccountInfo.m */; };
		80FD325D1B943FFC0060A7FB /* NSString+Encoding.m in Sources */ = {isa = PBXBuildFile; fileRef = 80FD325C1B943FFC0060A7FB /* NSString+Encoding.m */; };
		E3F3C91D5CA02790F80271FC /* libPods-CommonAFNUtilDemo.a in Frameworks */ = {isa = PBXBuildFile; fileRef = F60122F35FBC7C45FE97E535 /* libPods-CommonAFNUtilDemo.a */; };
		F887F2663BBE4D515DAD9052 /* libPods-CommonAFNUtilDemoTests.a in Frameworks */ = {isa = PBXBuildFile; fileRef = 32B8358D85A89326606B47AE /* libPods-CommonAFNUtilDemoTests.a */; };
/* End PBXBuildFile section */

/* Begin PBXContainerItemProxy section */
		804F8FD71B3BDF4E00AF11AA /* PBXContainerItemProxy */ = {
			isa = PBXContainerItemProxy;
			containerPortal = 804F8FB51B3BDF4D00AF11AA /* Project object */;
			proxyType = 1;
			remoteGlobalIDString = 804F8FBC1B3BDF4E00AF11AA;
			remoteInfo = CommonAFNUtilDemo;
		};
/* End PBXContainerItemProxy section */

/* Begin PBXFileReference section */
		0B7A7DA4BBE1B834A7973EF8 /* Pods-CommonAFNUtilDemo.release.xcconfig */ = {isa = PBXFileReference; includeInIndex = 1; lastKnownFileType = text.xcconfig; name = "Pods-CommonAFNUtilDemo.release.xcconfig"; path = "Pods/Target Support Files/Pods-CommonAFNUtilDemo/Pods-CommonAFNUtilDemo.release.xcconfig"; sourceTree = "<group>"; };
		105F0972820BDABDBCFEF52C /* Pods-CommonAFNUtilDemoTests.debug.xcconfig */ = {isa = PBXFileReference; includeInIndex = 1; lastKnownFileType = text.xcconfig; name = "Pods-CommonAFNUtilDemoTests.debug.xcconfig"; path = "Pods/Target Support Files/Pods-CommonAFNUtilDemoTests/Pods-CommonAFNUtilDemoTests.debug.xcconfig"; sourceTree = "<group>"; };
		32B8358D85A89326606B47AE /* libPods-CommonAFNUtilDemoTests.a */ = {isa = PBXFileReference; explicitFileType = archive.ar; includeInIndex = 0; path = "libPods-CommonAFNUtilDemoTests.a"; sourceTree = BUILT_PRODUCTS_DIR; };
		6A60E6E9ED04E9D32EC2762A /* Pods-CommonAFNUtilDemoTests.release.xcconfig */ = {isa = PBXFileReference; includeInIndex = 1; lastKnownFileType = text.xcconfig; name = "Pods-CommonAFNUtilDemoTests.release.xcconfig"; path = "Pods/Target Support Files/Pods-CommonAFNUtilDemoTests/Pods-CommonAFNUtilDemoTests.release.xcconfig"; sourceTree = "<group>"; };
		78AB6B1C1C01CDD2004404A9 /* Login.storyboard */ = {isa = PBXFileReference; fileEncoding = 4; lastKnownFileType = file.storyboard; path = Login.storyboard; sourceTree = "<group>"; };
		78AB6B2B1C0214A2004404A9 /* AFHTTPRequestOperation+Get.h */ = {isa = PBXFileReference; fileEncoding = 4; lastKnownFileType = sourcecode.c.h; path = "AFHTTPRequestOperation+Get.h"; sourceTree = "<group>"; };
		78AB6B2C1C0214A2004404A9 /* AFHTTPRequestOperation+Get.m */ = {isa = PBXFileReference; fileEncoding = 4; lastKnownFileType = sourcecode.c.objc; path = "AFHTTPRequestOperation+Get.m"; sourceTree = "<group>"; };
		78AB6B2D1C0214A2004404A9 /* AFNUtil.h */ = {isa = PBXFileReference; fileEncoding = 4; lastKnownFileType = sourcecode.c.h; path = AFNUtil.h; sourceTree = "<group>"; };
		78AB6B2E1C0214A2004404A9 /* AFNUtil.m */ = {isa = PBXFileReference; fileEncoding = 4; lastKnownFileType = sourcecode.c.objc; path = AFNUtil.m; sourceTree = "<group>"; };
		78AB6B2F1C0214A2004404A9 /* AFNUtilCache.h */ = {isa = PBXFileReference; fileEncoding = 4; lastKnownFileType = sourcecode.c.h; path = AFNUtilCache.h; sourceTree = "<group>"; };
		78AB6B301C0214A2004404A9 /* AFNUtilCache.m */ = {isa = PBXFileReference; fileEncoding = 4; lastKnownFileType = sourcecode.c.objc; path = AFNUtilCache.m; sourceTree = "<group>"; };
		78AB6B311C0214A2004404A9 /* AFNUtilCheck.h */ = {isa = PBXFileReference; fileEncoding = 4; lastKnownFileType = sourcecode.c.h; path = AFNUtilCheck.h; sourceTree = "<group>"; };
		78AB6B321C0214A2004404A9 /* AFNUtilCheck.m */ = {isa = PBXFileReference; fileEncoding = 4; lastKnownFileType = sourcecode.c.objc; path = AFNUtilCheck.m; sourceTree = "<group>"; };
		78AB6B331C0214A2004404A9 /* URLRequestUtil.h */ = {isa = PBXFileReference; fileEncoding = 4; lastKnownFileType = sourcecode.c.h; path = URLRequestUtil.h; sourceTree = "<group>"; };
		78AB6B341C0214A2004404A9 /* URLRequestUtil.m */ = {isa = PBXFileReference; fileEncoding = 4; lastKnownFileType = sourcecode.c.objc; path = URLRequestUtil.m; sourceTree = "<group>"; };
		801531821B78505B00B82127 /* CommonAFNInstance.h */ = {isa = PBXFileReference; fileEncoding = 4; lastKnownFileType = sourcecode.c.h; path = CommonAFNInstance.h; sourceTree = "<group>"; };
		801531831B78505B00B82127 /* CommonAFNInstance.m */ = {isa = PBXFileReference; fileEncoding = 4; lastKnownFileType = sourcecode.c.objc; path = CommonAFNInstance.m; sourceTree = "<group>"; };
		801531961B7864ED00B82127 /* CommonWebUtil.h */ = {isa = PBXFileReference; fileEncoding = 4; lastKnownFileType = sourcecode.c.h; path = CommonWebUtil.h; sourceTree = "<group>"; };
		801531971B7864ED00B82127 /* CommonWebUtil.m */ = {isa = PBXFileReference; fileEncoding = 4; lastKnownFileType = sourcecode.c.objc; path = CommonWebUtil.m; sourceTree = "<group>"; };
		8015319B1B7864EE00B82127 /* NetworkUtil.h */ = {isa = PBXFileReference; fileEncoding = 4; lastKnownFileType = sourcecode.c.h; path = NetworkUtil.h; sourceTree = "<group>"; };
		8015319C1B7864EE00B82127 /* NetworkUtil.m */ = {isa = PBXFileReference; fileEncoding = 4; lastKnownFileType = sourcecode.c.objc; path = NetworkUtil.m; sourceTree = "<group>"; };
		801531A71B78675400B82127 /* AFNDemoViewController.h */ = {isa = PBXFileReference; fileEncoding = 4; lastKnownFileType = sourcecode.c.h; path = AFNDemoViewController.h; sourceTree = "<group>"; };
		801531A81B78675400B82127 /* AFNDemoViewController.m */ = {isa = PBXFileReference; fileEncoding = 4; lastKnownFileType = sourcecode.c.objc; path = AFNDemoViewController.m; sourceTree = "<group>"; };
		801531A91B78675400B82127 /* AFNDemoViewController.xib */ = {isa = PBXFileReference; fileEncoding = 4; lastKnownFileType = file.xib; path = AFNDemoViewController.xib; sourceTree = "<group>"; };
		801531AB1B78675400B82127 /* Login+Event.h */ = {isa = PBXFileReference; fileEncoding = 4; lastKnownFileType = sourcecode.c.h; path = "Login+Event.h"; sourceTree = "<group>"; };
		801531AC1B78675400B82127 /* Login+Event.m */ = {isa = PBXFileReference; fileEncoding = 4; lastKnownFileType = sourcecode.c.objc; path = "Login+Event.m"; sourceTree = "<group>"; };
		801531AD1B78675400B82127 /* Login.h */ = {isa = PBXFileReference; fileEncoding = 4; lastKnownFileType = sourcecode.c.h; path = Login.h; sourceTree = "<group>"; };
		801531AE1B78675400B82127 /* Login.m */ = {isa = PBXFileReference; fileEncoding = 4; lastKnownFileType = sourcecode.c.objc; path = Login.m; sourceTree = "<group>"; };
		801531AF1B78675400B82127 /* LoginHelper.h */ = {isa = PBXFileReference; fileEncoding = 4; lastKnownFileType = sourcecode.c.h; path = LoginHelper.h; sourceTree = "<group>"; };
		801531B01B78675400B82127 /* LoginHelper.m */ = {isa = PBXFileReference; fileEncoding = 4; lastKnownFileType = sourcecode.c.objc; path = LoginHelper.m; sourceTree = "<group>"; };
		804F8FBD1B3BDF4E00AF11AA /* CommonAFNUtilDemo.app */ = {isa = PBXFileReference; explicitFileType = wrapper.application; includeInIndex = 0; path = CommonAFNUtilDemo.app; sourceTree = BUILT_PRODUCTS_DIR; };
		804F8FC11B3BDF4E00AF11AA /* Info.plist */ = {isa = PBXFileReference; lastKnownFileType = text.plist.xml; path = Info.plist; sourceTree = "<group>"; };
		804F8FC21B3BDF4E00AF11AA /* main.m */ = {isa = PBXFileReference; lastKnownFileType = sourcecode.c.objc; path = main.m; sourceTree = "<group>"; };
		804F8FC41B3BDF4E00AF11AA /* AppDelegate.h */ = {isa = PBXFileReference; lastKnownFileType = sourcecode.c.h; path = AppDelegate.h; sourceTree = "<group>"; };
		804F8FC51B3BDF4E00AF11AA /* AppDelegate.m */ = {isa = PBXFileReference; lastKnownFileType = sourcecode.c.objc; path = AppDelegate.m; sourceTree = "<group>"; };
		804F8FC71B3BDF4E00AF11AA /* ViewController.h */ = {isa = PBXFileReference; lastKnownFileType = sourcecode.c.h; path = ViewController.h; sourceTree = "<group>"; };
		804F8FC81B3BDF4E00AF11AA /* ViewController.m */ = {isa = PBXFileReference; lastKnownFileType = sourcecode.c.objc; path = ViewController.m; sourceTree = "<group>"; };
		804F8FCB1B3BDF4E00AF11AA /* Base */ = {isa = PBXFileReference; lastKnownFileType = file.storyboard; name = Base; path = Base.lproj/Main.storyboard; sourceTree = "<group>"; };
		804F8FCD1B3BDF4E00AF11AA /* Images.xcassets */ = {isa = PBXFileReference; lastKnownFileType = folder.assetcatalog; path = Images.xcassets; sourceTree = "<group>"; };
		804F8FD01B3BDF4E00AF11AA /* Base */ = {isa = PBXFileReference; lastKnownFileType = file.xib; name = Base; path = Base.lproj/LaunchScreen.xib; sourceTree = "<group>"; };
		804F8FD61B3BDF4E00AF11AA /* CommonAFNUtilDemoTests.xctest */ = {isa = PBXFileReference; explicitFileType = wrapper.cfbundle; includeInIndex = 0; path = CommonAFNUtilDemoTests.xctest; sourceTree = BUILT_PRODUCTS_DIR; };
		804F8FDB1B3BDF4E00AF11AA /* Info.plist */ = {isa = PBXFileReference; lastKnownFileType = text.plist.xml; path = Info.plist; sourceTree = "<group>"; };
		804F8FDC1B3BDF4E00AF11AA /* CommonAFNUtilDemoTests.m */ = {isa = PBXFileReference; lastKnownFileType = sourcecode.c.objc; path = CommonAFNUtilDemoTests.m; sourceTree = "<group>"; };
		804F8FF71B3BE84200AF11AA /* CommonAFNUtilDemo.pch */ = {isa = PBXFileReference; lastKnownFileType = sourcecode.c.h; path = CommonAFNUtilDemo.pch; sourceTree = "<group>"; };
		807109E31B7E17E900F343F3 /* SocketDemoViewController.h */ = {isa = PBXFileReference; fileEncoding = 4; lastKnownFileType = sourcecode.c.h; path = SocketDemoViewController.h; sourceTree = "<group>"; };
		807109E41B7E17E900F343F3 /* SocketDemoViewController.m */ = {isa = PBXFileReference; fileEncoding = 4; lastKnownFileType = sourcecode.c.objc; path = SocketDemoViewController.m; sourceTree = "<group>"; };
		807109E51B7E17E900F343F3 /* SocketDemoViewController.xib */ = {isa = PBXFileReference; fileEncoding = 4; lastKnownFileType = file.xib; path = SocketDemoViewController.xib; sourceTree = "<group>"; };
		808CBA2A1B71EF8D00EDFFB9 /* SystemConfiguration.framework */ = {isa = PBXFileReference; lastKnownFileType = wrapper.framework; name = SystemConfiguration.framework; path = System/Library/Frameworks/SystemConfiguration.framework; sourceTree = SDKROOT; };
		808CBA301B720C8E00EDFFB9 /* CurrentAFNAPI.h */ = {isa = PBXFileReference; fileEncoding = 4; lastKnownFileType = sourcecode.c.h; path = CurrentAFNAPI.h; sourceTree = "<group>"; };
		808CBA311B720C8E00EDFFB9 /* CurrentAFNAPI.m */ = {isa = PBXFileReference; fileEncoding = 4; lastKnownFileType = sourcecode.c.objc; path = CurrentAFNAPI.m; sourceTree = "<group>"; };
		808CBA321B720C8E00EDFFB9 /* LoginShareInfo.h */ = {isa = PBXFileReference; fileEncoding = 4; lastKnownFileType = sourcecode.c.h; path = LoginShareInfo.h; sourceTree = "<group>"; };
		808CBA331B720C8E00EDFFB9 /* LoginShareInfo.m */ = {isa = PBXFileReference; fileEncoding = 4; lastKnownFileType = sourcecode.c.objc; path = LoginShareInfo.m; sourceTree = "<group>"; };
		808CBA741B733A1800EDFFB9 /* CommonDataCacheManager.h */ = {isa = PBXFileReference; fileEncoding = 4; lastKnownFileType = sourcecode.c.h; path = CommonDataCacheManager.h; sourceTree = "<group>"; };
		808CBA751B733A1800EDFFB9 /* CommonDataCacheManager.m */ = {isa = PBXFileReference; fileEncoding = 4; lastKnownFileType = sourcecode.c.objc; path = CommonDataCacheManager.m; sourceTree = "<group>"; };
		808CBA771B733A1800EDFFB9 /* NSData+Convert.h */ = {isa = PBXFileReference; fileEncoding = 4; lastKnownFileType = sourcecode.c.h; path = "NSData+Convert.h"; sourceTree = "<group>"; };
		808CBA781B733A1800EDFFB9 /* NSData+Convert.m */ = {isa = PBXFileReference; fileEncoding = 4; lastKnownFileType = sourcecode.c.objc; path = "NSData+Convert.m"; sourceTree = "<group>"; };
		808CBA791B733A1800EDFFB9 /* NSDictionary+Convert.h */ = {isa = PBXFileReference; fileEncoding = 4; lastKnownFileType = sourcecode.c.h; path = "NSDictionary+Convert.h"; sourceTree = "<group>"; };
		808CBA7A1B733A1800EDFFB9 /* NSDictionary+Convert.m */ = {isa = PBXFileReference; fileEncoding = 4; lastKnownFileType = sourcecode.c.objc; path = "NSDictionary+Convert.m"; sourceTree = "<group>"; };
		808CBA7B1B733A1800EDFFB9 /* NSString+MD5.h */ = {isa = PBXFileReference; fileEncoding = 4; lastKnownFileType = sourcecode.c.h; path = "NSString+MD5.h"; sourceTree = "<group>"; };
		808CBA7C1B733A1800EDFFB9 /* NSString+MD5.m */ = {isa = PBXFileReference; fileEncoding = 4; lastKnownFileType = sourcecode.c.objc; path = "NSString+MD5.m"; sourceTree = "<group>"; };
		80E194281B7C92F2007907BF /* CurrentAFNManager.h */ = {isa = PBXFileReference; fileEncoding = 4; lastKnownFileType = sourcecode.c.h; path = CurrentAFNManager.h; sourceTree = "<group>"; };
		80E194291B7C92F2007907BF /* CurrentAFNManager.m */ = {isa = PBXFileReference; fileEncoding = 4; lastKnownFileType = sourcecode.c.objc; path = CurrentAFNManager.m; sourceTree = "<group>"; };
		80EB6EE51B6C986F008835A8 /* AccountInfo.h */ = {isa = PBXFileReference; fileEncoding = 4; lastKnownFileType = sourcecode.c.h; path = AccountInfo.h; sourceTree = "<group>"; };
		80EB6EE61B6C986F008835A8 /* AccountInfo.m */ = {isa = PBXFileReference; fileEncoding = 4; lastKnownFileType = sourcecode.c.objc; path = AccountInfo.m; sourceTree = "<group>"; };
		80FD325B1B943FFC0060A7FB /* NSString+Encoding.h */ = {isa = PBXFileReference; fileEncoding = 4; lastKnownFileType = sourcecode.c.h; path = "NSString+Encoding.h"; sourceTree = "<group>"; };
		80FD325C1B943FFC0060A7FB /* NSString+Encoding.m */ = {isa = PBXFileReference; fileEncoding = 4; lastKnownFileType = sourcecode.c.objc; path = "NSString+Encoding.m"; sourceTree = "<group>"; };
		B6B9EC1952F284A948A311A7 /* Pods-CommonAFNUtilDemo.debug.xcconfig */ = {isa = PBXFileReference; includeInIndex = 1; lastKnownFileType = text.xcconfig; name = "Pods-CommonAFNUtilDemo.debug.xcconfig"; path = "Pods/Target Support Files/Pods-CommonAFNUtilDemo/Pods-CommonAFNUtilDemo.debug.xcconfig"; sourceTree = "<group>"; };
		F60122F35FBC7C45FE97E535 /* libPods-CommonAFNUtilDemo.a */ = {isa = PBXFileReference; explicitFileType = archive.ar; includeInIndex = 0; path = "libPods-CommonAFNUtilDemo.a"; sourceTree = BUILT_PRODUCTS_DIR; };
/* End PBXFileReference section */

/* Begin PBXFrameworksBuildPhase section */
		804F8FBA1B3BDF4E00AF11AA /* Frameworks */ = {
			isa = PBXFrameworksBuildPhase;
			buildActionMask = 2147483647;
			files = (
				E3F3C91D5CA02790F80271FC /* libPods-CommonAFNUtilDemo.a in Frameworks */,
			);
			runOnlyForDeploymentPostprocessing = 0;
		};
		804F8FD31B3BDF4E00AF11AA /* Frameworks */ = {
			isa = PBXFrameworksBuildPhase;
			buildActionMask = 2147483647;
			files = (
				F887F2663BBE4D515DAD9052 /* libPods-CommonAFNUtilDemoTests.a in Frameworks */,
			);
			runOnlyForDeploymentPostprocessing = 0;
		};
/* End PBXFrameworksBuildPhase section */

/* Begin PBXGroup section */
		684DB7D1E9908C6E4488C1F7 /* Frameworks */ = {
			isa = PBXGroup;
			children = (
				808CBA2A1B71EF8D00EDFFB9 /* SystemConfiguration.framework */,
				F60122F35FBC7C45FE97E535 /* libPods-CommonAFNUtilDemo.a */,
				32B8358D85A89326606B47AE /* libPods-CommonAFNUtilDemoTests.a */,
			);
			name = Frameworks;
			sourceTree = "<group>";
		};
		78AB6B2A1C0214A2004404A9 /* AFNUtil */ = {
			isa = PBXGroup;
			children = (
				78AB6B2B1C0214A2004404A9 /* AFHTTPRequestOperation+Get.h */,
				78AB6B2C1C0214A2004404A9 /* AFHTTPRequestOperation+Get.m */,
				78AB6B2D1C0214A2004404A9 /* AFNUtil.h */,
				78AB6B2E1C0214A2004404A9 /* AFNUtil.m */,
				78AB6B2F1C0214A2004404A9 /* AFNUtilCache.h */,
				78AB6B301C0214A2004404A9 /* AFNUtilCache.m */,
				78AB6B311C0214A2004404A9 /* AFNUtilCheck.h */,
				78AB6B321C0214A2004404A9 /* AFNUtilCheck.m */,
				78AB6B331C0214A2004404A9 /* URLRequestUtil.h */,
				78AB6B341C0214A2004404A9 /* URLRequestUtil.m */,
			);
			path = AFNUtil;
			sourceTree = "<group>";
		};
		801531911B7864ED00B82127 /* ServiceHelp */ = {
			isa = PBXGroup;
			children = (
				80FD325A1B943FFC0060A7FB /* Library */,
				801531951B7864ED00B82127 /* CommonWebUtil */,
				801531981B7864ED00B82127 /* NetworkUtil */,
			);
			name = ServiceHelp;
			path = ../../../ServiceHelp;
			sourceTree = "<group>";
		};
		801531951B7864ED00B82127 /* CommonWebUtil */ = {
			isa = PBXGroup;
			children = (
				801531961B7864ED00B82127 /* CommonWebUtil.h */,
				801531971B7864ED00B82127 /* CommonWebUtil.m */,
			);
			path = CommonWebUtil;
			sourceTree = "<group>";
		};
		801531981B7864ED00B82127 /* NetworkUtil */ = {
			isa = PBXGroup;
			children = (
				8015319B1B7864EE00B82127 /* NetworkUtil.h */,
				8015319C1B7864EE00B82127 /* NetworkUtil.m */,
			);
			path = NetworkUtil;
			sourceTree = "<group>";
		};
		801531A51B78675400B82127 /* Controller */ = {
			isa = PBXGroup;
			children = (
				807109DD1B7E17AE00F343F3 /* AsyncSocketTest */,
				801531A61B78675400B82127 /* AFNTest */,
				801531AA1B78675400B82127 /* Login */,
			);
			path = Controller;
			sourceTree = "<group>";
		};
		801531A61B78675400B82127 /* AFNTest */ = {
			isa = PBXGroup;
			children = (
				801531A71B78675400B82127 /* AFNDemoViewController.h */,
				801531A81B78675400B82127 /* AFNDemoViewController.m */,
				801531A91B78675400B82127 /* AFNDemoViewController.xib */,
			);
			path = AFNTest;
			sourceTree = "<group>";
		};
		801531AA1B78675400B82127 /* Login */ = {
			isa = PBXGroup;
			children = (
				78AB6B1C1C01CDD2004404A9 /* Login.storyboard */,
				801531AD1B78675400B82127 /* Login.h */,
				801531AE1B78675400B82127 /* Login.m */,
				801531AB1B78675400B82127 /* Login+Event.h */,
				801531AC1B78675400B82127 /* Login+Event.m */,
				801531AF1B78675400B82127 /* LoginHelper.h */,
				801531B01B78675400B82127 /* LoginHelper.m */,
			);
			path = Login;
			sourceTree = "<group>";
		};
		804F8FB41B3BDF4D00AF11AA = {
			isa = PBXGroup;
			children = (
				804F8FBF1B3BDF4E00AF11AA /* CommonAFNUtilDemo */,
				804F8FD91B3BDF4E00AF11AA /* CommonAFNUtilDemoTests */,
				804F8FBE1B3BDF4E00AF11AA /* Products */,
				684DB7D1E9908C6E4488C1F7 /* Frameworks */,
				E2099FE015239AE9C8AED66E /* Pods */,
			);
			sourceTree = "<group>";
		};
		804F8FBE1B3BDF4E00AF11AA /* Products */ = {
			isa = PBXGroup;
			children = (
				804F8FBD1B3BDF4E00AF11AA /* CommonAFNUtilDemo.app */,
				804F8FD61B3BDF4E00AF11AA /* CommonAFNUtilDemoTests.xctest */,
			);
			name = Products;
			sourceTree = "<group>";
		};
		804F8FBF1B3BDF4E00AF11AA /* CommonAFNUtilDemo */ = {
			isa = PBXGroup;
			children = (
				804F8FC41B3BDF4E00AF11AA /* AppDelegate.h */,
				804F8FC51B3BDF4E00AF11AA /* AppDelegate.m */,
				804F8FC71B3BDF4E00AF11AA /* ViewController.h */,
				804F8FC81B3BDF4E00AF11AA /* ViewController.m */,
				804F8FCA1B3BDF4E00AF11AA /* Main.storyboard */,
				804F8FCD1B3BDF4E00AF11AA /* Images.xcassets */,
				804F8FCF1B3BDF4E00AF11AA /* LaunchScreen.xib */,
				801531A51B78675400B82127 /* Controller */,
				808CBA2F1B720C8E00EDFFB9 /* Service */,
				80EB6EE41B6C97D8008835A8 /* Database */,
				804F8FC01B3BDF4E00AF11AA /* Supporting Files */,
			);
			path = CommonAFNUtilDemo;
			sourceTree = "<group>";
		};
		804F8FC01B3BDF4E00AF11AA /* Supporting Files */ = {
			isa = PBXGroup;
			children = (
				804F8FC11B3BDF4E00AF11AA /* Info.plist */,
				804F8FC21B3BDF4E00AF11AA /* main.m */,
				804F8FF71B3BE84200AF11AA /* CommonAFNUtilDemo.pch */,
			);
			name = "Supporting Files";
			sourceTree = "<group>";
		};
		804F8FD91B3BDF4E00AF11AA /* CommonAFNUtilDemoTests */ = {
			isa = PBXGroup;
			children = (
				804F8FDC1B3BDF4E00AF11AA /* CommonAFNUtilDemoTests.m */,
				804F8FDA1B3BDF4E00AF11AA /* Supporting Files */,
			);
			path = CommonAFNUtilDemoTests;
			sourceTree = "<group>";
		};
		804F8FDA1B3BDF4E00AF11AA /* Supporting Files */ = {
			isa = PBXGroup;
			children = (
				804F8FDB1B3BDF4E00AF11AA /* Info.plist */,
			);
			name = "Supporting Files";
			sourceTree = "<group>";
		};
		807109DD1B7E17AE00F343F3 /* AsyncSocketTest */ = {
			isa = PBXGroup;
			children = (
				807109E31B7E17E900F343F3 /* SocketDemoViewController.h */,
				807109E41B7E17E900F343F3 /* SocketDemoViewController.m */,
				807109E51B7E17E900F343F3 /* SocketDemoViewController.xib */,
			);
			path = AsyncSocketTest;
			sourceTree = "<group>";
		};
		808CBA2F1B720C8E00EDFFB9 /* Service */ = {
			isa = PBXGroup;
			children = (
				808CBA301B720C8E00EDFFB9 /* CurrentAFNAPI.h */,
				808CBA311B720C8E00EDFFB9 /* CurrentAFNAPI.m */,
				80E194281B7C92F2007907BF /* CurrentAFNManager.h */,
				80E194291B7C92F2007907BF /* CurrentAFNManager.m */,
				808CBA321B720C8E00EDFFB9 /* LoginShareInfo.h */,
				808CBA331B720C8E00EDFFB9 /* LoginShareInfo.m */,
				801531911B7864ED00B82127 /* ServiceHelp */,
				808CBA731B733A1800EDFFB9 /* CommonDataCacheManager */,
				808CBA441B72F73E00EDFFB9 /* CommonAFNUtil */,
			);
			path = Service;
			sourceTree = "<group>";
		};
		808CBA441B72F73E00EDFFB9 /* CommonAFNUtil */ = {
			isa = PBXGroup;
			children = (
				801531821B78505B00B82127 /* CommonAFNInstance.h */,
				801531831B78505B00B82127 /* CommonAFNInstance.m */,
				78AB6B2A1C0214A2004404A9 /* AFNUtil */,
			);
			name = CommonAFNUtil;
			path = ../../../CommonAFNUtil;
			sourceTree = "<group>";
		};
		808CBA731B733A1800EDFFB9 /* CommonDataCacheManager */ = {
			isa = PBXGroup;
			children = (
				808CBA741B733A1800EDFFB9 /* CommonDataCacheManager.h */,
				808CBA751B733A1800EDFFB9 /* CommonDataCacheManager.m */,
				808CBA761B733A1800EDFFB9 /* Librarys */,
			);
			name = CommonDataCacheManager;
			path = ../../../CommonDataCacheManager;
			sourceTree = "<group>";
		};
		808CBA761B733A1800EDFFB9 /* Librarys */ = {
			isa = PBXGroup;
			children = (
				808CBA771B733A1800EDFFB9 /* NSData+Convert.h */,
				808CBA781B733A1800EDFFB9 /* NSData+Convert.m */,
				808CBA791B733A1800EDFFB9 /* NSDictionary+Convert.h */,
				808CBA7A1B733A1800EDFFB9 /* NSDictionary+Convert.m */,
				808CBA7B1B733A1800EDFFB9 /* NSString+MD5.h */,
				808CBA7C1B733A1800EDFFB9 /* NSString+MD5.m */,
			);
			path = Librarys;
			sourceTree = "<group>";
		};
		80EB6EE41B6C97D8008835A8 /* Database */ = {
			isa = PBXGroup;
			children = (
				80EB6EE51B6C986F008835A8 /* AccountInfo.h */,
				80EB6EE61B6C986F008835A8 /* AccountInfo.m */,
			);
			path = Database;
			sourceTree = "<group>";
		};
		80FD325A1B943FFC0060A7FB /* Library */ = {
			isa = PBXGroup;
			children = (
				80FD325B1B943FFC0060A7FB /* NSString+Encoding.h */,
				80FD325C1B943FFC0060A7FB /* NSString+Encoding.m */,
			);
			path = Library;
			sourceTree = "<group>";
		};
		E2099FE015239AE9C8AED66E /* Pods */ = {
			isa = PBXGroup;
			children = (
				B6B9EC1952F284A948A311A7 /* Pods-CommonAFNUtilDemo.debug.xcconfig */,
				0B7A7DA4BBE1B834A7973EF8 /* Pods-CommonAFNUtilDemo.release.xcconfig */,
				105F0972820BDABDBCFEF52C /* Pods-CommonAFNUtilDemoTests.debug.xcconfig */,
				6A60E6E9ED04E9D32EC2762A /* Pods-CommonAFNUtilDemoTests.release.xcconfig */,
			);
			name = Pods;
			sourceTree = "<group>";
		};
/* End PBXGroup section */

/* Begin PBXNativeTarget section */
		804F8FBC1B3BDF4E00AF11AA /* CommonAFNUtilDemo */ = {
			isa = PBXNativeTarget;
			buildConfigurationList = 804F8FE01B3BDF4E00AF11AA /* Build configuration list for PBXNativeTarget "CommonAFNUtilDemo" */;
			buildPhases = (
				599B81D1775CB7E71E1841D4 /* Check Pods Manifest.lock */,
				804F8FB91B3BDF4E00AF11AA /* Sources */,
				804F8FBA1B3BDF4E00AF11AA /* Frameworks */,
				804F8FBB1B3BDF4E00AF11AA /* Resources */,
				73E44FEAE6C729F64F70619A /* Copy Pods Resources */,
				2597B5CB924BD5453205DC57 /* Embed Pods Frameworks */,
			);
			buildRules = (
			);
			dependencies = (
			);
			name = CommonAFNUtilDemo;
			productName = CommonAFNUtilDemo;
			productReference = 804F8FBD1B3BDF4E00AF11AA /* CommonAFNUtilDemo.app */;
			productType = "com.apple.product-type.application";
		};
		804F8FD51B3BDF4E00AF11AA /* CommonAFNUtilDemoTests */ = {
			isa = PBXNativeTarget;
			buildConfigurationList = 804F8FE31B3BDF4E00AF11AA /* Build configuration list for PBXNativeTarget "CommonAFNUtilDemoTests" */;
			buildPhases = (
				7592E913E450ABE8EDFD5D7F /* Check Pods Manifest.lock */,
				804F8FD21B3BDF4E00AF11AA /* Sources */,
				804F8FD31B3BDF4E00AF11AA /* Frameworks */,
				804F8FD41B3BDF4E00AF11AA /* Resources */,
				0186F3A126FBB4F41D722756 /* Copy Pods Resources */,
				52CDD621C00BDCA2F269D68A /* Embed Pods Frameworks */,
			);
			buildRules = (
			);
			dependencies = (
				804F8FD81B3BDF4E00AF11AA /* PBXTargetDependency */,
			);
			name = CommonAFNUtilDemoTests;
			productName = CommonAFNUtilDemoTests;
			productReference = 804F8FD61B3BDF4E00AF11AA /* CommonAFNUtilDemoTests.xctest */;
			productType = "com.apple.product-type.bundle.unit-test";
		};
/* End PBXNativeTarget section */

/* Begin PBXProject section */
		804F8FB51B3BDF4D00AF11AA /* Project object */ = {
			isa = PBXProject;
			attributes = {
				LastUpgradeCheck = 0620;
				ORGANIZATIONNAME = ciyouzen;
				TargetAttributes = {
					804F8FBC1B3BDF4E00AF11AA = {
						CreatedOnToolsVersion = 6.2;
					};
					804F8FD51B3BDF4E00AF11AA = {
						CreatedOnToolsVersion = 6.2;
						TestTargetID = 804F8FBC1B3BDF4E00AF11AA;
					};
				};
			};
			buildConfigurationList = 804F8FB81B3BDF4E00AF11AA /* Build configuration list for PBXProject "CommonAFNUtilDemo" */;
			compatibilityVersion = "Xcode 3.2";
			developmentRegion = English;
			hasScannedForEncodings = 0;
			knownRegions = (
				en,
				Base,
			);
			mainGroup = 804F8FB41B3BDF4D00AF11AA;
			productRefGroup = 804F8FBE1B3BDF4E00AF11AA /* Products */;
			projectDirPath = "";
			projectRoot = "";
			targets = (
				804F8FBC1B3BDF4E00AF11AA /* CommonAFNUtilDemo */,
				804F8FD51B3BDF4E00AF11AA /* CommonAFNUtilDemoTests */,
			);
		};
/* End PBXProject section */

/* Begin PBXResourcesBuildPhase section */
		804F8FBB1B3BDF4E00AF11AA /* Resources */ = {
			isa = PBXResourcesBuildPhase;
			buildActionMask = 2147483647;
			files = (
				804F8FCC1B3BDF4E00AF11AA /* Main.storyboard in Resources */,
				801531B21B78675400B82127 /* AFNDemoViewController.xib in Resources */,
				78AB6B1D1C01CDD2004404A9 /* Login.storyboard in Resources */,
				807109E71B7E17E900F343F3 /* SocketDemoViewController.xib in Resources */,
				804F8FD11B3BDF4E00AF11AA /* LaunchScreen.xib in Resources */,
				804F8FCE1B3BDF4E00AF11AA /* Images.xcassets in Resources */,
			);
			runOnlyForDeploymentPostprocessing = 0;
		};
		804F8FD41B3BDF4E00AF11AA /* Resources */ = {
			isa = PBXResourcesBuildPhase;
			buildActionMask = 2147483647;
			files = (
			);
			runOnlyForDeploymentPostprocessing = 0;
		};
/* End PBXResourcesBuildPhase section */

/* Begin PBXShellScriptBuildPhase section */
		0186F3A126FBB4F41D722756 /* Copy Pods Resources */ = {
			isa = PBXShellScriptBuildPhase;
			buildActionMask = 2147483647;
			files = (
			);
			inputPaths = (
			);
			name = "Copy Pods Resources";
			outputPaths = (
			);
			runOnlyForDeploymentPostprocessing = 0;
			shellPath = /bin/sh;
			shellScript = "\"${SRCROOT}/Pods/Target Support Files/Pods-CommonAFNUtilDemoTests/Pods-CommonAFNUtilDemoTests-resources.sh\"\n";
			showEnvVarsInLog = 0;
		};
		2597B5CB924BD5453205DC57 /* Embed Pods Frameworks */ = {
			isa = PBXShellScriptBuildPhase;
			buildActionMask = 2147483647;
			files = (
			);
			inputPaths = (
			);
			name = "Embed Pods Frameworks";
			outputPaths = (
			);
			runOnlyForDeploymentPostprocessing = 0;
			shellPath = /bin/sh;
			shellScript = "\"${SRCROOT}/Pods/Target Support Files/Pods-CommonAFNUtilDemo/Pods-CommonAFNUtilDemo-frameworks.sh\"\n";
			showEnvVarsInLog = 0;
		};
		52CDD621C00BDCA2F269D68A /* Embed Pods Frameworks */ = {
			isa = PBXShellScriptBuildPhase;
			buildActionMask = 2147483647;
			files = (
			);
			inputPaths = (
			);
			name = "Embed Pods Frameworks";
			outputPaths = (
			);
			runOnlyForDeploymentPostprocessing = 0;
			shellPath = /bin/sh;
			shellScript = "\"${SRCROOT}/Pods/Target Support Files/Pods-CommonAFNUtilDemoTests/Pods-CommonAFNUtilDemoTests-frameworks.sh\"\n";
			showEnvVarsInLog = 0;
		};
		599B81D1775CB7E71E1841D4 /* Check Pods Manifest.lock */ = {
			isa = PBXShellScriptBuildPhase;
			buildActionMask = 2147483647;
			files = (
			);
			inputPaths = (
			);
			name = "Check Pods Manifest.lock";
			outputPaths = (
			);
			runOnlyForDeploymentPostprocessing = 0;
			shellPath = /bin/sh;
			shellScript = "diff \"${PODS_ROOT}/../Podfile.lock\" \"${PODS_ROOT}/Manifest.lock\" > /dev/null\nif [[ $? != 0 ]] ; then\n    cat << EOM\nerror: The sandbox is not in sync with the Podfile.lock. Run 'pod install' or update your CocoaPods installation.\nEOM\n    exit 1\nfi\n";
			showEnvVarsInLog = 0;
		};
		73E44FEAE6C729F64F70619A /* Copy Pods Resources */ = {
			isa = PBXShellScriptBuildPhase;
			buildActionMask = 2147483647;
			files = (
			);
			inputPaths = (
			);
			name = "Copy Pods Resources";
			outputPaths = (
			);
			runOnlyForDeploymentPostprocessing = 0;
			shellPath = /bin/sh;
			shellScript = "\"${SRCROOT}/Pods/Target Support Files/Pods-CommonAFNUtilDemo/Pods-CommonAFNUtilDemo-resources.sh\"\n";
			showEnvVarsInLog = 0;
		};
		7592E913E450ABE8EDFD5D7F /* Check Pods Manifest.lock */ = {
			isa = PBXShellScriptBuildPhase;
			buildActionMask = 2147483647;
			files = (
			);
			inputPaths = (
			);
			name = "Check Pods Manifest.lock";
			outputPaths = (
			);
			runOnlyForDeploymentPostprocessing = 0;
			shellPath = /bin/sh;
			shellScript = "diff \"${PODS_ROOT}/../Podfile.lock\" \"${PODS_ROOT}/Manifest.lock\" > /dev/null\nif [[ $? != 0 ]] ; then\n    cat << EOM\nerror: The sandbox is not in sync with the Podfile.lock. Run 'pod install' or update your CocoaPods installation.\nEOM\n    exit 1\nfi\n";
			showEnvVarsInLog = 0;
		};
/* End PBXShellScriptBuildPhase section */

/* Begin PBXSourcesBuildPhase section */
		804F8FB91B3BDF4E00AF11AA /* Sources */ = {
			isa = PBXSourcesBuildPhase;
			buildActionMask = 2147483647;
			files = (
				801531B51B78675400B82127 /* LoginHelper.m in Sources */,
				808CBA7D1B733A1800EDFFB9 /* CommonDataCacheManager.m in Sources */,
				80FD325D1B943FFC0060A7FB /* NSString+Encoding.m in Sources */,
				804F8FC91B3BDF4E00AF11AA /* ViewController.m in Sources */,
				808CBA801B733A1800EDFFB9 /* NSString+MD5.m in Sources */,
				80EB6EE71B6C986F008835A8 /* AccountInfo.m in Sources */,
				808CBA341B720C8E00EDFFB9 /* CurrentAFNAPI.m in Sources */,
				78AB6B391C0214A2004404A9 /* URLRequestUtil.m in Sources */,
				80E1942A1B7C92F2007907BF /* CurrentAFNManager.m in Sources */,
				801531B31B78675400B82127 /* Login+Event.m in Sources */,
				801531B41B78675400B82127 /* Login.m in Sources */,
				808CBA7F1B733A1800EDFFB9 /* NSDictionary+Convert.m in Sources */,
				78AB6B371C0214A2004404A9 /* AFNUtilCache.m in Sources */,
				807109E61B7E17E900F343F3 /* SocketDemoViewController.m in Sources */,
				801531A01B7864EE00B82127 /* NetworkUtil.m in Sources */,
				804F8FC61B3BDF4E00AF11AA /* AppDelegate.m in Sources */,
				78AB6B351C0214A2004404A9 /* AFHTTPRequestOperation+Get.m in Sources */,
				801531841B78505B00B82127 /* CommonAFNInstance.m in Sources */,
				804F8FC31B3BDF4E00AF11AA /* main.m in Sources */,
				801531B11B78675400B82127 /* AFNDemoViewController.m in Sources */,
				78AB6B361C0214A2004404A9 /* AFNUtil.m in Sources */,
				8015319E1B7864EE00B82127 /* CommonWebUtil.m in Sources */,
				808CBA7E1B733A1800EDFFB9 /* NSData+Convert.m in Sources */,
				808CBA351B720C8E00EDFFB9 /* LoginShareInfo.m in Sources */,
				78AB6B381C0214A2004404A9 /* AFNUtilCheck.m in Sources */,
			);
			runOnlyForDeploymentPostprocessing = 0;
		};
		804F8FD21B3BDF4E00AF11AA /* Sources */ = {
			isa = PBXSourcesBuildPhase;
			buildActionMask = 2147483647;
			files = (
				804F8FDD1B3BDF4E00AF11AA /* CommonAFNUtilDemoTests.m in Sources */,
			);
			runOnlyForDeploymentPostprocessing = 0;
		};
/* End PBXSourcesBuildPhase section */

/* Begin PBXTargetDependency section */
		804F8FD81B3BDF4E00AF11AA /* PBXTargetDependency */ = {
			isa = PBXTargetDependency;
			target = 804F8FBC1B3BDF4E00AF11AA /* CommonAFNUtilDemo */;
			targetProxy = 804F8FD71B3BDF4E00AF11AA /* PBXContainerItemProxy */;
		};
/* End PBXTargetDependency section */

/* Begin PBXVariantGroup section */
		804F8FCA1B3BDF4E00AF11AA /* Main.storyboard */ = {
			isa = PBXVariantGroup;
			children = (
				804F8FCB1B3BDF4E00AF11AA /* Base */,
			);
			name = Main.storyboard;
			sourceTree = "<group>";
		};
		804F8FCF1B3BDF4E00AF11AA /* LaunchScreen.xib */ = {
			isa = PBXVariantGroup;
			children = (
				804F8FD01B3BDF4E00AF11AA /* Base */,
			);
			name = LaunchScreen.xib;
			sourceTree = "<group>";
		};
/* End PBXVariantGroup section */

/* Begin XCBuildConfiguration section */
		804F8FDE1B3BDF4E00AF11AA /* Debug */ = {
			isa = XCBuildConfiguration;
			buildSettings = {
				ALWAYS_SEARCH_USER_PATHS = NO;
				CLANG_CXX_LANGUAGE_STANDARD = "gnu++0x";
				CLANG_CXX_LIBRARY = "libc++";
				CLANG_ENABLE_MODULES = YES;
				CLANG_ENABLE_OBJC_ARC = YES;
				CLANG_WARN_BOOL_CONVERSION = YES;
				CLANG_WARN_CONSTANT_CONVERSION = YES;
				CLANG_WARN_DIRECT_OBJC_ISA_USAGE = YES_ERROR;
				CLANG_WARN_EMPTY_BODY = YES;
				CLANG_WARN_ENUM_CONVERSION = YES;
				CLANG_WARN_INT_CONVERSION = YES;
				CLANG_WARN_OBJC_ROOT_CLASS = YES_ERROR;
				CLANG_WARN_UNREACHABLE_CODE = YES;
				CLANG_WARN__DUPLICATE_METHOD_MATCH = YES;
				"CODE_SIGN_IDENTITY[sdk=iphoneos*]" = "iPhone Developer";
				COPY_PHASE_STRIP = NO;
				ENABLE_STRICT_OBJC_MSGSEND = YES;
				GCC_C_LANGUAGE_STANDARD = gnu99;
				GCC_DYNAMIC_NO_PIC = NO;
				GCC_OPTIMIZATION_LEVEL = 0;
				GCC_PREPROCESSOR_DEFINITIONS = (
					"DEBUG=1",
					"$(inherited)",
				);
				GCC_SYMBOLS_PRIVATE_EXTERN = NO;
				GCC_WARN_64_TO_32_BIT_CONVERSION = YES;
				GCC_WARN_ABOUT_RETURN_TYPE = YES_ERROR;
				GCC_WARN_UNDECLARED_SELECTOR = YES;
				GCC_WARN_UNINITIALIZED_AUTOS = YES_AGGRESSIVE;
				GCC_WARN_UNUSED_FUNCTION = YES;
				GCC_WARN_UNUSED_VARIABLE = YES;
				IPHONEOS_DEPLOYMENT_TARGET = 8.2;
				MTL_ENABLE_DEBUG_INFO = YES;
				ONLY_ACTIVE_ARCH = YES;
				SDKROOT = iphoneos;
			};
			name = Debug;
		};
		804F8FDF1B3BDF4E00AF11AA /* Release */ = {
			isa = XCBuildConfiguration;
			buildSettings = {
				ALWAYS_SEARCH_USER_PATHS = NO;
				CLANG_CXX_LANGUAGE_STANDARD = "gnu++0x";
				CLANG_CXX_LIBRARY = "libc++";
				CLANG_ENABLE_MODULES = YES;
				CLANG_ENABLE_OBJC_ARC = YES;
				CLANG_WARN_BOOL_CONVERSION = YES;
				CLANG_WARN_CONSTANT_CONVERSION = YES;
				CLANG_WARN_DIRECT_OBJC_ISA_USAGE = YES_ERROR;
				CLANG_WARN_EMPTY_BODY = YES;
				CLANG_WARN_ENUM_CONVERSION = YES;
				CLANG_WARN_INT_CONVERSION = YES;
				CLANG_WARN_OBJC_ROOT_CLASS = YES_ERROR;
				CLANG_WARN_UNREACHABLE_CODE = YES;
				CLANG_WARN__DUPLICATE_METHOD_MATCH = YES;
				"CODE_SIGN_IDENTITY[sdk=iphoneos*]" = "iPhone Developer";
				COPY_PHASE_STRIP = NO;
				ENABLE_NS_ASSERTIONS = NO;
				ENABLE_STRICT_OBJC_MSGSEND = YES;
				GCC_C_LANGUAGE_STANDARD = gnu99;
				GCC_WARN_64_TO_32_BIT_CONVERSION = YES;
				GCC_WARN_ABOUT_RETURN_TYPE = YES_ERROR;
				GCC_WARN_UNDECLARED_SELECTOR = YES;
				GCC_WARN_UNINITIALIZED_AUTOS = YES_AGGRESSIVE;
				GCC_WARN_UNUSED_FUNCTION = YES;
				GCC_WARN_UNUSED_VARIABLE = YES;
				IPHONEOS_DEPLOYMENT_TARGET = 8.2;
				MTL_ENABLE_DEBUG_INFO = NO;
				SDKROOT = iphoneos;
				VALIDATE_PRODUCT = YES;
			};
			name = Release;
		};
		804F8FE11B3BDF4E00AF11AA /* Debug */ = {
			isa = XCBuildConfiguration;
			baseConfigurationReference = B6B9EC1952F284A948A311A7 /* Pods-CommonAFNUtilDemo.debug.xcconfig */;
			buildSettings = {
				ASSETCATALOG_COMPILER_APPICON_NAME = AppIcon;
				GCC_PRECOMPILE_PREFIX_HEADER = YES;
				GCC_PREFIX_HEADER = "$(SRCROOT)/CommonAFNUtilDemo/CommonAFNUtilDemo.pch";
				INFOPLIST_FILE = CommonAFNUtilDemo/Info.plist;
				LD_RUNPATH_SEARCH_PATHS = "$(inherited) @executable_path/Frameworks";
				PRODUCT_NAME = "$(TARGET_NAME)";
			};
			name = Debug;
		};
		804F8FE21B3BDF4E00AF11AA /* Release */ = {
			isa = XCBuildConfiguration;
			baseConfigurationReference = 0B7A7DA4BBE1B834A7973EF8 /* Pods-CommonAFNUtilDemo.release.xcconfig */;
			buildSettings = {
				ASSETCATALOG_COMPILER_APPICON_NAME = AppIcon;
				GCC_PRECOMPILE_PREFIX_HEADER = YES;
				GCC_PREFIX_HEADER = "$(SRCROOT)/CommonAFNUtilDemo/CommonAFNUtilDemo.pch";
				INFOPLIST_FILE = CommonAFNUtilDemo/Info.plist;
				LD_RUNPATH_SEARCH_PATHS = "$(inherited) @executable_path/Frameworks";
				PRODUCT_NAME = "$(TARGET_NAME)";
			};
			name = Release;
		};
		804F8FE41B3BDF4E00AF11AA /* Debug */ = {
			isa = XCBuildConfiguration;
			baseConfigurationReference = 105F0972820BDABDBCFEF52C /* Pods-CommonAFNUtilDemoTests.debug.xcconfig */;
			buildSettings = {
				BUNDLE_LOADER = "$(TEST_HOST)";
				FRAMEWORK_SEARCH_PATHS = (
					"$(SDKROOT)/Developer/Library/Frameworks",
					"$(inherited)",
				);
				GCC_PREPROCESSOR_DEFINITIONS = (
					"DEBUG=1",
					"$(inherited)",
				);
				INFOPLIST_FILE = CommonAFNUtilDemoTests/Info.plist;
				LD_RUNPATH_SEARCH_PATHS = "$(inherited) @executable_path/Frameworks @loader_path/Frameworks";
				PRODUCT_NAME = "$(TARGET_NAME)";
				TEST_HOST = "$(BUILT_PRODUCTS_DIR)/CommonAFNUtilDemo.app/CommonAFNUtilDemo";
			};
			name = Debug;
		};
		804F8FE51B3BDF4E00AF11AA /* Release */ = {
			isa = XCBuildConfiguration;
			baseConfigurationReference = 6A60E6E9ED04E9D32EC2762A /* Pods-CommonAFNUtilDemoTests.release.xcconfig */;
			buildSettings = {
				BUNDLE_LOADER = "$(TEST_HOST)";
				FRAMEWORK_SEARCH_PATHS = (
					"$(SDKROOT)/Developer/Library/Frameworks",
					"$(inherited)",
				);
				INFOPLIST_FILE = CommonAFNUtilDemoTests/Info.plist;
				LD_RUNPATH_SEARCH_PATHS = "$(inherited) @executable_path/Frameworks @loader_path/Frameworks";
				PRODUCT_NAME = "$(TARGET_NAME)";
				TEST_HOST = "$(BUILT_PRODUCTS_DIR)/CommonAFNUtilDemo.app/CommonAFNUtilDemo";
			};
			name = Release;
		};
/* End XCBuildConfiguration section */

/* Begin XCConfigurationList section */
		804F8FB81B3BDF4E00AF11AA /* Build configuration list for PBXProject "CommonAFNUtilDemo" */ = {
			isa = XCConfigurationList;
			buildConfigurations = (
				804F8FDE1B3BDF4E00AF11AA /* Debug */,
				804F8FDF1B3BDF4E00AF11AA /* Release */,
			);
			defaultConfigurationIsVisible = 0;
			defaultConfigurationName = Release;
		};
		804F8FE01B3BDF4E00AF11AA /* Build configuration list for PBXNativeTarget "CommonAFNUtilDemo" */ = {
			isa = XCConfigurationList;
			buildConfigurations = (
				804F8FE11B3BDF4E00AF11AA /* Debug */,
				804F8FE21B3BDF4E00AF11AA /* Release */,
			);
			defaultConfigurationIsVisible = 0;
			defaultConfigurationName = Release;
		};
		804F8FE31B3BDF4E00AF11AA /* Build configuration list for PBXNativeTarget "CommonAFNUtilDemoTests" */ = {
			isa = XCConfigurationList;
			buildConfigurations = (
				804F8FE41B3BDF4E00AF11AA /* Debug */,
				804F8FE51B3BDF4E00AF11AA /* Release */,
			);
			defaultConfigurationIsVisible = 0;
			defaultConfigurationName = Release;
		};
/* End XCConfigurationList section */
	};
	rootObject = 804F8FB51B3BDF4D00AF11AA /* Project object */;
}
