// !$*UTF8*$!
{
	archiveVersion = 1;
	classes = {
	};
	objectVersion = 46;
	objects = {

/* Begin PBXBuildFile section */
		7803FF551E6D76C100E2594E /* IjinbuNetworkClient.m in Sources */ = {isa = PBXBuildFile; fileRef = 7803FF541E6D76C100E2594E /* IjinbuNetworkClient.m */; };
		7803FF581E6D7A6A00E2594E /* IjinbuNetworkClient+Login.m in Sources */ = {isa = PBXBuildFile; fileRef = 7803FF571E6D7A6A00E2594E /* IjinbuNetworkClient+Login.m */; };
		784C152E1E8DF0090019D652 /* MQLResumeManager.m in Sources */ = {isa = PBXBuildFile; fileRef = 784C152D1E8DF0090019D652 /* MQLResumeManager.m */; };
		784C15451E8E2CC50019D652 /* DownloadListViewController.m in Sources */ = {isa = PBXBuildFile; fileRef = 784C15401E8E2CC50019D652 /* DownloadListViewController.m */; };
		784C15461E8E2CC50019D652 /* DownloadListViewController.xib in Resources */ = {isa = PBXBuildFile; fileRef = 784C15411E8E2CC50019D652 /* DownloadListViewController.xib */; };
		784C15471E8E2CC50019D652 /* DownloadTableViewCell.m in Sources */ = {isa = PBXBuildFile; fileRef = 784C15431E8E2CC50019D652 /* DownloadTableViewCell.m */; };
		784C15481E8E2CC50019D652 /* DownloadTableViewCell.xib in Resources */ = {isa = PBXBuildFile; fileRef = 784C15441E8E2CC50019D652 /* DownloadTableViewCell.xib */; };
		784C15541E8E2D040019D652 /* AFDownloadViewController.m in Sources */ = {isa = PBXBuildFile; fileRef = 784C154B1E8E2D040019D652 /* AFDownloadViewController.m */; };
		784C15551E8E2D040019D652 /* BaseDownloadViewController.m in Sources */ = {isa = PBXBuildFile; fileRef = 784C154D1E8E2D040019D652 /* BaseDownloadViewController.m */; };
		784C15561E8E2D040019D652 /* BaseDownloadViewController.xib in Resources */ = {isa = PBXBuildFile; fileRef = 784C154E1E8E2D040019D652 /* BaseDownloadViewController.xib */; };
		784C15571E8E2D040019D652 /* SessionDataTaskDownloadViewController.m in Sources */ = {isa = PBXBuildFile; fileRef = 784C15501E8E2D040019D652 /* SessionDataTaskDownloadViewController.m */; };
		784C15581E8E2D040019D652 /* SessionDownloadTaskDownloadViewController.m in Sources */ = {isa = PBXBuildFile; fileRef = 784C15521E8E2D040019D652 /* SessionDownloadTaskDownloadViewController.m */; };
		784C15591E8E2D040019D652 /* SessionDownloadTaskDownloadViewController.xib in Resources */ = {isa = PBXBuildFile; fileRef = 784C15531E8E2D040019D652 /* SessionDownloadTaskDownloadViewController.xib */; };
		784C155D1E8E2DB60019D652 /* DownloadHomeViewController.m in Sources */ = {isa = PBXBuildFile; fileRef = 784C155B1E8E2DB60019D652 /* DownloadHomeViewController.m */; };
		784C155E1E8E2DB60019D652 /* DownloadHomeViewController.xib in Resources */ = {isa = PBXBuildFile; fileRef = 784C155C1E8E2DB60019D652 /* DownloadHomeViewController.xib */; };
		784C15671E8E2FD70019D652 /* HSDownloadManager.m in Sources */ = {isa = PBXBuildFile; fileRef = 784C15611E8E2FD70019D652 /* HSDownloadManager.m */; };
		784C15681E8E2FD70019D652 /* HSSessionModel.m in Sources */ = {isa = PBXBuildFile; fileRef = 784C15631E8E2FD70019D652 /* HSSessionModel.m */; };
		784C15691E8E2FD70019D652 /* NSString+Hash.m in Sources */ = {isa = PBXBuildFile; fileRef = 784C15661E8E2FD70019D652 /* NSString+Hash.m */; };
		78590B661E08EEF0000F80EF /* IjinbuHTTPSessionManager.m in Sources */ = {isa = PBXBuildFile; fileRef = 78590B651E08EEF0000F80EF /* IjinbuHTTPSessionManager.m */; };
		78590B771E0906C3000F80EF /* TestHTTPSessionManager.m in Sources */ = {isa = PBXBuildFile; fileRef = 78590B761E0906C3000F80EF /* TestHTTPSessionManager.m */; };
		78590B7A1E0906D6000F80EF /* HealthyHTTPSessionManager.m in Sources */ = {isa = PBXBuildFile; fileRef = 78590B791E0906D6000F80EF /* HealthyHTTPSessionManager.m */; };
		78590B7D1E0906E6000F80EF /* DingdangHTTPSessionManager.m in Sources */ = {isa = PBXBuildFile; fileRef = 78590B7C1E0906E6000F80EF /* DingdangHTTPSessionManager.m */; };
		78590B861E090F73000F80EF /* CJResponseModel.m in Sources */ = {isa = PBXBuildFile; fileRef = 78590B831E090F73000F80EF /* CJResponseModel.m */; };
		78590B871E090F73000F80EF /* IjinbuResponseModel.m in Sources */ = {isa = PBXBuildFile; fileRef = 78590B851E090F73000F80EF /* IjinbuResponseModel.m */; };
		78590B8A1E091129000F80EF /* AccountInfo.m in Sources */ = {isa = PBXBuildFile; fileRef = 78590B891E091129000F80EF /* AccountInfo.m */; };
		78AB6B1D1C01CDD2004404A9 /* Login.storyboard in Resources */ = {isa = PBXBuildFile; fileRef = 78AB6B1C1C01CDD2004404A9 /* Login.storyboard */; };
		78D026B31E8B9BD2004B666C /* DingdangNetworkClient.m in Sources */ = {isa = PBXBuildFile; fileRef = 78D026B21E8B9BD2004B666C /* DingdangNetworkClient.m */; };
		78D026B61E8B9C09004B666C /* TestNetworkClient.m in Sources */ = {isa = PBXBuildFile; fileRef = 78D026B51E8B9C09004B666C /* TestNetworkClient.m */; };
		78D026B91E8BA0AF004B666C /* HealthyNetworkClient.m in Sources */ = {isa = PBXBuildFile; fileRef = 78D026B81E8BA0AF004B666C /* HealthyNetworkClient.m */; };
		78D026D41E8BA741004B666C /* AFHTTPSessionManager+CJCacheRequest.m in Sources */ = {isa = PBXBuildFile; fileRef = 78D026C01E8BA741004B666C /* AFHTTPSessionManager+CJCacheRequest.m */; };
		78D026D51E8BA741004B666C /* AFHTTPSessionManager+CJCategory.m in Sources */ = {isa = PBXBuildFile; fileRef = 78D026C21E8BA741004B666C /* AFHTTPSessionManager+CJCategory.m */; };
		78D026D61E8BA741004B666C /* NSString+URLEncoding.m in Sources */ = {isa = PBXBuildFile; fileRef = 78D026C51E8BA741004B666C /* NSString+URLEncoding.m */; };
		78D026D71E8BA741004B666C /* NSURLSessionTask+CJErrorMessage.m in Sources */ = {isa = PBXBuildFile; fileRef = 78D026C71E8BA741004B666C /* NSURLSessionTask+CJErrorMessage.m */; };
		78D026D81E8BA741004B666C /* CJJSONResponseSerializer.m in Sources */ = {isa = PBXBuildFile; fileRef = 78D026CA1E8BA741004B666C /* CJJSONResponseSerializer.m */; };
		78D026D91E8BA741004B666C /* CJRequestCacheDataUtil.m in Sources */ = {isa = PBXBuildFile; fileRef = 78D026CC1E8BA741004B666C /* CJRequestCacheDataUtil.m */; };
		78D026DA1E8BA741004B666C /* URLRequestUtil.m in Sources */ = {isa = PBXBuildFile; fileRef = 78D026CE1E8BA741004B666C /* URLRequestUtil.m */; };
		78D026DB1E8BA742004B666C /* CJNetworkClient.m in Sources */ = {isa = PBXBuildFile; fileRef = 78D026D11E8BA741004B666C /* CJNetworkClient.m */; };
		78D026DC1E8BA742004B666C /* CJNetworkClientHTTPSessionManager.m in Sources */ = {isa = PBXBuildFile; fileRef = 78D026D31E8BA741004B666C /* CJNetworkClientHTTPSessionManager.m */; };
		78D026ED1E8BAA66004B666C /* CJCacheDataModel.m in Sources */ = {isa = PBXBuildFile; fileRef = 78D026DF1E8BAA66004B666C /* CJCacheDataModel.m */; };
		78D026EE1E8BAA66004B666C /* CJDiskCacheManager.m in Sources */ = {isa = PBXBuildFile; fileRef = 78D026E11E8BAA66004B666C /* CJDiskCacheManager.m */; };
		78D026EF1E8BAA66004B666C /* CJMemoryCacheManager.m in Sources */ = {isa = PBXBuildFile; fileRef = 78D026E31E8BAA66004B666C /* CJMemoryCacheManager.m */; };
		78D026F01E8BAA66004B666C /* CJMemoryDiskCacheManager.m in Sources */ = {isa = PBXBuildFile; fileRef = 78D026E51E8BAA66004B666C /* CJMemoryDiskCacheManager.m */; };
		78D026F11E8BAA66004B666C /* NSData+Convert.m in Sources */ = {isa = PBXBuildFile; fileRef = 78D026E81E8BAA66004B666C /* NSData+Convert.m */; };
		78D026F21E8BAA66004B666C /* NSDictionary+Convert.m in Sources */ = {isa = PBXBuildFile; fileRef = 78D026EA1E8BAA66004B666C /* NSDictionary+Convert.m */; };
		78D026F31E8BAA66004B666C /* NSString+MD5.m in Sources */ = {isa = PBXBuildFile; fileRef = 78D026EC1E8BAA66004B666C /* NSString+MD5.m */; };
		78D027011E8BAA7A004B666C /* CJNetworkMonitor.m in Sources */ = {isa = PBXBuildFile; fileRef = 78D026F71E8BAA7A004B666C /* CJNetworkMonitor.m */; };
		78D027021E8BAA7A004B666C /* CommonWebUtil.m in Sources */ = {isa = PBXBuildFile; fileRef = 78D026FA1E8BAA7A004B666C /* CommonWebUtil.m */; };
		78D027031E8BAA7A004B666C /* NSString+Encoding.m in Sources */ = {isa = PBXBuildFile; fileRef = 78D026FD1E8BAA7A004B666C /* NSString+Encoding.m */; };
		78D027041E8BAA7A004B666C /* NetworkUtil.m in Sources */ = {isa = PBXBuildFile; fileRef = 78D027001E8BAA7A004B666C /* NetworkUtil.m */; };
		801531B11B78675400B82127 /* AFNDemoViewController.m in Sources */ = {isa = PBXBuildFile; fileRef = 801531A81B78675400B82127 /* AFNDemoViewController.m */; };
		801531B21B78675400B82127 /* AFNDemoViewController.xib in Resources */ = {isa = PBXBuildFile; fileRef = 801531A91B78675400B82127 /* AFNDemoViewController.xib */; };
		801531B31B78675400B82127 /* Login+Event.m in Sources */ = {isa = PBXBuildFile; fileRef = 801531AC1B78675400B82127 /* Login+Event.m */; };
		801531B41B78675400B82127 /* Login.m in Sources */ = {isa = PBXBuildFile; fileRef = 801531AE1B78675400B82127 /* Login.m */; };
		801531B51B78675400B82127 /* LoginHelper.m in Sources */ = {isa = PBXBuildFile; fileRef = 801531B01B78675400B82127 /* LoginHelper.m */; };
		804F8FC31B3BDF4E00AF11AA /* main.m in Sources */ = {isa = PBXBuildFile; fileRef = 804F8FC21B3BDF4E00AF11AA /* main.m */; };
		804F8FC61B3BDF4E00AF11AA /* AppDelegate.m in Sources */ = {isa = PBXBuildFile; fileRef = 804F8FC51B3BDF4E00AF11AA /* AppDelegate.m */; };
		804F8FC91B3BDF4E00AF11AA /* ViewController.m in Sources */ = {isa = PBXBuildFile; fileRef = 804F8FC81B3BDF4E00AF11AA /* ViewController.m */; };
		804F8FCC1B3BDF4E00AF11AA /* Main.storyboard in Resources */ = {isa = PBXBuildFile; fileRef = 804F8FCA1B3BDF4E00AF11AA /* Main.storyboard */; };
		804F8FCE1B3BDF4E00AF11AA /* Images.xcassets in Resources */ = {isa = PBXBuildFile; fileRef = 804F8FCD1B3BDF4E00AF11AA /* Images.xcassets */; };
		804F8FD11B3BDF4E00AF11AA /* LaunchScreen.xib in Resources */ = {isa = PBXBuildFile; fileRef = 804F8FCF1B3BDF4E00AF11AA /* LaunchScreen.xib */; };
		804F8FDD1B3BDF4E00AF11AA /* CommonAFNUtilDemoTests.m in Sources */ = {isa = PBXBuildFile; fileRef = 804F8FDC1B3BDF4E00AF11AA /* CommonAFNUtilDemoTests.m */; };
		807109E61B7E17E900F343F3 /* SocketDemoViewController.m in Sources */ = {isa = PBXBuildFile; fileRef = 807109E41B7E17E900F343F3 /* SocketDemoViewController.m */; };
		807109E71B7E17E900F343F3 /* SocketDemoViewController.xib in Resources */ = {isa = PBXBuildFile; fileRef = 807109E51B7E17E900F343F3 /* SocketDemoViewController.xib */; };
		808CBA351B720C8E00EDFFB9 /* LoginShareInfo.m in Sources */ = {isa = PBXBuildFile; fileRef = 808CBA331B720C8E00EDFFB9 /* LoginShareInfo.m */; };
		9325B3927FD88FBF830525A0 /* libPods-CommonAFNUtilDemo.a in Frameworks */ = {isa = PBXBuildFile; fileRef = 06DDE5678FB698FF9D1ACC99 /* libPods-CommonAFNUtilDemo.a */; };
		9EAE19EB98284D342405A9D9 /* libPods-CommonAFNUtilDemoTests.a in Frameworks */ = {isa = PBXBuildFile; fileRef = E4A8FCC6E00473C074D62DB2 /* libPods-CommonAFNUtilDemoTests.a */; };
/* End PBXBuildFile section */

/* Begin PBXContainerItemProxy section */
		804F8FD71B3BDF4E00AF11AA /* PBXContainerItemProxy */ = {
			isa = PBXContainerItemProxy;
			containerPortal = 804F8FB51B3BDF4D00AF11AA /* Project object */;
			proxyType = 1;
			remoteGlobalIDString = 804F8FBC1B3BDF4E00AF11AA;
			remoteInfo = CommonAFNUtilDemo;
		};
/* End PBXContainerItemProxy section */

/* Begin PBXFileReference section */
		06DDE5678FB698FF9D1ACC99 /* libPods-CommonAFNUtilDemo.a */ = {isa = PBXFileReference; explicitFileType = archive.ar; includeInIndex = 0; path = "libPods-CommonAFNUtilDemo.a"; sourceTree = BUILT_PRODUCTS_DIR; };
		4204150C2F919C31E2F10C0F /* Pods-CommonAFNUtilDemo.release.xcconfig */ = {isa = PBXFileReference; includeInIndex = 1; lastKnownFileType = text.xcconfig; name = "Pods-CommonAFNUtilDemo.release.xcconfig"; path = "Pods/Target Support Files/Pods-CommonAFNUtilDemo/Pods-CommonAFNUtilDemo.release.xcconfig"; sourceTree = "<group>"; };
		4DF147B794DABA1B3B749FCD /* Pods-CommonAFNUtilDemo.debug.xcconfig */ = {isa = PBXFileReference; includeInIndex = 1; lastKnownFileType = text.xcconfig; name = "Pods-CommonAFNUtilDemo.debug.xcconfig"; path = "Pods/Target Support Files/Pods-CommonAFNUtilDemo/Pods-CommonAFNUtilDemo.debug.xcconfig"; sourceTree = "<group>"; };
		7803FF531E6D76C100E2594E /* IjinbuNetworkClient.h */ = {isa = PBXFileReference; fileEncoding = 4; lastKnownFileType = sourcecode.c.h; path = IjinbuNetworkClient.h; sourceTree = "<group>"; };
		7803FF541E6D76C100E2594E /* IjinbuNetworkClient.m */ = {isa = PBXFileReference; fileEncoding = 4; lastKnownFileType = sourcecode.c.objc; path = IjinbuNetworkClient.m; sourceTree = "<group>"; };
		7803FF561E6D7A6A00E2594E /* IjinbuNetworkClient+Login.h */ = {isa = PBXFileReference; fileEncoding = 4; lastKnownFileType = sourcecode.c.h; path = "IjinbuNetworkClient+Login.h"; sourceTree = "<group>"; };
		7803FF571E6D7A6A00E2594E /* IjinbuNetworkClient+Login.m */ = {isa = PBXFileReference; fileEncoding = 4; lastKnownFileType = sourcecode.c.objc; path = "IjinbuNetworkClient+Login.m"; sourceTree = "<group>"; };
		784C152C1E8DF0090019D652 /* MQLResumeManager.h */ = {isa = PBXFileReference; fileEncoding = 4; lastKnownFileType = sourcecode.c.h; path = MQLResumeManager.h; sourceTree = "<group>"; };
		784C152D1E8DF0090019D652 /* MQLResumeManager.m */ = {isa = PBXFileReference; fileEncoding = 4; lastKnownFileType = sourcecode.c.objc; path = MQLResumeManager.m; sourceTree = "<group>"; };
		784C153F1E8E2CC50019D652 /* DownloadListViewController.h */ = {isa = PBXFileReference; fileEncoding = 4; lastKnownFileType = sourcecode.c.h; path = DownloadListViewController.h; sourceTree = "<group>"; };
		784C15401E8E2CC50019D652 /* DownloadListViewController.m */ = {isa = PBXFileReference; fileEncoding = 4; lastKnownFileType = sourcecode.c.objc; path = DownloadListViewController.m; sourceTree = "<group>"; };
		784C15411E8E2CC50019D652 /* DownloadListViewController.xib */ = {isa = PBXFileReference; fileEncoding = 4; lastKnownFileType = file.xib; path = DownloadListViewController.xib; sourceTree = "<group>"; };
		784C15421E8E2CC50019D652 /* DownloadTableViewCell.h */ = {isa = PBXFileReference; fileEncoding = 4; lastKnownFileType = sourcecode.c.h; path = DownloadTableViewCell.h; sourceTree = "<group>"; };
		784C15431E8E2CC50019D652 /* DownloadTableViewCell.m */ = {isa = PBXFileReference; fileEncoding = 4; lastKnownFileType = sourcecode.c.objc; path = DownloadTableViewCell.m; sourceTree = "<group>"; };
		784C15441E8E2CC50019D652 /* DownloadTableViewCell.xib */ = {isa = PBXFileReference; fileEncoding = 4; lastKnownFileType = file.xib; path = DownloadTableViewCell.xib; sourceTree = "<group>"; };
		784C154A1E8E2D040019D652 /* AFDownloadViewController.h */ = {isa = PBXFileReference; fileEncoding = 4; lastKnownFileType = sourcecode.c.h; path = AFDownloadViewController.h; sourceTree = "<group>"; };
		784C154B1E8E2D040019D652 /* AFDownloadViewController.m */ = {isa = PBXFileReference; fileEncoding = 4; lastKnownFileType = sourcecode.c.objc; path = AFDownloadViewController.m; sourceTree = "<group>"; };
		784C154C1E8E2D040019D652 /* BaseDownloadViewController.h */ = {isa = PBXFileReference; fileEncoding = 4; lastKnownFileType = sourcecode.c.h; path = BaseDownloadViewController.h; sourceTree = "<group>"; };
		784C154D1E8E2D040019D652 /* BaseDownloadViewController.m */ = {isa = PBXFileReference; fileEncoding = 4; lastKnownFileType = sourcecode.c.objc; path = BaseDownloadViewController.m; sourceTree = "<group>"; };
		784C154E1E8E2D040019D652 /* BaseDownloadViewController.xib */ = {isa = PBXFileReference; fileEncoding = 4; lastKnownFileType = file.xib; path = BaseDownloadViewController.xib; sourceTree = "<group>"; };
		784C154F1E8E2D040019D652 /* SessionDataTaskDownloadViewController.h */ = {isa = PBXFileReference; fileEncoding = 4; lastKnownFileType = sourcecode.c.h; path = SessionDataTaskDownloadViewController.h; sourceTree = "<group>"; };
		784C15501E8E2D040019D652 /* SessionDataTaskDownloadViewController.m */ = {isa = PBXFileReference; fileEncoding = 4; lastKnownFileType = sourcecode.c.objc; path = SessionDataTaskDownloadViewController.m; sourceTree = "<group>"; };
		784C15511E8E2D040019D652 /* SessionDownloadTaskDownloadViewController.h */ = {isa = PBXFileReference; fileEncoding = 4; lastKnownFileType = sourcecode.c.h; path = SessionDownloadTaskDownloadViewController.h; sourceTree = "<group>"; };
		784C15521E8E2D040019D652 /* SessionDownloadTaskDownloadViewController.m */ = {isa = PBXFileReference; fileEncoding = 4; lastKnownFileType = sourcecode.c.objc; path = SessionDownloadTaskDownloadViewController.m; sourceTree = "<group>"; };
		784C15531E8E2D040019D652 /* SessionDownloadTaskDownloadViewController.xib */ = {isa = PBXFileReference; fileEncoding = 4; lastKnownFileType = file.xib; path = SessionDownloadTaskDownloadViewController.xib; sourceTree = "<group>"; };
		784C155A1E8E2DB60019D652 /* DownloadHomeViewController.h */ = {isa = PBXFileReference; fileEncoding = 4; lastKnownFileType = sourcecode.c.h; path = DownloadHomeViewController.h; sourceTree = "<group>"; };
		784C155B1E8E2DB60019D652 /* DownloadHomeViewController.m */ = {isa = PBXFileReference; fileEncoding = 4; lastKnownFileType = sourcecode.c.objc; path = DownloadHomeViewController.m; sourceTree = "<group>"; };
		784C155C1E8E2DB60019D652 /* DownloadHomeViewController.xib */ = {isa = PBXFileReference; fileEncoding = 4; lastKnownFileType = file.xib; path = DownloadHomeViewController.xib; sourceTree = "<group>"; };
		784C15601E8E2FD70019D652 /* HSDownloadManager.h */ = {isa = PBXFileReference; fileEncoding = 4; lastKnownFileType = sourcecode.c.h; path = HSDownloadManager.h; sourceTree = "<group>"; };
		784C15611E8E2FD70019D652 /* HSDownloadManager.m */ = {isa = PBXFileReference; fileEncoding = 4; lastKnownFileType = sourcecode.c.objc; path = HSDownloadManager.m; sourceTree = "<group>"; };
		784C15621E8E2FD70019D652 /* HSSessionModel.h */ = {isa = PBXFileReference; fileEncoding = 4; lastKnownFileType = sourcecode.c.h; path = HSSessionModel.h; sourceTree = "<group>"; };
		784C15631E8E2FD70019D652 /* HSSessionModel.m */ = {isa = PBXFileReference; fileEncoding = 4; lastKnownFileType = sourcecode.c.objc; path = HSSessionModel.m; sourceTree = "<group>"; };
		784C15651E8E2FD70019D652 /* NSString+Hash.h */ = {isa = PBXFileReference; fileEncoding = 4; lastKnownFileType = sourcecode.c.h; path = "NSString+Hash.h"; sourceTree = "<group>"; };
		784C15661E8E2FD70019D652 /* NSString+Hash.m */ = {isa = PBXFileReference; fileEncoding = 4; lastKnownFileType = sourcecode.c.objc; path = "NSString+Hash.m"; sourceTree = "<group>"; };
		78590B641E08EEF0000F80EF /* IjinbuHTTPSessionManager.h */ = {isa = PBXFileReference; fileEncoding = 4; lastKnownFileType = sourcecode.c.h; path = IjinbuHTTPSessionManager.h; sourceTree = "<group>"; };
		78590B651E08EEF0000F80EF /* IjinbuHTTPSessionManager.m */ = {isa = PBXFileReference; fileEncoding = 4; lastKnownFileType = sourcecode.c.objc; path = IjinbuHTTPSessionManager.m; sourceTree = "<group>"; };
		78590B751E0906C3000F80EF /* TestHTTPSessionManager.h */ = {isa = PBXFileReference; fileEncoding = 4; lastKnownFileType = sourcecode.c.h; path = TestHTTPSessionManager.h; sourceTree = "<group>"; };
		78590B761E0906C3000F80EF /* TestHTTPSessionManager.m */ = {isa = PBXFileReference; fileEncoding = 4; lastKnownFileType = sourcecode.c.objc; path = TestHTTPSessionManager.m; sourceTree = "<group>"; };
		78590B781E0906D6000F80EF /* HealthyHTTPSessionManager.h */ = {isa = PBXFileReference; fileEncoding = 4; lastKnownFileType = sourcecode.c.h; path = HealthyHTTPSessionManager.h; sourceTree = "<group>"; };
		78590B791E0906D6000F80EF /* HealthyHTTPSessionManager.m */ = {isa = PBXFileReference; fileEncoding = 4; lastKnownFileType = sourcecode.c.objc; path = HealthyHTTPSessionManager.m; sourceTree = "<group>"; };
		78590B7B1E0906E6000F80EF /* DingdangHTTPSessionManager.h */ = {isa = PBXFileReference; fileEncoding = 4; lastKnownFileType = sourcecode.c.h; path = DingdangHTTPSessionManager.h; sourceTree = "<group>"; };
		78590B7C1E0906E6000F80EF /* DingdangHTTPSessionManager.m */ = {isa = PBXFileReference; fileEncoding = 4; lastKnownFileType = sourcecode.c.objc; path = DingdangHTTPSessionManager.m; sourceTree = "<group>"; };
		78590B821E090F73000F80EF /* CJResponseModel.h */ = {isa = PBXFileReference; fileEncoding = 4; lastKnownFileType = sourcecode.c.h; path = CJResponseModel.h; sourceTree = "<group>"; };
		78590B831E090F73000F80EF /* CJResponseModel.m */ = {isa = PBXFileReference; fileEncoding = 4; lastKnownFileType = sourcecode.c.objc; path = CJResponseModel.m; sourceTree = "<group>"; };
		78590B841E090F73000F80EF /* IjinbuResponseModel.h */ = {isa = PBXFileReference; fileEncoding = 4; lastKnownFileType = sourcecode.c.h; path = IjinbuResponseModel.h; sourceTree = "<group>"; };
		78590B851E090F73000F80EF /* IjinbuResponseModel.m */ = {isa = PBXFileReference; fileEncoding = 4; lastKnownFileType = sourcecode.c.objc; path = IjinbuResponseModel.m; sourceTree = "<group>"; };
		78590B881E091129000F80EF /* AccountInfo.h */ = {isa = PBXFileReference; fileEncoding = 4; lastKnownFileType = sourcecode.c.h; path = AccountInfo.h; sourceTree = "<group>"; };
		78590B891E091129000F80EF /* AccountInfo.m */ = {isa = PBXFileReference; fileEncoding = 4; lastKnownFileType = sourcecode.c.objc; path = AccountInfo.m; sourceTree = "<group>"; };
		78AB6B1C1C01CDD2004404A9 /* Login.storyboard */ = {isa = PBXFileReference; fileEncoding = 4; lastKnownFileType = file.storyboard; path = Login.storyboard; sourceTree = "<group>"; };
		78D026B11E8B9BD2004B666C /* DingdangNetworkClient.h */ = {isa = PBXFileReference; fileEncoding = 4; lastKnownFileType = sourcecode.c.h; path = DingdangNetworkClient.h; sourceTree = "<group>"; };
		78D026B21E8B9BD2004B666C /* DingdangNetworkClient.m */ = {isa = PBXFileReference; fileEncoding = 4; lastKnownFileType = sourcecode.c.objc; path = DingdangNetworkClient.m; sourceTree = "<group>"; };
		78D026B41E8B9C09004B666C /* TestNetworkClient.h */ = {isa = PBXFileReference; fileEncoding = 4; lastKnownFileType = sourcecode.c.h; path = TestNetworkClient.h; sourceTree = "<group>"; };
		78D026B51E8B9C09004B666C /* TestNetworkClient.m */ = {isa = PBXFileReference; fileEncoding = 4; lastKnownFileType = sourcecode.c.objc; path = TestNetworkClient.m; sourceTree = "<group>"; };
		78D026B71E8BA0AF004B666C /* HealthyNetworkClient.h */ = {isa = PBXFileReference; fileEncoding = 4; lastKnownFileType = sourcecode.c.h; path = HealthyNetworkClient.h; sourceTree = "<group>"; };
		78D026B81E8BA0AF004B666C /* HealthyNetworkClient.m */ = {isa = PBXFileReference; fileEncoding = 4; lastKnownFileType = sourcecode.c.objc; path = HealthyNetworkClient.m; sourceTree = "<group>"; };
		78D026BF1E8BA741004B666C /* AFHTTPSessionManager+CJCacheRequest.h */ = {isa = PBXFileReference; fileEncoding = 4; lastKnownFileType = sourcecode.c.h; path = "AFHTTPSessionManager+CJCacheRequest.h"; sourceTree = "<group>"; };
		78D026C01E8BA741004B666C /* AFHTTPSessionManager+CJCacheRequest.m */ = {isa = PBXFileReference; fileEncoding = 4; lastKnownFileType = sourcecode.c.objc; path = "AFHTTPSessionManager+CJCacheRequest.m"; sourceTree = "<group>"; };
		78D026C11E8BA741004B666C /* AFHTTPSessionManager+CJCategory.h */ = {isa = PBXFileReference; fileEncoding = 4; lastKnownFileType = sourcecode.c.h; path = "AFHTTPSessionManager+CJCategory.h"; sourceTree = "<group>"; };
		78D026C21E8BA741004B666C /* AFHTTPSessionManager+CJCategory.m */ = {isa = PBXFileReference; fileEncoding = 4; lastKnownFileType = sourcecode.c.objc; path = "AFHTTPSessionManager+CJCategory.m"; sourceTree = "<group>"; };
		78D026C41E8BA741004B666C /* NSString+URLEncoding.h */ = {isa = PBXFileReference; fileEncoding = 4; lastKnownFileType = sourcecode.c.h; path = "NSString+URLEncoding.h"; sourceTree = "<group>"; };
		78D026C51E8BA741004B666C /* NSString+URLEncoding.m */ = {isa = PBXFileReference; fileEncoding = 4; lastKnownFileType = sourcecode.c.objc; path = "NSString+URLEncoding.m"; sourceTree = "<group>"; };
		78D026C61E8BA741004B666C /* NSURLSessionTask+CJErrorMessage.h */ = {isa = PBXFileReference; fileEncoding = 4; lastKnownFileType = sourcecode.c.h; path = "NSURLSessionTask+CJErrorMessage.h"; sourceTree = "<group>"; };
		78D026C71E8BA741004B666C /* NSURLSessionTask+CJErrorMessage.m */ = {isa = PBXFileReference; fileEncoding = 4; lastKnownFileType = sourcecode.c.objc; path = "NSURLSessionTask+CJErrorMessage.m"; sourceTree = "<group>"; };
		78D026C91E8BA741004B666C /* CJJSONResponseSerializer.h */ = {isa = PBXFileReference; fileEncoding = 4; lastKnownFileType = sourcecode.c.h; path = CJJSONResponseSerializer.h; sourceTree = "<group>"; };
		78D026CA1E8BA741004B666C /* CJJSONResponseSerializer.m */ = {isa = PBXFileReference; fileEncoding = 4; lastKnownFileType = sourcecode.c.objc; path = CJJSONResponseSerializer.m; sourceTree = "<group>"; };
		78D026CB1E8BA741004B666C /* CJRequestCacheDataUtil.h */ = {isa = PBXFileReference; fileEncoding = 4; lastKnownFileType = sourcecode.c.h; path = CJRequestCacheDataUtil.h; sourceTree = "<group>"; };
		78D026CC1E8BA741004B666C /* CJRequestCacheDataUtil.m */ = {isa = PBXFileReference; fileEncoding = 4; lastKnownFileType = sourcecode.c.objc; path = CJRequestCacheDataUtil.m; sourceTree = "<group>"; };
		78D026CD1E8BA741004B666C /* URLRequestUtil.h */ = {isa = PBXFileReference; fileEncoding = 4; lastKnownFileType = sourcecode.c.h; path = URLRequestUtil.h; sourceTree = "<group>"; };
		78D026CE1E8BA741004B666C /* URLRequestUtil.m */ = {isa = PBXFileReference; fileEncoding = 4; lastKnownFileType = sourcecode.c.objc; path = URLRequestUtil.m; sourceTree = "<group>"; };
		78D026D01E8BA741004B666C /* CJNetworkClient.h */ = {isa = PBXFileReference; fileEncoding = 4; lastKnownFileType = sourcecode.c.h; path = CJNetworkClient.h; sourceTree = "<group>"; };
		78D026D11E8BA741004B666C /* CJNetworkClient.m */ = {isa = PBXFileReference; fileEncoding = 4; lastKnownFileType = sourcecode.c.objc; path = CJNetworkClient.m; sourceTree = "<group>"; };
		78D026D21E8BA741004B666C /* CJNetworkClientHTTPSessionManager.h */ = {isa = PBXFileReference; fileEncoding = 4; lastKnownFileType = sourcecode.c.h; path = CJNetworkClientHTTPSessionManager.h; sourceTree = "<group>"; };
		78D026D31E8BA741004B666C /* CJNetworkClientHTTPSessionManager.m */ = {isa = PBXFileReference; fileEncoding = 4; lastKnownFileType = sourcecode.c.objc; path = CJNetworkClientHTTPSessionManager.m; sourceTree = "<group>"; };
		78D026DE1E8BAA66004B666C /* CJCacheDataModel.h */ = {isa = PBXFileReference; fileEncoding = 4; lastKnownFileType = sourcecode.c.h; path = CJCacheDataModel.h; sourceTree = "<group>"; };
		78D026DF1E8BAA66004B666C /* CJCacheDataModel.m */ = {isa = PBXFileReference; fileEncoding = 4; lastKnownFileType = sourcecode.c.objc; path = CJCacheDataModel.m; sourceTree = "<group>"; };
		78D026E01E8BAA66004B666C /* CJDiskCacheManager.h */ = {isa = PBXFileReference; fileEncoding = 4; lastKnownFileType = sourcecode.c.h; path = CJDiskCacheManager.h; sourceTree = "<group>"; };
		78D026E11E8BAA66004B666C /* CJDiskCacheManager.m */ = {isa = PBXFileReference; fileEncoding = 4; lastKnownFileType = sourcecode.c.objc; path = CJDiskCacheManager.m; sourceTree = "<group>"; };
		78D026E21E8BAA66004B666C /* CJMemoryCacheManager.h */ = {isa = PBXFileReference; fileEncoding = 4; lastKnownFileType = sourcecode.c.h; path = CJMemoryCacheManager.h; sourceTree = "<group>"; };
		78D026E31E8BAA66004B666C /* CJMemoryCacheManager.m */ = {isa = PBXFileReference; fileEncoding = 4; lastKnownFileType = sourcecode.c.objc; path = CJMemoryCacheManager.m; sourceTree = "<group>"; };
		78D026E41E8BAA66004B666C /* CJMemoryDiskCacheManager.h */ = {isa = PBXFileReference; fileEncoding = 4; lastKnownFileType = sourcecode.c.h; path = CJMemoryDiskCacheManager.h; sourceTree = "<group>"; };
		78D026E51E8BAA66004B666C /* CJMemoryDiskCacheManager.m */ = {isa = PBXFileReference; fileEncoding = 4; lastKnownFileType = sourcecode.c.objc; path = CJMemoryDiskCacheManager.m; sourceTree = "<group>"; };
		78D026E71E8BAA66004B666C /* NSData+Convert.h */ = {isa = PBXFileReference; fileEncoding = 4; lastKnownFileType = sourcecode.c.h; path = "NSData+Convert.h"; sourceTree = "<group>"; };
		78D026E81E8BAA66004B666C /* NSData+Convert.m */ = {isa = PBXFileReference; fileEncoding = 4; lastKnownFileType = sourcecode.c.objc; path = "NSData+Convert.m"; sourceTree = "<group>"; };
		78D026E91E8BAA66004B666C /* NSDictionary+Convert.h */ = {isa = PBXFileReference; fileEncoding = 4; lastKnownFileType = sourcecode.c.h; path = "NSDictionary+Convert.h"; sourceTree = "<group>"; };
		78D026EA1E8BAA66004B666C /* NSDictionary+Convert.m */ = {isa = PBXFileReference; fileEncoding = 4; lastKnownFileType = sourcecode.c.objc; path = "NSDictionary+Convert.m"; sourceTree = "<group>"; };
		78D026EB1E8BAA66004B666C /* NSString+MD5.h */ = {isa = PBXFileReference; fileEncoding = 4; lastKnownFileType = sourcecode.c.h; path = "NSString+MD5.h"; sourceTree = "<group>"; };
		78D026EC1E8BAA66004B666C /* NSString+MD5.m */ = {isa = PBXFileReference; fileEncoding = 4; lastKnownFileType = sourcecode.c.objc; path = "NSString+MD5.m"; sourceTree = "<group>"; };
		78D026F61E8BAA7A004B666C /* CJNetworkMonitor.h */ = {isa = PBXFileReference; fileEncoding = 4; lastKnownFileType = sourcecode.c.h; path = CJNetworkMonitor.h; sourceTree = "<group>"; };
		78D026F71E8BAA7A004B666C /* CJNetworkMonitor.m */ = {isa = PBXFileReference; fileEncoding = 4; lastKnownFileType = sourcecode.c.objc; path = CJNetworkMonitor.m; sourceTree = "<group>"; };
		78D026F91E8BAA7A004B666C /* CommonWebUtil.h */ = {isa = PBXFileReference; fileEncoding = 4; lastKnownFileType = sourcecode.c.h; path = CommonWebUtil.h; sourceTree = "<group>"; };
		78D026FA1E8BAA7A004B666C /* CommonWebUtil.m */ = {isa = PBXFileReference; fileEncoding = 4; lastKnownFileType = sourcecode.c.objc; path = CommonWebUtil.m; sourceTree = "<group>"; };
		78D026FC1E8BAA7A004B666C /* NSString+Encoding.h */ = {isa = PBXFileReference; fileEncoding = 4; lastKnownFileType = sourcecode.c.h; path = "NSString+Encoding.h"; sourceTree = "<group>"; };
		78D026FD1E8BAA7A004B666C /* NSString+Encoding.m */ = {isa = PBXFileReference; fileEncoding = 4; lastKnownFileType = sourcecode.c.objc; path = "NSString+Encoding.m"; sourceTree = "<group>"; };
		78D026FF1E8BAA7A004B666C /* NetworkUtil.h */ = {isa = PBXFileReference; fileEncoding = 4; lastKnownFileType = sourcecode.c.h; path = NetworkUtil.h; sourceTree = "<group>"; };
		78D027001E8BAA7A004B666C /* NetworkUtil.m */ = {isa = PBXFileReference; fileEncoding = 4; lastKnownFileType = sourcecode.c.objc; path = NetworkUtil.m; sourceTree = "<group>"; };
		801531A71B78675400B82127 /* AFNDemoViewController.h */ = {isa = PBXFileReference; fileEncoding = 4; lastKnownFileType = sourcecode.c.h; path = AFNDemoViewController.h; sourceTree = "<group>"; };
		801531A81B78675400B82127 /* AFNDemoViewController.m */ = {isa = PBXFileReference; fileEncoding = 4; lastKnownFileType = sourcecode.c.objc; path = AFNDemoViewController.m; sourceTree = "<group>"; };
		801531A91B78675400B82127 /* AFNDemoViewController.xib */ = {isa = PBXFileReference; fileEncoding = 4; lastKnownFileType = file.xib; path = AFNDemoViewController.xib; sourceTree = "<group>"; };
		801531AB1B78675400B82127 /* Login+Event.h */ = {isa = PBXFileReference; fileEncoding = 4; lastKnownFileType = sourcecode.c.h; path = "Login+Event.h"; sourceTree = "<group>"; };
		801531AC1B78675400B82127 /* Login+Event.m */ = {isa = PBXFileReference; fileEncoding = 4; lastKnownFileType = sourcecode.c.objc; path = "Login+Event.m"; sourceTree = "<group>"; };
		801531AD1B78675400B82127 /* Login.h */ = {isa = PBXFileReference; fileEncoding = 4; lastKnownFileType = sourcecode.c.h; path = Login.h; sourceTree = "<group>"; };
		801531AE1B78675400B82127 /* Login.m */ = {isa = PBXFileReference; fileEncoding = 4; lastKnownFileType = sourcecode.c.objc; path = Login.m; sourceTree = "<group>"; };
		801531AF1B78675400B82127 /* LoginHelper.h */ = {isa = PBXFileReference; fileEncoding = 4; lastKnownFileType = sourcecode.c.h; path = LoginHelper.h; sourceTree = "<group>"; };
		801531B01B78675400B82127 /* LoginHelper.m */ = {isa = PBXFileReference; fileEncoding = 4; lastKnownFileType = sourcecode.c.objc; path = LoginHelper.m; sourceTree = "<group>"; };
		804F8FBD1B3BDF4E00AF11AA /* CommonAFNUtilDemo.app */ = {isa = PBXFileReference; explicitFileType = wrapper.application; includeInIndex = 0; path = CommonAFNUtilDemo.app; sourceTree = BUILT_PRODUCTS_DIR; };
		804F8FC11B3BDF4E00AF11AA /* Info.plist */ = {isa = PBXFileReference; lastKnownFileType = text.plist.xml; path = Info.plist; sourceTree = "<group>"; };
		804F8FC21B3BDF4E00AF11AA /* main.m */ = {isa = PBXFileReference; lastKnownFileType = sourcecode.c.objc; path = main.m; sourceTree = "<group>"; };
		804F8FC41B3BDF4E00AF11AA /* AppDelegate.h */ = {isa = PBXFileReference; lastKnownFileType = sourcecode.c.h; path = AppDelegate.h; sourceTree = "<group>"; };
		804F8FC51B3BDF4E00AF11AA /* AppDelegate.m */ = {isa = PBXFileReference; lastKnownFileType = sourcecode.c.objc; path = AppDelegate.m; sourceTree = "<group>"; };
		804F8FC71B3BDF4E00AF11AA /* ViewController.h */ = {isa = PBXFileReference; lastKnownFileType = sourcecode.c.h; path = ViewController.h; sourceTree = "<group>"; };
		804F8FC81B3BDF4E00AF11AA /* ViewController.m */ = {isa = PBXFileReference; lastKnownFileType = sourcecode.c.objc; path = ViewController.m; sourceTree = "<group>"; };
		804F8FCB1B3BDF4E00AF11AA /* Base */ = {isa = PBXFileReference; lastKnownFileType = file.storyboard; name = Base; path = Base.lproj/Main.storyboard; sourceTree = "<group>"; };
		804F8FCD1B3BDF4E00AF11AA /* Images.xcassets */ = {isa = PBXFileReference; lastKnownFileType = folder.assetcatalog; path = Images.xcassets; sourceTree = "<group>"; };
		804F8FD01B3BDF4E00AF11AA /* Base */ = {isa = PBXFileReference; lastKnownFileType = file.xib; name = Base; path = Base.lproj/LaunchScreen.xib; sourceTree = "<group>"; };
		804F8FD61B3BDF4E00AF11AA /* CommonAFNUtilDemoTests.xctest */ = {isa = PBXFileReference; explicitFileType = wrapper.cfbundle; includeInIndex = 0; path = CommonAFNUtilDemoTests.xctest; sourceTree = BUILT_PRODUCTS_DIR; };
		804F8FDB1B3BDF4E00AF11AA /* Info.plist */ = {isa = PBXFileReference; lastKnownFileType = text.plist.xml; path = Info.plist; sourceTree = "<group>"; };
		804F8FDC1B3BDF4E00AF11AA /* CommonAFNUtilDemoTests.m */ = {isa = PBXFileReference; lastKnownFileType = sourcecode.c.objc; path = CommonAFNUtilDemoTests.m; sourceTree = "<group>"; };
		804F8FF71B3BE84200AF11AA /* CommonAFNUtilDemo.pch */ = {isa = PBXFileReference; lastKnownFileType = sourcecode.c.h; path = CommonAFNUtilDemo.pch; sourceTree = "<group>"; };
		807109E31B7E17E900F343F3 /* SocketDemoViewController.h */ = {isa = PBXFileReference; fileEncoding = 4; lastKnownFileType = sourcecode.c.h; path = SocketDemoViewController.h; sourceTree = "<group>"; };
		807109E41B7E17E900F343F3 /* SocketDemoViewController.m */ = {isa = PBXFileReference; fileEncoding = 4; lastKnownFileType = sourcecode.c.objc; path = SocketDemoViewController.m; sourceTree = "<group>"; };
		807109E51B7E17E900F343F3 /* SocketDemoViewController.xib */ = {isa = PBXFileReference; fileEncoding = 4; lastKnownFileType = file.xib; path = SocketDemoViewController.xib; sourceTree = "<group>"; };
		808CBA2A1B71EF8D00EDFFB9 /* SystemConfiguration.framework */ = {isa = PBXFileReference; lastKnownFileType = wrapper.framework; name = SystemConfiguration.framework; path = System/Library/Frameworks/SystemConfiguration.framework; sourceTree = SDKROOT; };
		808CBA321B720C8E00EDFFB9 /* LoginShareInfo.h */ = {isa = PBXFileReference; fileEncoding = 4; lastKnownFileType = sourcecode.c.h; path = LoginShareInfo.h; sourceTree = "<group>"; };
		808CBA331B720C8E00EDFFB9 /* LoginShareInfo.m */ = {isa = PBXFileReference; fileEncoding = 4; lastKnownFileType = sourcecode.c.objc; path = LoginShareInfo.m; sourceTree = "<group>"; };
		8466B89648C8AB42EFAD5B0E /* Pods-CommonAFNUtilDemoTests.release.xcconfig */ = {isa = PBXFileReference; includeInIndex = 1; lastKnownFileType = text.xcconfig; name = "Pods-CommonAFNUtilDemoTests.release.xcconfig"; path = "Pods/Target Support Files/Pods-CommonAFNUtilDemoTests/Pods-CommonAFNUtilDemoTests.release.xcconfig"; sourceTree = "<group>"; };
		A73866BDADA130D8CFFD9AEF /* Pods-CommonAFNUtilDemoTests.debug.xcconfig */ = {isa = PBXFileReference; includeInIndex = 1; lastKnownFileType = text.xcconfig; name = "Pods-CommonAFNUtilDemoTests.debug.xcconfig"; path = "Pods/Target Support Files/Pods-CommonAFNUtilDemoTests/Pods-CommonAFNUtilDemoTests.debug.xcconfig"; sourceTree = "<group>"; };
		E4A8FCC6E00473C074D62DB2 /* libPods-CommonAFNUtilDemoTests.a */ = {isa = PBXFileReference; explicitFileType = archive.ar; includeInIndex = 0; path = "libPods-CommonAFNUtilDemoTests.a"; sourceTree = BUILT_PRODUCTS_DIR; };
/* End PBXFileReference section */

/* Begin PBXFrameworksBuildPhase section */
		804F8FBA1B3BDF4E00AF11AA /* Frameworks */ = {
			isa = PBXFrameworksBuildPhase;
			buildActionMask = 2147483647;
			files = (
				9325B3927FD88FBF830525A0 /* libPods-CommonAFNUtilDemo.a in Frameworks */,
			);
			runOnlyForDeploymentPostprocessing = 0;
		};
		804F8FD31B3BDF4E00AF11AA /* Frameworks */ = {
			isa = PBXFrameworksBuildPhase;
			buildActionMask = 2147483647;
			files = (
				9EAE19EB98284D342405A9D9 /* libPods-CommonAFNUtilDemoTests.a in Frameworks */,
			);
			runOnlyForDeploymentPostprocessing = 0;
		};
/* End PBXFrameworksBuildPhase section */

/* Begin PBXGroup section */
		53FC3FB9397F9718C19B0F95 /* Pods */ = {
			isa = PBXGroup;
			children = (
				4DF147B794DABA1B3B749FCD /* Pods-CommonAFNUtilDemo.debug.xcconfig */,
				4204150C2F919C31E2F10C0F /* Pods-CommonAFNUtilDemo.release.xcconfig */,
				A73866BDADA130D8CFFD9AEF /* Pods-CommonAFNUtilDemoTests.debug.xcconfig */,
				8466B89648C8AB42EFAD5B0E /* Pods-CommonAFNUtilDemoTests.release.xcconfig */,
			);
			name = Pods;
			sourceTree = "<group>";
		};
		684DB7D1E9908C6E4488C1F7 /* Frameworks */ = {
			isa = PBXGroup;
			children = (
				808CBA2A1B71EF8D00EDFFB9 /* SystemConfiguration.framework */,
				06DDE5678FB698FF9D1ACC99 /* libPods-CommonAFNUtilDemo.a */,
				E4A8FCC6E00473C074D62DB2 /* libPods-CommonAFNUtilDemoTests.a */,
			);
			name = Frameworks;
			sourceTree = "<group>";
		};
		784C15111E8CD8370019D652 /* DownloadDemo */ = {
			isa = PBXGroup;
			children = (
				784C15491E8E2D040019D652 /* DownloadViewController */,
				784C153E1E8E2CC50019D652 /* DownloadListViewController */,
				784C155A1E8E2DB60019D652 /* DownloadHomeViewController.h */,
				784C155B1E8E2DB60019D652 /* DownloadHomeViewController.m */,
				784C155C1E8E2DB60019D652 /* DownloadHomeViewController.xib */,
			);
			path = DownloadDemo;
			sourceTree = "<group>";
		};
		784C152B1E8DF0090019D652 /* CJResumeManager */ = {
			isa = PBXGroup;
			children = (
				784C152C1E8DF0090019D652 /* MQLResumeManager.h */,
				784C152D1E8DF0090019D652 /* MQLResumeManager.m */,
			);
			path = CJResumeManager;
			sourceTree = "<group>";
		};
		784C153E1E8E2CC50019D652 /* DownloadListViewController */ = {
			isa = PBXGroup;
			children = (
				784C153F1E8E2CC50019D652 /* DownloadListViewController.h */,
				784C15401E8E2CC50019D652 /* DownloadListViewController.m */,
				784C15411E8E2CC50019D652 /* DownloadListViewController.xib */,
				784C15421E8E2CC50019D652 /* DownloadTableViewCell.h */,
				784C15431E8E2CC50019D652 /* DownloadTableViewCell.m */,
				784C15441E8E2CC50019D652 /* DownloadTableViewCell.xib */,
			);
			path = DownloadListViewController;
			sourceTree = "<group>";
		};
		784C15491E8E2D040019D652 /* DownloadViewController */ = {
			isa = PBXGroup;
			children = (
				784C154A1E8E2D040019D652 /* AFDownloadViewController.h */,
				784C154B1E8E2D040019D652 /* AFDownloadViewController.m */,
				784C154C1E8E2D040019D652 /* BaseDownloadViewController.h */,
				784C154D1E8E2D040019D652 /* BaseDownloadViewController.m */,
				784C154E1E8E2D040019D652 /* BaseDownloadViewController.xib */,
				784C154F1E8E2D040019D652 /* SessionDataTaskDownloadViewController.h */,
				784C15501E8E2D040019D652 /* SessionDataTaskDownloadViewController.m */,
				784C15511E8E2D040019D652 /* SessionDownloadTaskDownloadViewController.h */,
				784C15521E8E2D040019D652 /* SessionDownloadTaskDownloadViewController.m */,
				784C15531E8E2D040019D652 /* SessionDownloadTaskDownloadViewController.xib */,
			);
			path = DownloadViewController;
			sourceTree = "<group>";
		};
		784C155F1E8E2FD70019D652 /* HSDownloadManager */ = {
			isa = PBXGroup;
			children = (
				784C15601E8E2FD70019D652 /* HSDownloadManager.h */,
				784C15611E8E2FD70019D652 /* HSDownloadManager.m */,
				784C15621E8E2FD70019D652 /* HSSessionModel.h */,
				784C15631E8E2FD70019D652 /* HSSessionModel.m */,
				784C15641E8E2FD70019D652 /* MD5 */,
			);
			path = HSDownloadManager;
			sourceTree = "<group>";
		};
		784C15641E8E2FD70019D652 /* MD5 */ = {
			isa = PBXGroup;
			children = (
				784C15651E8E2FD70019D652 /* NSString+Hash.h */,
				784C15661E8E2FD70019D652 /* NSString+Hash.m */,
			);
			path = MD5;
			sourceTree = "<group>";
		};
		78590B5F1E08E1B0000F80EF /* Models */ = {
			isa = PBXGroup;
			children = (
				78590B881E091129000F80EF /* AccountInfo.h */,
				78590B891E091129000F80EF /* AccountInfo.m */,
				78590B811E090F73000F80EF /* ResponseModels */,
			);
			path = Models;
			sourceTree = "<group>";
		};
		78590B631E08EE3A000F80EF /* Network */ = {
			isa = PBXGroup;
			children = (
				78590B7B1E0906E6000F80EF /* DingdangHTTPSessionManager.h */,
				78590B7C1E0906E6000F80EF /* DingdangHTTPSessionManager.m */,
				78D026B11E8B9BD2004B666C /* DingdangNetworkClient.h */,
				78D026B21E8B9BD2004B666C /* DingdangNetworkClient.m */,
				78590B781E0906D6000F80EF /* HealthyHTTPSessionManager.h */,
				78590B791E0906D6000F80EF /* HealthyHTTPSessionManager.m */,
				78D026B71E8BA0AF004B666C /* HealthyNetworkClient.h */,
				78D026B81E8BA0AF004B666C /* HealthyNetworkClient.m */,
				78590B641E08EEF0000F80EF /* IjinbuHTTPSessionManager.h */,
				78590B651E08EEF0000F80EF /* IjinbuHTTPSessionManager.m */,
				7803FF531E6D76C100E2594E /* IjinbuNetworkClient.h */,
				7803FF541E6D76C100E2594E /* IjinbuNetworkClient.m */,
				7803FF561E6D7A6A00E2594E /* IjinbuNetworkClient+Login.h */,
				7803FF571E6D7A6A00E2594E /* IjinbuNetworkClient+Login.m */,
				78590B751E0906C3000F80EF /* TestHTTPSessionManager.h */,
				78590B761E0906C3000F80EF /* TestHTTPSessionManager.m */,
				78D026B41E8B9C09004B666C /* TestNetworkClient.h */,
				78D026B51E8B9C09004B666C /* TestNetworkClient.m */,
			);
			path = Network;
			sourceTree = "<group>";
		};
		78590B811E090F73000F80EF /* ResponseModels */ = {
			isa = PBXGroup;
			children = (
				78590B821E090F73000F80EF /* CJResponseModel.h */,
				78590B831E090F73000F80EF /* CJResponseModel.m */,
				78590B841E090F73000F80EF /* IjinbuResponseModel.h */,
				78590B851E090F73000F80EF /* IjinbuResponseModel.m */,
			);
			path = ResponseModels;
			sourceTree = "<group>";
		};
		78D026BD1E8BA741004B666C /* CJNetwork */ = {
			isa = PBXGroup;
			children = (
				784C155F1E8E2FD70019D652 /* HSDownloadManager */,
				784C152B1E8DF0090019D652 /* CJResumeManager */,
				78D026BE1E8BA741004B666C /* AFHTTPSessionManager+CJCategory */,
				78D026CF1E8BA741004B666C /* CJNetworkClient */,
			);
			name = CJNetwork;
			path = ../../CJNetwork;
			sourceTree = "<group>";
		};
		78D026BE1E8BA741004B666C /* AFHTTPSessionManager+CJCategory */ = {
			isa = PBXGroup;
			children = (
				78D026BF1E8BA741004B666C /* AFHTTPSessionManager+CJCacheRequest.h */,
				78D026C01E8BA741004B666C /* AFHTTPSessionManager+CJCacheRequest.m */,
				78D026C11E8BA741004B666C /* AFHTTPSessionManager+CJCategory.h */,
				78D026C21E8BA741004B666C /* AFHTTPSessionManager+CJCategory.m */,
				78D026C31E8BA741004B666C /* Category */,
				78D026C81E8BA741004B666C /* CJJSONResponseSerializer */,
				78D026CB1E8BA741004B666C /* CJRequestCacheDataUtil.h */,
				78D026CC1E8BA741004B666C /* CJRequestCacheDataUtil.m */,
				78D026CD1E8BA741004B666C /* URLRequestUtil.h */,
				78D026CE1E8BA741004B666C /* URLRequestUtil.m */,
			);
			path = "AFHTTPSessionManager+CJCategory";
			sourceTree = "<group>";
		};
		78D026C31E8BA741004B666C /* Category */ = {
			isa = PBXGroup;
			children = (
				78D026C41E8BA741004B666C /* NSString+URLEncoding.h */,
				78D026C51E8BA741004B666C /* NSString+URLEncoding.m */,
				78D026C61E8BA741004B666C /* NSURLSessionTask+CJErrorMessage.h */,
				78D026C71E8BA741004B666C /* NSURLSessionTask+CJErrorMessage.m */,
			);
			path = Category;
			sourceTree = "<group>";
		};
		78D026C81E8BA741004B666C /* CJJSONResponseSerializer */ = {
			isa = PBXGroup;
			children = (
				78D026C91E8BA741004B666C /* CJJSONResponseSerializer.h */,
				78D026CA1E8BA741004B666C /* CJJSONResponseSerializer.m */,
			);
			path = CJJSONResponseSerializer;
			sourceTree = "<group>";
		};
		78D026CF1E8BA741004B666C /* CJNetworkClient */ = {
			isa = PBXGroup;
			children = (
				78D026D01E8BA741004B666C /* CJNetworkClient.h */,
				78D026D11E8BA741004B666C /* CJNetworkClient.m */,
				78D026D21E8BA741004B666C /* CJNetworkClientHTTPSessionManager.h */,
				78D026D31E8BA741004B666C /* CJNetworkClientHTTPSessionManager.m */,
			);
			path = CJNetworkClient;
			sourceTree = "<group>";
		};
		78D026DD1E8BAA66004B666C /* CJCacheManager */ = {
			isa = PBXGroup;
			children = (
				78D026DE1E8BAA66004B666C /* CJCacheDataModel.h */,
				78D026DF1E8BAA66004B666C /* CJCacheDataModel.m */,
				78D026E01E8BAA66004B666C /* CJDiskCacheManager.h */,
				78D026E11E8BAA66004B666C /* CJDiskCacheManager.m */,
				78D026E21E8BAA66004B666C /* CJMemoryCacheManager.h */,
				78D026E31E8BAA66004B666C /* CJMemoryCacheManager.m */,
				78D026E41E8BAA66004B666C /* CJMemoryDiskCacheManager.h */,
				78D026E51E8BAA66004B666C /* CJMemoryDiskCacheManager.m */,
				78D026E61E8BAA66004B666C /* Librarys */,
			);
			name = CJCacheManager;
			path = ../../CJCacheManager;
			sourceTree = "<group>";
		};
		78D026E61E8BAA66004B666C /* Librarys */ = {
			isa = PBXGroup;
			children = (
				78D026E71E8BAA66004B666C /* NSData+Convert.h */,
				78D026E81E8BAA66004B666C /* NSData+Convert.m */,
				78D026E91E8BAA66004B666C /* NSDictionary+Convert.h */,
				78D026EA1E8BAA66004B666C /* NSDictionary+Convert.m */,
				78D026EB1E8BAA66004B666C /* NSString+MD5.h */,
				78D026EC1E8BAA66004B666C /* NSString+MD5.m */,
			);
			path = Librarys;
			sourceTree = "<group>";
		};
		78D026F41E8BAA7A004B666C /* CJNetworkHelper */ = {
			isa = PBXGroup;
			children = (
				78D026F51E8BAA7A004B666C /* CJNetworkMonitor */,
				78D026F81E8BAA7A004B666C /* CommonWebUtil */,
				78D026FB1E8BAA7A004B666C /* Library */,
				78D026FE1E8BAA7A004B666C /* NetworkUtil */,
			);
			name = CJNetworkHelper;
			path = ../../CJNetworkHelper;
			sourceTree = "<group>";
		};
		78D026F51E8BAA7A004B666C /* CJNetworkMonitor */ = {
			isa = PBXGroup;
			children = (
				78D026F61E8BAA7A004B666C /* CJNetworkMonitor.h */,
				78D026F71E8BAA7A004B666C /* CJNetworkMonitor.m */,
			);
			path = CJNetworkMonitor;
			sourceTree = "<group>";
		};
		78D026F81E8BAA7A004B666C /* CommonWebUtil */ = {
			isa = PBXGroup;
			children = (
				78D026F91E8BAA7A004B666C /* CommonWebUtil.h */,
				78D026FA1E8BAA7A004B666C /* CommonWebUtil.m */,
			);
			path = CommonWebUtil;
			sourceTree = "<group>";
		};
		78D026FB1E8BAA7A004B666C /* Library */ = {
			isa = PBXGroup;
			children = (
				78D026FC1E8BAA7A004B666C /* NSString+Encoding.h */,
				78D026FD1E8BAA7A004B666C /* NSString+Encoding.m */,
			);
			path = Library;
			sourceTree = "<group>";
		};
		78D026FE1E8BAA7A004B666C /* NetworkUtil */ = {
			isa = PBXGroup;
			children = (
				78D026FF1E8BAA7A004B666C /* NetworkUtil.h */,
				78D027001E8BAA7A004B666C /* NetworkUtil.m */,
			);
			path = NetworkUtil;
			sourceTree = "<group>";
		};
		801531A51B78675400B82127 /* Controller */ = {
			isa = PBXGroup;
			children = (
				784C15111E8CD8370019D652 /* DownloadDemo */,
				807109DD1B7E17AE00F343F3 /* AsyncSocketTest */,
				801531A61B78675400B82127 /* AFNTest */,
				801531AA1B78675400B82127 /* Login */,
			);
			path = Controller;
			sourceTree = "<group>";
		};
		801531A61B78675400B82127 /* AFNTest */ = {
			isa = PBXGroup;
			children = (
				801531A71B78675400B82127 /* AFNDemoViewController.h */,
				801531A81B78675400B82127 /* AFNDemoViewController.m */,
				801531A91B78675400B82127 /* AFNDemoViewController.xib */,
			);
			path = AFNTest;
			sourceTree = "<group>";
		};
		801531AA1B78675400B82127 /* Login */ = {
			isa = PBXGroup;
			children = (
				78AB6B1C1C01CDD2004404A9 /* Login.storyboard */,
				801531AD1B78675400B82127 /* Login.h */,
				801531AE1B78675400B82127 /* Login.m */,
				801531AB1B78675400B82127 /* Login+Event.h */,
				801531AC1B78675400B82127 /* Login+Event.m */,
				801531AF1B78675400B82127 /* LoginHelper.h */,
				801531B01B78675400B82127 /* LoginHelper.m */,
			);
			path = Login;
			sourceTree = "<group>";
		};
		804F8FB41B3BDF4D00AF11AA = {
			isa = PBXGroup;
			children = (
				804F8FBF1B3BDF4E00AF11AA /* CommonAFNUtilDemo */,
				804F8FD91B3BDF4E00AF11AA /* CommonAFNUtilDemoTests */,
				804F8FBE1B3BDF4E00AF11AA /* Products */,
				684DB7D1E9908C6E4488C1F7 /* Frameworks */,
				53FC3FB9397F9718C19B0F95 /* Pods */,
			);
			sourceTree = "<group>";
		};
		804F8FBE1B3BDF4E00AF11AA /* Products */ = {
			isa = PBXGroup;
			children = (
				804F8FBD1B3BDF4E00AF11AA /* CommonAFNUtilDemo.app */,
				804F8FD61B3BDF4E00AF11AA /* CommonAFNUtilDemoTests.xctest */,
			);
			name = Products;
			sourceTree = "<group>";
		};
		804F8FBF1B3BDF4E00AF11AA /* CommonAFNUtilDemo */ = {
			isa = PBXGroup;
			children = (
				804F8FC41B3BDF4E00AF11AA /* AppDelegate.h */,
				804F8FC51B3BDF4E00AF11AA /* AppDelegate.m */,
				804F8FC71B3BDF4E00AF11AA /* ViewController.h */,
				804F8FC81B3BDF4E00AF11AA /* ViewController.m */,
				78D026F41E8BAA7A004B666C /* CJNetworkHelper */,
				78D026DD1E8BAA66004B666C /* CJCacheManager */,
				78D026BD1E8BA741004B666C /* CJNetwork */,
				78590B631E08EE3A000F80EF /* Network */,
				78590B5F1E08E1B0000F80EF /* Models */,
				804F8FCA1B3BDF4E00AF11AA /* Main.storyboard */,
				804F8FCD1B3BDF4E00AF11AA /* Images.xcassets */,
				804F8FCF1B3BDF4E00AF11AA /* LaunchScreen.xib */,
				801531A51B78675400B82127 /* Controller */,
				808CBA2F1B720C8E00EDFFB9 /* Service */,
				804F8FC01B3BDF4E00AF11AA /* Supporting Files */,
			);
			path = CommonAFNUtilDemo;
			sourceTree = "<group>";
		};
		804F8FC01B3BDF4E00AF11AA /* Supporting Files */ = {
			isa = PBXGroup;
			children = (
				804F8FC11B3BDF4E00AF11AA /* Info.plist */,
				804F8FC21B3BDF4E00AF11AA /* main.m */,
				804F8FF71B3BE84200AF11AA /* CommonAFNUtilDemo.pch */,
			);
			name = "Supporting Files";
			sourceTree = "<group>";
		};
		804F8FD91B3BDF4E00AF11AA /* CommonAFNUtilDemoTests */ = {
			isa = PBXGroup;
			children = (
				804F8FDC1B3BDF4E00AF11AA /* CommonAFNUtilDemoTests.m */,
				804F8FDA1B3BDF4E00AF11AA /* Supporting Files */,
			);
			path = CommonAFNUtilDemoTests;
			sourceTree = "<group>";
		};
		804F8FDA1B3BDF4E00AF11AA /* Supporting Files */ = {
			isa = PBXGroup;
			children = (
				804F8FDB1B3BDF4E00AF11AA /* Info.plist */,
			);
			name = "Supporting Files";
			sourceTree = "<group>";
		};
		807109DD1B7E17AE00F343F3 /* AsyncSocketTest */ = {
			isa = PBXGroup;
			children = (
				807109E31B7E17E900F343F3 /* SocketDemoViewController.h */,
				807109E41B7E17E900F343F3 /* SocketDemoViewController.m */,
				807109E51B7E17E900F343F3 /* SocketDemoViewController.xib */,
			);
			path = AsyncSocketTest;
			sourceTree = "<group>";
		};
		808CBA2F1B720C8E00EDFFB9 /* Service */ = {
			isa = PBXGroup;
			children = (
				808CBA321B720C8E00EDFFB9 /* LoginShareInfo.h */,
				808CBA331B720C8E00EDFFB9 /* LoginShareInfo.m */,
			);
			path = Service;
			sourceTree = "<group>";
		};
/* End PBXGroup section */

/* Begin PBXNativeTarget section */
		804F8FBC1B3BDF4E00AF11AA /* CommonAFNUtilDemo */ = {
			isa = PBXNativeTarget;
			buildConfigurationList = 804F8FE01B3BDF4E00AF11AA /* Build configuration list for PBXNativeTarget "CommonAFNUtilDemo" */;
			buildPhases = (
				3A5F004D09DE712676D93DB4 /* [CP] Check Pods Manifest.lock */,
				804F8FB91B3BDF4E00AF11AA /* Sources */,
				804F8FBA1B3BDF4E00AF11AA /* Frameworks */,
				804F8FBB1B3BDF4E00AF11AA /* Resources */,
				9AA8F6A3EEBAA0E16A50D12B /* [CP] Embed Pods Frameworks */,
				02B6FFD7DB23234DBF67BFFC /* [CP] Copy Pods Resources */,
			);
			buildRules = (
			);
			dependencies = (
			);
			name = CommonAFNUtilDemo;
			productName = CommonAFNUtilDemo;
			productReference = 804F8FBD1B3BDF4E00AF11AA /* CommonAFNUtilDemo.app */;
			productType = "com.apple.product-type.application";
		};
		804F8FD51B3BDF4E00AF11AA /* CommonAFNUtilDemoTests */ = {
			isa = PBXNativeTarget;
			buildConfigurationList = 804F8FE31B3BDF4E00AF11AA /* Build configuration list for PBXNativeTarget "CommonAFNUtilDemoTests" */;
			buildPhases = (
				1BBB60416933B04CBE41A0C0 /* [CP] Check Pods Manifest.lock */,
				804F8FD21B3BDF4E00AF11AA /* Sources */,
				804F8FD31B3BDF4E00AF11AA /* Frameworks */,
				804F8FD41B3BDF4E00AF11AA /* Resources */,
				D020104D8EFA97C69B8A5282 /* [CP] Embed Pods Frameworks */,
				749EC6C4D750CC118BD91678 /* [CP] Copy Pods Resources */,
			);
			buildRules = (
			);
			dependencies = (
				804F8FD81B3BDF4E00AF11AA /* PBXTargetDependency */,
			);
			name = CommonAFNUtilDemoTests;
			productName = CommonAFNUtilDemoTests;
			productReference = 804F8FD61B3BDF4E00AF11AA /* CommonAFNUtilDemoTests.xctest */;
			productType = "com.apple.product-type.bundle.unit-test";
		};
/* End PBXNativeTarget section */

/* Begin PBXProject section */
		804F8FB51B3BDF4D00AF11AA /* Project object */ = {
			isa = PBXProject;
			attributes = {
				LastUpgradeCheck = 0800;
				ORGANIZATIONNAME = ciyouzen;
				TargetAttributes = {
					804F8FBC1B3BDF4E00AF11AA = {
						CreatedOnToolsVersion = 6.2;
					};
					804F8FD51B3BDF4E00AF11AA = {
						CreatedOnToolsVersion = 6.2;
						TestTargetID = 804F8FBC1B3BDF4E00AF11AA;
					};
				};
			};
			buildConfigurationList = 804F8FB81B3BDF4E00AF11AA /* Build configuration list for PBXProject "CommonAFNUtilDemo" */;
			compatibilityVersion = "Xcode 3.2";
			developmentRegion = English;
			hasScannedForEncodings = 0;
			knownRegions = (
				en,
				Base,
			);
			mainGroup = 804F8FB41B3BDF4D00AF11AA;
			productRefGroup = 804F8FBE1B3BDF4E00AF11AA /* Products */;
			projectDirPath = "";
			projectRoot = "";
			targets = (
				804F8FBC1B3BDF4E00AF11AA /* CommonAFNUtilDemo */,
				804F8FD51B3BDF4E00AF11AA /* CommonAFNUtilDemoTests */,
			);
		};
/* End PBXProject section */

/* Begin PBXResourcesBuildPhase section */
		804F8FBB1B3BDF4E00AF11AA /* Resources */ = {
			isa = PBXResourcesBuildPhase;
			buildActionMask = 2147483647;
			files = (
				784C15461E8E2CC50019D652 /* DownloadListViewController.xib in Resources */,
				804F8FCC1B3BDF4E00AF11AA /* Main.storyboard in Resources */,
				801531B21B78675400B82127 /* AFNDemoViewController.xib in Resources */,
				784C15561E8E2D040019D652 /* BaseDownloadViewController.xib in Resources */,
				78AB6B1D1C01CDD2004404A9 /* Login.storyboard in Resources */,
				807109E71B7E17E900F343F3 /* SocketDemoViewController.xib in Resources */,
				804F8FD11B3BDF4E00AF11AA /* LaunchScreen.xib in Resources */,
				784C15591E8E2D040019D652 /* SessionDownloadTaskDownloadViewController.xib in Resources */,
				784C155E1E8E2DB60019D652 /* DownloadHomeViewController.xib in Resources */,
				804F8FCE1B3BDF4E00AF11AA /* Images.xcassets in Resources */,
				784C15481E8E2CC50019D652 /* DownloadTableViewCell.xib in Resources */,
			);
			runOnlyForDeploymentPostprocessing = 0;
		};
		804F8FD41B3BDF4E00AF11AA /* Resources */ = {
			isa = PBXResourcesBuildPhase;
			buildActionMask = 2147483647;
			files = (
			);
			runOnlyForDeploymentPostprocessing = 0;
		};
/* End PBXResourcesBuildPhase section */

/* Begin PBXShellScriptBuildPhase section */
		02B6FFD7DB23234DBF67BFFC /* [CP] Copy Pods Resources */ = {
			isa = PBXShellScriptBuildPhase;
			buildActionMask = 2147483647;
			files = (
			);
			inputPaths = (
			);
			name = "[CP] Copy Pods Resources";
			outputPaths = (
			);
			runOnlyForDeploymentPostprocessing = 0;
			shellPath = /bin/sh;
			shellScript = "\"${SRCROOT}/Pods/Target Support Files/Pods-CommonAFNUtilDemo/Pods-CommonAFNUtilDemo-resources.sh\"\n";
			showEnvVarsInLog = 0;
		};
		1BBB60416933B04CBE41A0C0 /* [CP] Check Pods Manifest.lock */ = {
			isa = PBXShellScriptBuildPhase;
			buildActionMask = 2147483647;
			files = (
			);
			inputPaths = (
			);
			name = "[CP] Check Pods Manifest.lock";
			outputPaths = (
			);
			runOnlyForDeploymentPostprocessing = 0;
			shellPath = /bin/sh;
			shellScript = "diff \"${PODS_ROOT}/../Podfile.lock\" \"${PODS_ROOT}/Manifest.lock\" > /dev/null\nif [ $? != 0 ] ; then\n    # print error to STDERR\n    echo \"error: The sandbox is not in sync with the Podfile.lock. Run 'pod install' or update your CocoaPods installation.\" >&2\n    exit 1\nfi\n";
			showEnvVarsInLog = 0;
		};
		3A5F004D09DE712676D93DB4 /* [CP] Check Pods Manifest.lock */ = {
			isa = PBXShellScriptBuildPhase;
			buildActionMask = 2147483647;
			files = (
			);
			inputPaths = (
			);
			name = "[CP] Check Pods Manifest.lock";
			outputPaths = (
			);
			runOnlyForDeploymentPostprocessing = 0;
			shellPath = /bin/sh;
			shellScript = "diff \"${PODS_ROOT}/../Podfile.lock\" \"${PODS_ROOT}/Manifest.lock\" > /dev/null\nif [ $? != 0 ] ; then\n    # print error to STDERR\n    echo \"error: The sandbox is not in sync with the Podfile.lock. Run 'pod install' or update your CocoaPods installation.\" >&2\n    exit 1\nfi\n";
			showEnvVarsInLog = 0;
		};
		749EC6C4D750CC118BD91678 /* [CP] Copy Pods Resources */ = {
			isa = PBXShellScriptBuildPhase;
			buildActionMask = 2147483647;
			files = (
			);
			inputPaths = (
			);
			name = "[CP] Copy Pods Resources";
			outputPaths = (
			);
			runOnlyForDeploymentPostprocessing = 0;
			shellPath = /bin/sh;
			shellScript = "\"${SRCROOT}/Pods/Target Support Files/Pods-CommonAFNUtilDemoTests/Pods-CommonAFNUtilDemoTests-resources.sh\"\n";
			showEnvVarsInLog = 0;
		};
		9AA8F6A3EEBAA0E16A50D12B /* [CP] Embed Pods Frameworks */ = {
			isa = PBXShellScriptBuildPhase;
			buildActionMask = 2147483647;
			files = (
			);
			inputPaths = (
			);
			name = "[CP] Embed Pods Frameworks";
			outputPaths = (
			);
			runOnlyForDeploymentPostprocessing = 0;
			shellPath = /bin/sh;
			shellScript = "\"${SRCROOT}/Pods/Target Support Files/Pods-CommonAFNUtilDemo/Pods-CommonAFNUtilDemo-frameworks.sh\"\n";
			showEnvVarsInLog = 0;
		};
		D020104D8EFA97C69B8A5282 /* [CP] Embed Pods Frameworks */ = {
			isa = PBXShellScriptBuildPhase;
			buildActionMask = 2147483647;
			files = (
			);
			inputPaths = (
			);
			name = "[CP] Embed Pods Frameworks";
			outputPaths = (
			);
			runOnlyForDeploymentPostprocessing = 0;
			shellPath = /bin/sh;
			shellScript = "\"${SRCROOT}/Pods/Target Support Files/Pods-CommonAFNUtilDemoTests/Pods-CommonAFNUtilDemoTests-frameworks.sh\"\n";
			showEnvVarsInLog = 0;
		};
/* End PBXShellScriptBuildPhase section */

/* Begin PBXSourcesBuildPhase section */
		804F8FB91B3BDF4E00AF11AA /* Sources */ = {
			isa = PBXSourcesBuildPhase;
			buildActionMask = 2147483647;
			files = (
				78D027031E8BAA7A004B666C /* NSString+Encoding.m in Sources */,
				801531B51B78675400B82127 /* LoginHelper.m in Sources */,
				784C15541E8E2D040019D652 /* AFDownloadViewController.m in Sources */,
				784C15681E8E2FD70019D652 /* HSSessionModel.m in Sources */,
				78D026DC1E8BA742004B666C /* CJNetworkClientHTTPSessionManager.m in Sources */,
				78D026B31E8B9BD2004B666C /* DingdangNetworkClient.m in Sources */,
				78590B7A1E0906D6000F80EF /* HealthyHTTPSessionManager.m in Sources */,
				784C15671E8E2FD70019D652 /* HSDownloadManager.m in Sources */,
				78590B8A1E091129000F80EF /* AccountInfo.m in Sources */,
				78D026D61E8BA741004B666C /* NSString+URLEncoding.m in Sources */,
				78D026ED1E8BAA66004B666C /* CJCacheDataModel.m in Sources */,
				78D026D81E8BA741004B666C /* CJJSONResponseSerializer.m in Sources */,
				804F8FC91B3BDF4E00AF11AA /* ViewController.m in Sources */,
				78590B871E090F73000F80EF /* IjinbuResponseModel.m in Sources */,
				78D026D91E8BA741004B666C /* CJRequestCacheDataUtil.m in Sources */,
				78D026F21E8BAA66004B666C /* NSDictionary+Convert.m in Sources */,
				78D026DA1E8BA741004B666C /* URLRequestUtil.m in Sources */,
				784C15581E8E2D040019D652 /* SessionDownloadTaskDownloadViewController.m in Sources */,
				78590B771E0906C3000F80EF /* TestHTTPSessionManager.m in Sources */,
				784C15451E8E2CC50019D652 /* DownloadListViewController.m in Sources */,
				78D026F31E8BAA66004B666C /* NSString+MD5.m in Sources */,
				78D026B91E8BA0AF004B666C /* HealthyNetworkClient.m in Sources */,
				801531B31B78675400B82127 /* Login+Event.m in Sources */,
				78D027021E8BAA7A004B666C /* CommonWebUtil.m in Sources */,
				801531B41B78675400B82127 /* Login.m in Sources */,
				784C152E1E8DF0090019D652 /* MQLResumeManager.m in Sources */,
				784C15551E8E2D040019D652 /* BaseDownloadViewController.m in Sources */,
				7803FF551E6D76C100E2594E /* IjinbuNetworkClient.m in Sources */,
				807109E61B7E17E900F343F3 /* SocketDemoViewController.m in Sources */,
				78D026F01E8BAA66004B666C /* CJMemoryDiskCacheManager.m in Sources */,
				804F8FC61B3BDF4E00AF11AA /* AppDelegate.m in Sources */,
				784C15471E8E2CC50019D652 /* DownloadTableViewCell.m in Sources */,
				784C15571E8E2D040019D652 /* SessionDataTaskDownloadViewController.m in Sources */,
				784C15691E8E2FD70019D652 /* NSString+Hash.m in Sources */,
				78590B861E090F73000F80EF /* CJResponseModel.m in Sources */,
				804F8FC31B3BDF4E00AF11AA /* main.m in Sources */,
				78D026EF1E8BAA66004B666C /* CJMemoryCacheManager.m in Sources */,
				7803FF581E6D7A6A00E2594E /* IjinbuNetworkClient+Login.m in Sources */,
				78D026D41E8BA741004B666C /* AFHTTPSessionManager+CJCacheRequest.m in Sources */,
				78D026F11E8BAA66004B666C /* NSData+Convert.m in Sources */,
				78D026EE1E8BAA66004B666C /* CJDiskCacheManager.m in Sources */,
				78590B661E08EEF0000F80EF /* IjinbuHTTPSessionManager.m in Sources */,
				801531B11B78675400B82127 /* AFNDemoViewController.m in Sources */,
				78D026B61E8B9C09004B666C /* TestNetworkClient.m in Sources */,
				78D027011E8BAA7A004B666C /* CJNetworkMonitor.m in Sources */,
				78D026DB1E8BA742004B666C /* CJNetworkClient.m in Sources */,
				784C155D1E8E2DB60019D652 /* DownloadHomeViewController.m in Sources */,
				78D027041E8BAA7A004B666C /* NetworkUtil.m in Sources */,
				78D026D51E8BA741004B666C /* AFHTTPSessionManager+CJCategory.m in Sources */,
				808CBA351B720C8E00EDFFB9 /* LoginShareInfo.m in Sources */,
				78D026D71E8BA741004B666C /* NSURLSessionTask+CJErrorMessage.m in Sources */,
				78590B7D1E0906E6000F80EF /* DingdangHTTPSessionManager.m in Sources */,
			);
			runOnlyForDeploymentPostprocessing = 0;
		};
		804F8FD21B3BDF4E00AF11AA /* Sources */ = {
			isa = PBXSourcesBuildPhase;
			buildActionMask = 2147483647;
			files = (
				804F8FDD1B3BDF4E00AF11AA /* CommonAFNUtilDemoTests.m in Sources */,
			);
			runOnlyForDeploymentPostprocessing = 0;
		};
/* End PBXSourcesBuildPhase section */

/* Begin PBXTargetDependency section */
		804F8FD81B3BDF4E00AF11AA /* PBXTargetDependency */ = {
			isa = PBXTargetDependency;
			target = 804F8FBC1B3BDF4E00AF11AA /* CommonAFNUtilDemo */;
			targetProxy = 804F8FD71B3BDF4E00AF11AA /* PBXContainerItemProxy */;
		};
/* End PBXTargetDependency section */

/* Begin PBXVariantGroup section */
		804F8FCA1B3BDF4E00AF11AA /* Main.storyboard */ = {
			isa = PBXVariantGroup;
			children = (
				804F8FCB1B3BDF4E00AF11AA /* Base */,
			);
			name = Main.storyboard;
			sourceTree = "<group>";
		};
		804F8FCF1B3BDF4E00AF11AA /* LaunchScreen.xib */ = {
			isa = PBXVariantGroup;
			children = (
				804F8FD01B3BDF4E00AF11AA /* Base */,
			);
			name = LaunchScreen.xib;
			sourceTree = "<group>";
		};
/* End PBXVariantGroup section */

/* Begin XCBuildConfiguration section */
		804F8FDE1B3BDF4E00AF11AA /* Debug */ = {
			isa = XCBuildConfiguration;
			buildSettings = {
				ALWAYS_SEARCH_USER_PATHS = NO;
				CLANG_CXX_LANGUAGE_STANDARD = "gnu++0x";
				CLANG_CXX_LIBRARY = "libc++";
				CLANG_ENABLE_MODULES = YES;
				CLANG_ENABLE_OBJC_ARC = YES;
				CLANG_WARN_BOOL_CONVERSION = YES;
				CLANG_WARN_CONSTANT_CONVERSION = YES;
				CLANG_WARN_DIRECT_OBJC_ISA_USAGE = YES_ERROR;
				CLANG_WARN_EMPTY_BODY = YES;
				CLANG_WARN_ENUM_CONVERSION = YES;
				CLANG_WARN_INFINITE_RECURSION = YES;
				CLANG_WARN_INT_CONVERSION = YES;
				CLANG_WARN_OBJC_ROOT_CLASS = YES_ERROR;
				CLANG_WARN_SUSPICIOUS_MOVE = YES;
				CLANG_WARN_UNREACHABLE_CODE = YES;
				CLANG_WARN__DUPLICATE_METHOD_MATCH = YES;
				"CODE_SIGN_IDENTITY[sdk=iphoneos*]" = "iPhone Developer";
				COPY_PHASE_STRIP = NO;
				ENABLE_STRICT_OBJC_MSGSEND = YES;
				ENABLE_TESTABILITY = YES;
				GCC_C_LANGUAGE_STANDARD = gnu99;
				GCC_DYNAMIC_NO_PIC = NO;
				GCC_NO_COMMON_BLOCKS = YES;
				GCC_OPTIMIZATION_LEVEL = 0;
				GCC_PREPROCESSOR_DEFINITIONS = (
					"DEBUG=1",
					"$(inherited)",
				);
				GCC_SYMBOLS_PRIVATE_EXTERN = NO;
				GCC_WARN_64_TO_32_BIT_CONVERSION = YES;
				GCC_WARN_ABOUT_RETURN_TYPE = YES_ERROR;
				GCC_WARN_UNDECLARED_SELECTOR = YES;
				GCC_WARN_UNINITIALIZED_AUTOS = YES_AGGRESSIVE;
				GCC_WARN_UNUSED_FUNCTION = YES;
				GCC_WARN_UNUSED_VARIABLE = YES;
				IPHONEOS_DEPLOYMENT_TARGET = 8.2;
				MTL_ENABLE_DEBUG_INFO = YES;
				ONLY_ACTIVE_ARCH = YES;
				SDKROOT = iphoneos;
			};
			name = Debug;
		};
		804F8FDF1B3BDF4E00AF11AA /* Release */ = {
			isa = XCBuildConfiguration;
			buildSettings = {
				ALWAYS_SEARCH_USER_PATHS = NO;
				CLANG_CXX_LANGUAGE_STANDARD = "gnu++0x";
				CLANG_CXX_LIBRARY = "libc++";
				CLANG_ENABLE_MODULES = YES;
				CLANG_ENABLE_OBJC_ARC = YES;
				CLANG_WARN_BOOL_CONVERSION = YES;
				CLANG_WARN_CONSTANT_CONVERSION = YES;
				CLANG_WARN_DIRECT_OBJC_ISA_USAGE = YES_ERROR;
				CLANG_WARN_EMPTY_BODY = YES;
				CLANG_WARN_ENUM_CONVERSION = YES;
				CLANG_WARN_INFINITE_RECURSION = YES;
				CLANG_WARN_INT_CONVERSION = YES;
				CLANG_WARN_OBJC_ROOT_CLASS = YES_ERROR;
				CLANG_WARN_SUSPICIOUS_MOVE = YES;
				CLANG_WARN_UNREACHABLE_CODE = YES;
				CLANG_WARN__DUPLICATE_METHOD_MATCH = YES;
				"CODE_SIGN_IDENTITY[sdk=iphoneos*]" = "iPhone Developer";
				COPY_PHASE_STRIP = NO;
				ENABLE_NS_ASSERTIONS = NO;
				ENABLE_STRICT_OBJC_MSGSEND = YES;
				GCC_C_LANGUAGE_STANDARD = gnu99;
				GCC_NO_COMMON_BLOCKS = YES;
				GCC_WARN_64_TO_32_BIT_CONVERSION = YES;
				GCC_WARN_ABOUT_RETURN_TYPE = YES_ERROR;
				GCC_WARN_UNDECLARED_SELECTOR = YES;
				GCC_WARN_UNINITIALIZED_AUTOS = YES_AGGRESSIVE;
				GCC_WARN_UNUSED_FUNCTION = YES;
				GCC_WARN_UNUSED_VARIABLE = YES;
				IPHONEOS_DEPLOYMENT_TARGET = 8.2;
				MTL_ENABLE_DEBUG_INFO = NO;
				SDKROOT = iphoneos;
				VALIDATE_PRODUCT = YES;
			};
			name = Release;
		};
		804F8FE11B3BDF4E00AF11AA /* Debug */ = {
			isa = XCBuildConfiguration;
			baseConfigurationReference = 4DF147B794DABA1B3B749FCD /* Pods-CommonAFNUtilDemo.debug.xcconfig */;
			buildSettings = {
				ASSETCATALOG_COMPILER_APPICON_NAME = AppIcon;
				GCC_PRECOMPILE_PREFIX_HEADER = YES;
				GCC_PREFIX_HEADER = "$(SRCROOT)/CommonAFNUtilDemo/CommonAFNUtilDemo.pch";
				INFOPLIST_FILE = CommonAFNUtilDemo/Info.plist;
				LD_RUNPATH_SEARCH_PATHS = "$(inherited) @executable_path/Frameworks";
				PRODUCT_BUNDLE_IDENTIFIER = "com.health.$(PRODUCT_NAME:rfc1034identifier)";
				PRODUCT_NAME = "$(TARGET_NAME)";
			};
			name = Debug;
		};
		804F8FE21B3BDF4E00AF11AA /* Release */ = {
			isa = XCBuildConfiguration;
			baseConfigurationReference = 4204150C2F919C31E2F10C0F /* Pods-CommonAFNUtilDemo.release.xcconfig */;
			buildSettings = {
				ASSETCATALOG_COMPILER_APPICON_NAME = AppIcon;
				GCC_PRECOMPILE_PREFIX_HEADER = YES;
				GCC_PREFIX_HEADER = "$(SRCROOT)/CommonAFNUtilDemo/CommonAFNUtilDemo.pch";
				INFOPLIST_FILE = CommonAFNUtilDemo/Info.plist;
				LD_RUNPATH_SEARCH_PATHS = "$(inherited) @executable_path/Frameworks";
				PRODUCT_BUNDLE_IDENTIFIER = "com.health.$(PRODUCT_NAME:rfc1034identifier)";
				PRODUCT_NAME = "$(TARGET_NAME)";
			};
			name = Release;
		};
		804F8FE41B3BDF4E00AF11AA /* Debug */ = {
			isa = XCBuildConfiguration;
			baseConfigurationReference = A73866BDADA130D8CFFD9AEF /* Pods-CommonAFNUtilDemoTests.debug.xcconfig */;
			buildSettings = {
				BUNDLE_LOADER = "$(TEST_HOST)";
				FRAMEWORK_SEARCH_PATHS = (
					"$(SDKROOT)/Developer/Library/Frameworks",
					"$(inherited)",
				);
				GCC_PREPROCESSOR_DEFINITIONS = (
					"DEBUG=1",
					"$(inherited)",
				);
				INFOPLIST_FILE = CommonAFNUtilDemoTests/Info.plist;
				LD_RUNPATH_SEARCH_PATHS = "$(inherited) @executable_path/Frameworks @loader_path/Frameworks";
				PRODUCT_BUNDLE_IDENTIFIER = "com.ciyouzen.$(PRODUCT_NAME:rfc1034identifier)";
				PRODUCT_NAME = "$(TARGET_NAME)";
				TEST_HOST = "$(BUILT_PRODUCTS_DIR)/CommonAFNUtilDemo.app/CommonAFNUtilDemo";
			};
			name = Debug;
		};
		804F8FE51B3BDF4E00AF11AA /* Release */ = {
			isa = XCBuildConfiguration;
			baseConfigurationReference = 8466B89648C8AB42EFAD5B0E /* Pods-CommonAFNUtilDemoTests.release.xcconfig */;
			buildSettings = {
				BUNDLE_LOADER = "$(TEST_HOST)";
				FRAMEWORK_SEARCH_PATHS = (
					"$(SDKROOT)/Developer/Library/Frameworks",
					"$(inherited)",
				);
				INFOPLIST_FILE = CommonAFNUtilDemoTests/Info.plist;
				LD_RUNPATH_SEARCH_PATHS = "$(inherited) @executable_path/Frameworks @loader_path/Frameworks";
				PRODUCT_BUNDLE_IDENTIFIER = "com.ciyouzen.$(PRODUCT_NAME:rfc1034identifier)";
				PRODUCT_NAME = "$(TARGET_NAME)";
				TEST_HOST = "$(BUILT_PRODUCTS_DIR)/CommonAFNUtilDemo.app/CommonAFNUtilDemo";
			};
			name = Release;
		};
/* End XCBuildConfiguration section */

/* Begin XCConfigurationList section */
		804F8FB81B3BDF4E00AF11AA /* Build configuration list for PBXProject "CommonAFNUtilDemo" */ = {
			isa = XCConfigurationList;
			buildConfigurations = (
				804F8FDE1B3BDF4E00AF11AA /* Debug */,
				804F8FDF1B3BDF4E00AF11AA /* Release */,
			);
			defaultConfigurationIsVisible = 0;
			defaultConfigurationName = Release;
		};
		804F8FE01B3BDF4E00AF11AA /* Build configuration list for PBXNativeTarget "CommonAFNUtilDemo" */ = {
			isa = XCConfigurationList;
			buildConfigurations = (
				804F8FE11B3BDF4E00AF11AA /* Debug */,
				804F8FE21B3BDF4E00AF11AA /* Release */,
			);
			defaultConfigurationIsVisible = 0;
			defaultConfigurationName = Release;
		};
		804F8FE31B3BDF4E00AF11AA /* Build configuration list for PBXNativeTarget "CommonAFNUtilDemoTests" */ = {
			isa = XCConfigurationList;
			buildConfigurations = (
				804F8FE41B3BDF4E00AF11AA /* Debug */,
				804F8FE51B3BDF4E00AF11AA /* Release */,
			);
			defaultConfigurationIsVisible = 0;
			defaultConfigurationName = Release;
		};
/* End XCConfigurationList section */
	};
	rootObject = 804F8FB51B3BDF4D00AF11AA /* Project object */;
}
